// !$*UTF8*$!
{
	archiveVersion = 1;
	classes = {
	};
	objectVersion = 50;
	objects = {

/* Begin PBXBuildFile section */
		3FDFFD4B099728A1D31E01D5 /* Pods_ModifyMakeup.framework in Frameworks */ = {isa = PBXBuildFile; fileRef = 4553C2926E7B9C34516251FE /* Pods_ModifyMakeup.framework */; };
		4138296A228132E100793AFC /* AppDelegate.m in Sources */ = {isa = PBXBuildFile; fileRef = 41382969228132E100793AFC /* AppDelegate.m */; };
		41382972228132E300793AFC /* Assets.xcassets in Resources */ = {isa = PBXBuildFile; fileRef = 41382971228132E300793AFC /* Assets.xcassets */; };
		41382975228132E300793AFC /* LaunchScreen.storyboard in Resources */ = {isa = PBXBuildFile; fileRef = 41382973228132E300793AFC /* LaunchScreen.storyboard */; };
		41382978228132E300793AFC /* main.m in Sources */ = {isa = PBXBuildFile; fileRef = 41382977228132E300793AFC /* main.m */; };
		41382982228132E300793AFC /* ModifyMakeupTests.m in Sources */ = {isa = PBXBuildFile; fileRef = 41382981228132E300793AFC /* ModifyMakeupTests.m */; };
		4138298D228132E300793AFC /* ModifyMakeupUITests.m in Sources */ = {isa = PBXBuildFile; fileRef = 4138298C228132E300793AFC /* ModifyMakeupUITests.m */; };
		413829B5228137E200793AFC /* BHServiceManager.m in Sources */ = {isa = PBXBuildFile; fileRef = 4138299C228137E200793AFC /* BHServiceManager.m */; };
		413829B6228137E200793AFC /* BHServiceManager.m in Sources */ = {isa = PBXBuildFile; fileRef = 4138299C228137E200793AFC /* BHServiceManager.m */; };
		413829B7228137E200793AFC /* BHServiceManager.m in Sources */ = {isa = PBXBuildFile; fileRef = 4138299C228137E200793AFC /* BHServiceManager.m */; };
		413829B8228137E200793AFC /* BeeHive.bundle in Resources */ = {isa = PBXBuildFile; fileRef = 4138299D228137E200793AFC /* BeeHive.bundle */; };
		413829B9228137E200793AFC /* BeeHive.bundle in Resources */ = {isa = PBXBuildFile; fileRef = 4138299D228137E200793AFC /* BeeHive.bundle */; };
		413829BA228137E200793AFC /* BeeHive.bundle in Resources */ = {isa = PBXBuildFile; fileRef = 4138299D228137E200793AFC /* BeeHive.bundle */; };
		413829BB228137E200793AFC /* BHAnnotation.m in Sources */ = {isa = PBXBuildFile; fileRef = 4138299F228137E200793AFC /* BHAnnotation.m */; };
		413829BC228137E200793AFC /* BHAnnotation.m in Sources */ = {isa = PBXBuildFile; fileRef = 4138299F228137E200793AFC /* BHAnnotation.m */; };
		413829BD228137E200793AFC /* BHAnnotation.m in Sources */ = {isa = PBXBuildFile; fileRef = 4138299F228137E200793AFC /* BHAnnotation.m */; };
		413829BE228137E200793AFC /* BHWatchDog.m in Sources */ = {isa = PBXBuildFile; fileRef = 413829A2228137E200793AFC /* BHWatchDog.m */; };
		413829BF228137E200793AFC /* BHWatchDog.m in Sources */ = {isa = PBXBuildFile; fileRef = 413829A2228137E200793AFC /* BHWatchDog.m */; };
		413829C0228137E200793AFC /* BHWatchDog.m in Sources */ = {isa = PBXBuildFile; fileRef = 413829A2228137E200793AFC /* BHWatchDog.m */; };
		413829C1228137E200793AFC /* BeeHive.m in Sources */ = {isa = PBXBuildFile; fileRef = 413829A3228137E200793AFC /* BeeHive.m */; };
		413829C2228137E200793AFC /* BeeHive.m in Sources */ = {isa = PBXBuildFile; fileRef = 413829A3228137E200793AFC /* BeeHive.m */; };
		413829C3228137E200793AFC /* BeeHive.m in Sources */ = {isa = PBXBuildFile; fileRef = 413829A3228137E200793AFC /* BeeHive.m */; };
		413829C4228137E200793AFC /* BHModuleManager.m in Sources */ = {isa = PBXBuildFile; fileRef = 413829A5228137E200793AFC /* BHModuleManager.m */; };
		413829C5228137E200793AFC /* BHModuleManager.m in Sources */ = {isa = PBXBuildFile; fileRef = 413829A5228137E200793AFC /* BHModuleManager.m */; };
		413829C6228137E200793AFC /* BHModuleManager.m in Sources */ = {isa = PBXBuildFile; fileRef = 413829A5228137E200793AFC /* BHModuleManager.m */; };
		413829C7228137E200793AFC /* BHConfig.m in Sources */ = {isa = PBXBuildFile; fileRef = 413829A6228137E200793AFC /* BHConfig.m */; };
		413829C8228137E200793AFC /* BHConfig.m in Sources */ = {isa = PBXBuildFile; fileRef = 413829A6228137E200793AFC /* BHConfig.m */; };
		413829C9228137E200793AFC /* BHConfig.m in Sources */ = {isa = PBXBuildFile; fileRef = 413829A6228137E200793AFC /* BHConfig.m */; };
		413829CA228137E200793AFC /* BeeHive-Info.plist in Resources */ = {isa = PBXBuildFile; fileRef = 413829A8228137E200793AFC /* BeeHive-Info.plist */; };
		413829CB228137E200793AFC /* BeeHive-Info.plist in Resources */ = {isa = PBXBuildFile; fileRef = 413829A8228137E200793AFC /* BeeHive-Info.plist */; };
		413829CC228137E200793AFC /* BeeHive-Info.plist in Resources */ = {isa = PBXBuildFile; fileRef = 413829A8228137E200793AFC /* BeeHive-Info.plist */; };
		413829CD228137E200793AFC /* BHAppDelegate.m in Sources */ = {isa = PBXBuildFile; fileRef = 413829AA228137E200793AFC /* BHAppDelegate.m */; };
		413829CE228137E200793AFC /* BHAppDelegate.m in Sources */ = {isa = PBXBuildFile; fileRef = 413829AA228137E200793AFC /* BHAppDelegate.m */; };
		413829CF228137E200793AFC /* BHAppDelegate.m in Sources */ = {isa = PBXBuildFile; fileRef = 413829AA228137E200793AFC /* BHAppDelegate.m */; };
		413829D0228137E200793AFC /* BHTimeProfiler.m in Sources */ = {isa = PBXBuildFile; fileRef = 413829AD228137E200793AFC /* BHTimeProfiler.m */; };
		413829D1228137E200793AFC /* BHTimeProfiler.m in Sources */ = {isa = PBXBuildFile; fileRef = 413829AD228137E200793AFC /* BHTimeProfiler.m */; };
		413829D2228137E200793AFC /* BHTimeProfiler.m in Sources */ = {isa = PBXBuildFile; fileRef = 413829AD228137E200793AFC /* BHTimeProfiler.m */; };
		413829D3228137E200793AFC /* BHContext.m in Sources */ = {isa = PBXBuildFile; fileRef = 413829B0228137E200793AFC /* BHContext.m */; };
		413829D4228137E200793AFC /* BHContext.m in Sources */ = {isa = PBXBuildFile; fileRef = 413829B0228137E200793AFC /* BHContext.m */; };
		413829D5228137E200793AFC /* BHContext.m in Sources */ = {isa = PBXBuildFile; fileRef = 413829B0228137E200793AFC /* BHContext.m */; };
		413829DB2281389E00793AFC /* MMBaseViewController.m in Sources */ = {isa = PBXBuildFile; fileRef = 413829DA2281389E00793AFC /* MMBaseViewController.m */; };
		413829DC2281389E00793AFC /* MMBaseViewController.m in Sources */ = {isa = PBXBuildFile; fileRef = 413829DA2281389E00793AFC /* MMBaseViewController.m */; };
		413829DD2281389E00793AFC /* MMBaseViewController.m in Sources */ = {isa = PBXBuildFile; fileRef = 413829DA2281389E00793AFC /* MMBaseViewController.m */; };
		413829E2228138D000793AFC /* MMMainViewController.m in Sources */ = {isa = PBXBuildFile; fileRef = 413829E1228138D000793AFC /* MMMainViewController.m */; };
		413829E3228138D000793AFC /* MMMainViewController.m in Sources */ = {isa = PBXBuildFile; fileRef = 413829E1228138D000793AFC /* MMMainViewController.m */; };
		413829E4228138D000793AFC /* MMMainViewController.m in Sources */ = {isa = PBXBuildFile; fileRef = 413829E1228138D000793AFC /* MMMainViewController.m */; };
		413829E72281391100793AFC /* MMBaseView.m in Sources */ = {isa = PBXBuildFile; fileRef = 413829E62281391100793AFC /* MMBaseView.m */; };
		413829E82281391100793AFC /* MMBaseView.m in Sources */ = {isa = PBXBuildFile; fileRef = 413829E62281391100793AFC /* MMBaseView.m */; };
		413829E92281391100793AFC /* MMBaseView.m in Sources */ = {isa = PBXBuildFile; fileRef = 413829E62281391100793AFC /* MMBaseView.m */; };
		413829EC2281391F00793AFC /* MMMainView.m in Sources */ = {isa = PBXBuildFile; fileRef = 413829EB2281391F00793AFC /* MMMainView.m */; };
		413829ED2281391F00793AFC /* MMMainView.m in Sources */ = {isa = PBXBuildFile; fileRef = 413829EB2281391F00793AFC /* MMMainView.m */; };
		413829EE2281391F00793AFC /* MMMainView.m in Sources */ = {isa = PBXBuildFile; fileRef = 413829EB2281391F00793AFC /* MMMainView.m */; };
		413829F22281534F00793AFC /* MMMainToolView.m in Sources */ = {isa = PBXBuildFile; fileRef = 413829F12281534F00793AFC /* MMMainToolView.m */; };
		413829F5228153DD00793AFC /* MMainTakeView.m in Sources */ = {isa = PBXBuildFile; fileRef = 413829F4228153DD00793AFC /* MMainTakeView.m */; };
		413829F82281557700793AFC /* MMPhotoLayerView.m in Sources */ = {isa = PBXBuildFile; fileRef = 413829F72281557700793AFC /* MMPhotoLayerView.m */; };
		413829FD2281563300793AFC /* UIView+MMAdd.m in Sources */ = {isa = PBXBuildFile; fileRef = 413829FC2281563300793AFC /* UIView+MMAdd.m */; };
		41382A0022815FF800793AFC /* CommonDefine.m in Sources */ = {isa = PBXBuildFile; fileRef = 413829FF22815FF800793AFC /* CommonDefine.m */; };
		41382A05228171DA00793AFC /* UIColor+MMAdd.m in Sources */ = {isa = PBXBuildFile; fileRef = 41382A04228171DA00793AFC /* UIColor+MMAdd.m */; };
		41382A0922817C7E00793AFC /* MMModifyViewController.m in Sources */ = {isa = PBXBuildFile; fileRef = 41382A0822817C7E00793AFC /* MMModifyViewController.m */; };
		41382A0C22817C9400793AFC /* MMModifyView.m in Sources */ = {isa = PBXBuildFile; fileRef = 41382A0B22817C9400793AFC /* MMModifyView.m */; };
		41382A0F2281881100793AFC /* MMModifyCateogryView.m in Sources */ = {isa = PBXBuildFile; fileRef = 41382A0E2281881100793AFC /* MMModifyCateogryView.m */; };
		72B46E470089ED48236CF8FE /* Pods_ModifyMakeupTests.framework in Frameworks */ = {isa = PBXBuildFile; fileRef = 147988E781194D30516A3998 /* Pods_ModifyMakeupTests.framework */; };
		BE4D9156226DB264DD33C7F6 /* Pods_ModifyMakeupUITests.framework in Frameworks */ = {isa = PBXBuildFile; fileRef = 198289F9ED5786AB0FBD7E75 /* Pods_ModifyMakeupUITests.framework */; };
/* End PBXBuildFile section */

/* Begin PBXContainerItemProxy section */
		4138297E228132E300793AFC /* PBXContainerItemProxy */ = {
			isa = PBXContainerItemProxy;
			containerPortal = 4138295D228132E100793AFC /* Project object */;
			proxyType = 1;
			remoteGlobalIDString = 41382964228132E100793AFC;
			remoteInfo = ModifyMakeup;
		};
		41382989228132E300793AFC /* PBXContainerItemProxy */ = {
			isa = PBXContainerItemProxy;
			containerPortal = 4138295D228132E100793AFC /* Project object */;
			proxyType = 1;
			remoteGlobalIDString = 41382964228132E100793AFC;
			remoteInfo = ModifyMakeup;
		};
/* End PBXContainerItemProxy section */

/* Begin PBXFileReference section */
		147988E781194D30516A3998 /* Pods_ModifyMakeupTests.framework */ = {isa = PBXFileReference; explicitFileType = wrapper.framework; includeInIndex = 0; path = Pods_ModifyMakeupTests.framework; sourceTree = BUILT_PRODUCTS_DIR; };
		198289F9ED5786AB0FBD7E75 /* Pods_ModifyMakeupUITests.framework */ = {isa = PBXFileReference; explicitFileType = wrapper.framework; includeInIndex = 0; path = Pods_ModifyMakeupUITests.framework; sourceTree = BUILT_PRODUCTS_DIR; };
		3127593032A0E31CF29382A3 /* Pods-ModifyMakeup.release.xcconfig */ = {isa = PBXFileReference; includeInIndex = 1; lastKnownFileType = text.xcconfig; name = "Pods-ModifyMakeup.release.xcconfig"; path = "Target Support Files/Pods-ModifyMakeup/Pods-ModifyMakeup.release.xcconfig"; sourceTree = "<group>"; };
		41382965228132E100793AFC /* ModifyMakeup.app */ = {isa = PBXFileReference; explicitFileType = wrapper.application; includeInIndex = 0; path = ModifyMakeup.app; sourceTree = BUILT_PRODUCTS_DIR; };
		41382968228132E100793AFC /* AppDelegate.h */ = {isa = PBXFileReference; lastKnownFileType = sourcecode.c.h; path = AppDelegate.h; sourceTree = "<group>"; };
		41382969228132E100793AFC /* AppDelegate.m */ = {isa = PBXFileReference; lastKnownFileType = sourcecode.c.objc; path = AppDelegate.m; sourceTree = "<group>"; };
		41382971228132E300793AFC /* Assets.xcassets */ = {isa = PBXFileReference; lastKnownFileType = folder.assetcatalog; path = Assets.xcassets; sourceTree = "<group>"; };
		41382974228132E300793AFC /* Base */ = {isa = PBXFileReference; lastKnownFileType = file.storyboard; name = Base; path = Base.lproj/LaunchScreen.storyboard; sourceTree = "<group>"; };
		41382976228132E300793AFC /* Info.plist */ = {isa = PBXFileReference; lastKnownFileType = text.plist.xml; path = Info.plist; sourceTree = "<group>"; };
		41382977228132E300793AFC /* main.m */ = {isa = PBXFileReference; lastKnownFileType = sourcecode.c.objc; path = main.m; sourceTree = "<group>"; };
		4138297D228132E300793AFC /* ModifyMakeupTests.xctest */ = {isa = PBXFileReference; explicitFileType = wrapper.cfbundle; includeInIndex = 0; path = ModifyMakeupTests.xctest; sourceTree = BUILT_PRODUCTS_DIR; };
		41382981228132E300793AFC /* ModifyMakeupTests.m */ = {isa = PBXFileReference; lastKnownFileType = sourcecode.c.objc; path = ModifyMakeupTests.m; sourceTree = "<group>"; };
		41382983228132E300793AFC /* Info.plist */ = {isa = PBXFileReference; lastKnownFileType = text.plist.xml; path = Info.plist; sourceTree = "<group>"; };
		41382988228132E300793AFC /* ModifyMakeupUITests.xctest */ = {isa = PBXFileReference; explicitFileType = wrapper.cfbundle; includeInIndex = 0; path = ModifyMakeupUITests.xctest; sourceTree = BUILT_PRODUCTS_DIR; };
		4138298C228132E300793AFC /* ModifyMakeupUITests.m */ = {isa = PBXFileReference; lastKnownFileType = sourcecode.c.objc; path = ModifyMakeupUITests.m; sourceTree = "<group>"; };
		4138298E228132E300793AFC /* Info.plist */ = {isa = PBXFileReference; lastKnownFileType = text.plist.xml; path = Info.plist; sourceTree = "<group>"; };
		4138299C228137E200793AFC /* BHServiceManager.m */ = {isa = PBXFileReference; fileEncoding = 4; lastKnownFileType = sourcecode.c.objc; path = BHServiceManager.m; sourceTree = "<group>"; };
		4138299D228137E200793AFC /* BeeHive.bundle */ = {isa = PBXFileReference; lastKnownFileType = "wrapper.plug-in"; path = BeeHive.bundle; sourceTree = "<group>"; };
		4138299E228137E200793AFC /* BHTimeProfiler.h */ = {isa = PBXFileReference; fileEncoding = 4; lastKnownFileType = sourcecode.c.h; path = BHTimeProfiler.h; sourceTree = "<group>"; };
		4138299F228137E200793AFC /* BHAnnotation.m */ = {isa = PBXFileReference; fileEncoding = 4; lastKnownFileType = sourcecode.c.objc; path = BHAnnotation.m; sourceTree = "<group>"; };
		413829A0228137E200793AFC /* BHAppDelegate.h */ = {isa = PBXFileReference; fileEncoding = 4; lastKnownFileType = sourcecode.c.h; path = BHAppDelegate.h; sourceTree = "<group>"; };
		413829A1228137E200793AFC /* BHContext.h */ = {isa = PBXFileReference; fileEncoding = 4; lastKnownFileType = sourcecode.c.h; path = BHContext.h; sourceTree = "<group>"; };
		413829A2228137E200793AFC /* BHWatchDog.m */ = {isa = PBXFileReference; fileEncoding = 4; lastKnownFileType = sourcecode.c.objc; path = BHWatchDog.m; sourceTree = "<group>"; };
		413829A3228137E200793AFC /* BeeHive.m */ = {isa = PBXFileReference; fileEncoding = 4; lastKnownFileType = sourcecode.c.objc; path = BeeHive.m; sourceTree = "<group>"; };
		413829A4228137E200793AFC /* BHCommon.h */ = {isa = PBXFileReference; fileEncoding = 4; lastKnownFileType = sourcecode.c.h; path = BHCommon.h; sourceTree = "<group>"; };
		413829A5228137E200793AFC /* BHModuleManager.m */ = {isa = PBXFileReference; fileEncoding = 4; lastKnownFileType = sourcecode.c.objc; path = BHModuleManager.m; sourceTree = "<group>"; };
		413829A6228137E200793AFC /* BHConfig.m */ = {isa = PBXFileReference; fileEncoding = 4; lastKnownFileType = sourcecode.c.objc; path = BHConfig.m; sourceTree = "<group>"; };
		413829A7228137E200793AFC /* BHDefines.h */ = {isa = PBXFileReference; fileEncoding = 4; lastKnownFileType = sourcecode.c.h; path = BHDefines.h; sourceTree = "<group>"; };
		413829A8228137E200793AFC /* BeeHive-Info.plist */ = {isa = PBXFileReference; fileEncoding = 4; lastKnownFileType = text.plist.xml; path = "BeeHive-Info.plist"; sourceTree = "<group>"; };
		413829A9228137E200793AFC /* BHServiceManager.h */ = {isa = PBXFileReference; fileEncoding = 4; lastKnownFileType = sourcecode.c.h; path = BHServiceManager.h; sourceTree = "<group>"; };
		413829AA228137E200793AFC /* BHAppDelegate.m */ = {isa = PBXFileReference; fileEncoding = 4; lastKnownFileType = sourcecode.c.objc; path = BHAppDelegate.m; sourceTree = "<group>"; };
		413829AB228137E200793AFC /* BHModuleProtocol.h */ = {isa = PBXFileReference; fileEncoding = 4; lastKnownFileType = sourcecode.c.h; path = BHModuleProtocol.h; sourceTree = "<group>"; };
		413829AC228137E200793AFC /* BHAnnotation.h */ = {isa = PBXFileReference; fileEncoding = 4; lastKnownFileType = sourcecode.c.h; path = BHAnnotation.h; sourceTree = "<group>"; };
		413829AD228137E200793AFC /* BHTimeProfiler.m */ = {isa = PBXFileReference; fileEncoding = 4; lastKnownFileType = sourcecode.c.objc; path = BHTimeProfiler.m; sourceTree = "<group>"; };
		413829AE228137E200793AFC /* BeeHive.h */ = {isa = PBXFileReference; fileEncoding = 4; lastKnownFileType = sourcecode.c.h; path = BeeHive.h; sourceTree = "<group>"; };
		413829AF228137E200793AFC /* BHWatchDog.h */ = {isa = PBXFileReference; fileEncoding = 4; lastKnownFileType = sourcecode.c.h; path = BHWatchDog.h; sourceTree = "<group>"; };
		413829B0228137E200793AFC /* BHContext.m */ = {isa = PBXFileReference; fileEncoding = 4; lastKnownFileType = sourcecode.c.objc; path = BHContext.m; sourceTree = "<group>"; };
		413829B1228137E200793AFC /* BHServiceProtocol.h */ = {isa = PBXFileReference; fileEncoding = 4; lastKnownFileType = sourcecode.c.h; path = BHServiceProtocol.h; sourceTree = "<group>"; };
		413829B2228137E200793AFC /* BeeHive-Prefix.pch */ = {isa = PBXFileReference; fileEncoding = 4; lastKnownFileType = sourcecode.c.h; path = "BeeHive-Prefix.pch"; sourceTree = "<group>"; };
		413829B3228137E200793AFC /* BHModuleManager.h */ = {isa = PBXFileReference; fileEncoding = 4; lastKnownFileType = sourcecode.c.h; path = BHModuleManager.h; sourceTree = "<group>"; };
		413829B4228137E200793AFC /* BHConfig.h */ = {isa = PBXFileReference; fileEncoding = 4; lastKnownFileType = sourcecode.c.h; path = BHConfig.h; sourceTree = "<group>"; };
		413829D92281389E00793AFC /* MMBaseViewController.h */ = {isa = PBXFileReference; lastKnownFileType = sourcecode.c.h; path = MMBaseViewController.h; sourceTree = "<group>"; };
		413829DA2281389E00793AFC /* MMBaseViewController.m */ = {isa = PBXFileReference; lastKnownFileType = sourcecode.c.objc; path = MMBaseViewController.m; sourceTree = "<group>"; };
		413829E0228138D000793AFC /* MMMainViewController.h */ = {isa = PBXFileReference; lastKnownFileType = sourcecode.c.h; path = MMMainViewController.h; sourceTree = "<group>"; };
		413829E1228138D000793AFC /* MMMainViewController.m */ = {isa = PBXFileReference; lastKnownFileType = sourcecode.c.objc; path = MMMainViewController.m; sourceTree = "<group>"; };
		413829E52281391100793AFC /* MMBaseView.h */ = {isa = PBXFileReference; lastKnownFileType = sourcecode.c.h; path = MMBaseView.h; sourceTree = "<group>"; };
		413829E62281391100793AFC /* MMBaseView.m */ = {isa = PBXFileReference; lastKnownFileType = sourcecode.c.objc; path = MMBaseView.m; sourceTree = "<group>"; };
		413829EA2281391F00793AFC /* MMMainView.h */ = {isa = PBXFileReference; lastKnownFileType = sourcecode.c.h; path = MMMainView.h; sourceTree = "<group>"; };
		413829EB2281391F00793AFC /* MMMainView.m */ = {isa = PBXFileReference; lastKnownFileType = sourcecode.c.objc; path = MMMainView.m; sourceTree = "<group>"; };
		413829EF228139D300793AFC /* MainDefine.pch */ = {isa = PBXFileReference; fileEncoding = 4; lastKnownFileType = sourcecode.c.h; path = MainDefine.pch; sourceTree = "<group>"; };
		413829F02281534F00793AFC /* MMMainToolView.h */ = {isa = PBXFileReference; lastKnownFileType = sourcecode.c.h; path = MMMainToolView.h; sourceTree = "<group>"; };
		413829F12281534F00793AFC /* MMMainToolView.m */ = {isa = PBXFileReference; lastKnownFileType = sourcecode.c.objc; path = MMMainToolView.m; sourceTree = "<group>"; };
		413829F3228153DD00793AFC /* MMainTakeView.h */ = {isa = PBXFileReference; lastKnownFileType = sourcecode.c.h; path = MMainTakeView.h; sourceTree = "<group>"; };
		413829F4228153DD00793AFC /* MMainTakeView.m */ = {isa = PBXFileReference; lastKnownFileType = sourcecode.c.objc; path = MMainTakeView.m; sourceTree = "<group>"; };
		413829F62281557700793AFC /* MMPhotoLayerView.h */ = {isa = PBXFileReference; lastKnownFileType = sourcecode.c.h; path = MMPhotoLayerView.h; sourceTree = "<group>"; };
		413829F72281557700793AFC /* MMPhotoLayerView.m */ = {isa = PBXFileReference; lastKnownFileType = sourcecode.c.objc; path = MMPhotoLayerView.m; sourceTree = "<group>"; };
		413829FB2281563300793AFC /* UIView+MMAdd.h */ = {isa = PBXFileReference; lastKnownFileType = sourcecode.c.h; path = "UIView+MMAdd.h"; sourceTree = "<group>"; };
		413829FC2281563300793AFC /* UIView+MMAdd.m */ = {isa = PBXFileReference; lastKnownFileType = sourcecode.c.objc; path = "UIView+MMAdd.m"; sourceTree = "<group>"; };
		413829FE22815E8400793AFC /* CommonDefine.h */ = {isa = PBXFileReference; lastKnownFileType = sourcecode.c.h; path = CommonDefine.h; sourceTree = "<group>"; };
		413829FF22815FF800793AFC /* CommonDefine.m */ = {isa = PBXFileReference; lastKnownFileType = sourcecode.c.objc; path = CommonDefine.m; sourceTree = "<group>"; };
		41382A012281664200793AFC /* MMConstants.h */ = {isa = PBXFileReference; lastKnownFileType = sourcecode.c.h; path = MMConstants.h; sourceTree = "<group>"; };
		41382A022281715D00793AFC /* MMColor.h */ = {isa = PBXFileReference; lastKnownFileType = sourcecode.c.h; path = MMColor.h; sourceTree = "<group>"; };
		41382A03228171DA00793AFC /* UIColor+MMAdd.h */ = {isa = PBXFileReference; lastKnownFileType = sourcecode.c.h; path = "UIColor+MMAdd.h"; sourceTree = "<group>"; };
		41382A04228171DA00793AFC /* UIColor+MMAdd.m */ = {isa = PBXFileReference; lastKnownFileType = sourcecode.c.objc; path = "UIColor+MMAdd.m"; sourceTree = "<group>"; };
		41382A0722817C7E00793AFC /* MMModifyViewController.h */ = {isa = PBXFileReference; lastKnownFileType = sourcecode.c.h; path = MMModifyViewController.h; sourceTree = "<group>"; };
		41382A0822817C7E00793AFC /* MMModifyViewController.m */ = {isa = PBXFileReference; lastKnownFileType = sourcecode.c.objc; path = MMModifyViewController.m; sourceTree = "<group>"; };
		41382A0A22817C9400793AFC /* MMModifyView.h */ = {isa = PBXFileReference; lastKnownFileType = sourcecode.c.h; path = MMModifyView.h; sourceTree = "<group>"; };
		41382A0B22817C9400793AFC /* MMModifyView.m */ = {isa = PBXFileReference; lastKnownFileType = sourcecode.c.objc; path = MMModifyView.m; sourceTree = "<group>"; };
		41382A0D2281881100793AFC /* MMModifyCateogryView.h */ = {isa = PBXFileReference; lastKnownFileType = sourcecode.c.h; path = MMModifyCateogryView.h; sourceTree = "<group>"; };
		41382A0E2281881100793AFC /* MMModifyCateogryView.m */ = {isa = PBXFileReference; lastKnownFileType = sourcecode.c.objc; path = MMModifyCateogryView.m; sourceTree = "<group>"; };
		4553C2926E7B9C34516251FE /* Pods_ModifyMakeup.framework */ = {isa = PBXFileReference; explicitFileType = wrapper.framework; includeInIndex = 0; path = Pods_ModifyMakeup.framework; sourceTree = BUILT_PRODUCTS_DIR; };
		68346A255764474CF4260544 /* Pods-ModifyMakeupUITests.release.xcconfig */ = {isa = PBXFileReference; includeInIndex = 1; lastKnownFileType = text.xcconfig; name = "Pods-ModifyMakeupUITests.release.xcconfig"; path = "Target Support Files/Pods-ModifyMakeupUITests/Pods-ModifyMakeupUITests.release.xcconfig"; sourceTree = "<group>"; };
		756B21D1D62002CD5ADBC6D0 /* Pods-ModifyMakeupTests.release.xcconfig */ = {isa = PBXFileReference; includeInIndex = 1; lastKnownFileType = text.xcconfig; name = "Pods-ModifyMakeupTests.release.xcconfig"; path = "Target Support Files/Pods-ModifyMakeupTests/Pods-ModifyMakeupTests.release.xcconfig"; sourceTree = "<group>"; };
		A13E8A131FC6F5E8D9388F11 /* Pods-ModifyMakeupUITests.debug.xcconfig */ = {isa = PBXFileReference; includeInIndex = 1; lastKnownFileType = text.xcconfig; name = "Pods-ModifyMakeupUITests.debug.xcconfig"; path = "Target Support Files/Pods-ModifyMakeupUITests/Pods-ModifyMakeupUITests.debug.xcconfig"; sourceTree = "<group>"; };
		F3E50139925FC1649E0DD000 /* Pods-ModifyMakeupTests.debug.xcconfig */ = {isa = PBXFileReference; includeInIndex = 1; lastKnownFileType = text.xcconfig; name = "Pods-ModifyMakeupTests.debug.xcconfig"; path = "Target Support Files/Pods-ModifyMakeupTests/Pods-ModifyMakeupTests.debug.xcconfig"; sourceTree = "<group>"; };
		F956AD2D3599F952A76DD872 /* Pods-ModifyMakeup.debug.xcconfig */ = {isa = PBXFileReference; includeInIndex = 1; lastKnownFileType = text.xcconfig; name = "Pods-ModifyMakeup.debug.xcconfig"; path = "Target Support Files/Pods-ModifyMakeup/Pods-ModifyMakeup.debug.xcconfig"; sourceTree = "<group>"; };
/* End PBXFileReference section */

/* Begin PBXFrameworksBuildPhase section */
		41382962228132E100793AFC /* Frameworks */ = {
			isa = PBXFrameworksBuildPhase;
			buildActionMask = 2147483647;
			files = (
				3FDFFD4B099728A1D31E01D5 /* Pods_ModifyMakeup.framework in Frameworks */,
			);
			runOnlyForDeploymentPostprocessing = 0;
		};
		4138297A228132E300793AFC /* Frameworks */ = {
			isa = PBXFrameworksBuildPhase;
			buildActionMask = 2147483647;
			files = (
				72B46E470089ED48236CF8FE /* Pods_ModifyMakeupTests.framework in Frameworks */,
			);
			runOnlyForDeploymentPostprocessing = 0;
		};
		41382985228132E300793AFC /* Frameworks */ = {
			isa = PBXFrameworksBuildPhase;
			buildActionMask = 2147483647;
			files = (
				BE4D9156226DB264DD33C7F6 /* Pods_ModifyMakeupUITests.framework in Frameworks */,
			);
			runOnlyForDeploymentPostprocessing = 0;
		};
/* End PBXFrameworksBuildPhase section */

/* Begin PBXGroup section */
		1103DA60566148ACC55E8BEA /* Frameworks */ = {
			isa = PBXGroup;
			children = (
				4553C2926E7B9C34516251FE /* Pods_ModifyMakeup.framework */,
				147988E781194D30516A3998 /* Pods_ModifyMakeupTests.framework */,
				198289F9ED5786AB0FBD7E75 /* Pods_ModifyMakeupUITests.framework */,
			);
			name = Frameworks;
			sourceTree = "<group>";
		};
		27526E27405319C79CC2172F /* Pods */ = {
			isa = PBXGroup;
			children = (
				F956AD2D3599F952A76DD872 /* Pods-ModifyMakeup.debug.xcconfig */,
				3127593032A0E31CF29382A3 /* Pods-ModifyMakeup.release.xcconfig */,
				F3E50139925FC1649E0DD000 /* Pods-ModifyMakeupTests.debug.xcconfig */,
				756B21D1D62002CD5ADBC6D0 /* Pods-ModifyMakeupTests.release.xcconfig */,
				A13E8A131FC6F5E8D9388F11 /* Pods-ModifyMakeupUITests.debug.xcconfig */,
				68346A255764474CF4260544 /* Pods-ModifyMakeupUITests.release.xcconfig */,
			);
			path = Pods;
			sourceTree = "<group>";
		};
		4138295C228132E100793AFC = {
			isa = PBXGroup;
			children = (
				41382967228132E100793AFC /* ModifyMakeup */,
				41382980228132E300793AFC /* ModifyMakeupTests */,
				4138298B228132E300793AFC /* ModifyMakeupUITests */,
				41382966228132E100793AFC /* Products */,
				27526E27405319C79CC2172F /* Pods */,
				1103DA60566148ACC55E8BEA /* Frameworks */,
			);
			sourceTree = "<group>";
		};
		41382966228132E100793AFC /* Products */ = {
			isa = PBXGroup;
			children = (
				41382965228132E100793AFC /* ModifyMakeup.app */,
				4138297D228132E300793AFC /* ModifyMakeupTests.xctest */,
				41382988228132E300793AFC /* ModifyMakeupUITests.xctest */,
			);
			name = Products;
			sourceTree = "<group>";
		};
		41382967228132E100793AFC /* ModifyMakeup */ = {
			isa = PBXGroup;
			children = (
				413829D72281385800793AFC /* Business */,
				413829D62281384A00793AFC /* Configure */,
				4138299A228137CA00793AFC /* ThirdParts */,
				41382976228132E300793AFC /* Info.plist */,
			);
			path = ModifyMakeup;
			sourceTree = "<group>";
		};
		41382980228132E300793AFC /* ModifyMakeupTests */ = {
			isa = PBXGroup;
			children = (
				41382981228132E300793AFC /* ModifyMakeupTests.m */,
				41382983228132E300793AFC /* Info.plist */,
			);
			path = ModifyMakeupTests;
			sourceTree = "<group>";
		};
		4138298B228132E300793AFC /* ModifyMakeupUITests */ = {
			isa = PBXGroup;
			children = (
				4138298C228132E300793AFC /* ModifyMakeupUITests.m */,
				4138298E228132E300793AFC /* Info.plist */,
			);
			path = ModifyMakeupUITests;
			sourceTree = "<group>";
		};
		4138299A228137CA00793AFC /* ThirdParts */ = {
			isa = PBXGroup;
			children = (
				4138299B228137E200793AFC /* BeeHive */,
			);
			path = ThirdParts;
			sourceTree = "<group>";
		};
		4138299B228137E200793AFC /* BeeHive */ = {
			isa = PBXGroup;
			children = (
				4138299C228137E200793AFC /* BHServiceManager.m */,
				4138299D228137E200793AFC /* BeeHive.bundle */,
				4138299E228137E200793AFC /* BHTimeProfiler.h */,
				4138299F228137E200793AFC /* BHAnnotation.m */,
				413829A0228137E200793AFC /* BHAppDelegate.h */,
				413829A1228137E200793AFC /* BHContext.h */,
				413829A2228137E200793AFC /* BHWatchDog.m */,
				413829A3228137E200793AFC /* BeeHive.m */,
				413829A4228137E200793AFC /* BHCommon.h */,
				413829A5228137E200793AFC /* BHModuleManager.m */,
				413829A6228137E200793AFC /* BHConfig.m */,
				413829A7228137E200793AFC /* BHDefines.h */,
				413829A8228137E200793AFC /* BeeHive-Info.plist */,
				413829A9228137E200793AFC /* BHServiceManager.h */,
				413829AA228137E200793AFC /* BHAppDelegate.m */,
				413829AB228137E200793AFC /* BHModuleProtocol.h */,
				413829AC228137E200793AFC /* BHAnnotation.h */,
				413829AD228137E200793AFC /* BHTimeProfiler.m */,
				413829AE228137E200793AFC /* BeeHive.h */,
				413829AF228137E200793AFC /* BHWatchDog.h */,
				413829B0228137E200793AFC /* BHContext.m */,
				413829B1228137E200793AFC /* BHServiceProtocol.h */,
				413829B2228137E200793AFC /* BeeHive-Prefix.pch */,
				413829B3228137E200793AFC /* BHModuleManager.h */,
				413829B4228137E200793AFC /* BHConfig.h */,
			);
			path = BeeHive;
			sourceTree = "<group>";
		};
		413829D62281384A00793AFC /* Configure */ = {
			isa = PBXGroup;
			children = (
				413829FE22815E8400793AFC /* CommonDefine.h */,
				413829FF22815FF800793AFC /* CommonDefine.m */,
				41382A012281664200793AFC /* MMConstants.h */,
				41382A022281715D00793AFC /* MMColor.h */,
				413829EF228139D300793AFC /* MainDefine.pch */,
				41382971228132E300793AFC /* Assets.xcassets */,
				41382973228132E300793AFC /* LaunchScreen.storyboard */,
				41382977228132E300793AFC /* main.m */,
			);
			path = Configure;
			sourceTree = "<group>";
		};
		413829D72281385800793AFC /* Business */ = {
			isa = PBXGroup;
			children = (
				41382A0622817C6A00793AFC /* modify */,
				413829DE228138A300793AFC /* Common */,
				413829D82281388700793AFC /* Main */,
				41382968228132E100793AFC /* AppDelegate.h */,
				41382969228132E100793AFC /* AppDelegate.m */,
			);
			path = Business;
			sourceTree = "<group>";
		};
		413829D82281388700793AFC /* Main */ = {
			isa = PBXGroup;
			children = (
				413829F92281558100793AFC /* View */,
				413829E0228138D000793AFC /* MMMainViewController.h */,
				413829E1228138D000793AFC /* MMMainViewController.m */,
			);
			path = Main;
			sourceTree = "<group>";
		};
		413829DE228138A300793AFC /* Common */ = {
			isa = PBXGroup;
			children = (
				413829FA2281562000793AFC /* Category */,
				413829DF228138AE00793AFC /* Base */,
			);
			path = Common;
			sourceTree = "<group>";
		};
		413829DF228138AE00793AFC /* Base */ = {
			isa = PBXGroup;
			children = (
				413829D92281389E00793AFC /* MMBaseViewController.h */,
				413829DA2281389E00793AFC /* MMBaseViewController.m */,
				413829E52281391100793AFC /* MMBaseView.h */,
				413829E62281391100793AFC /* MMBaseView.m */,
			);
			path = Base;
			sourceTree = "<group>";
		};
		413829F92281558100793AFC /* View */ = {
			isa = PBXGroup;
			children = (
				413829EA2281391F00793AFC /* MMMainView.h */,
				413829EB2281391F00793AFC /* MMMainView.m */,
				413829F62281557700793AFC /* MMPhotoLayerView.h */,
				413829F72281557700793AFC /* MMPhotoLayerView.m */,
				413829F02281534F00793AFC /* MMMainToolView.h */,
				413829F12281534F00793AFC /* MMMainToolView.m */,
				413829F3228153DD00793AFC /* MMainTakeView.h */,
				413829F4228153DD00793AFC /* MMainTakeView.m */,
			);
			path = View;
			sourceTree = "<group>";
		};
		413829FA2281562000793AFC /* Category */ = {
			isa = PBXGroup;
			children = (
				413829FB2281563300793AFC /* UIView+MMAdd.h */,
				413829FC2281563300793AFC /* UIView+MMAdd.m */,
				41382A03228171DA00793AFC /* UIColor+MMAdd.h */,
				41382A04228171DA00793AFC /* UIColor+MMAdd.m */,
			);
			path = Category;
			sourceTree = "<group>";
		};
		41382A0622817C6A00793AFC /* modify */ = {
			isa = PBXGroup;
			children = (
				41382A0722817C7E00793AFC /* MMModifyViewController.h */,
				41382A0822817C7E00793AFC /* MMModifyViewController.m */,
				41382A0A22817C9400793AFC /* MMModifyView.h */,
				41382A0B22817C9400793AFC /* MMModifyView.m */,
				41382A0D2281881100793AFC /* MMModifyCateogryView.h */,
				41382A0E2281881100793AFC /* MMModifyCateogryView.m */,
			);
			path = modify;
			sourceTree = "<group>";
		};
/* End PBXGroup section */

/* Begin PBXNativeTarget section */
		41382964228132E100793AFC /* ModifyMakeup */ = {
			isa = PBXNativeTarget;
			buildConfigurationList = 41382991228132E300793AFC /* Build configuration list for PBXNativeTarget "ModifyMakeup" */;
			buildPhases = (
				E38954CA1F8A911A5898F4D8 /* [CP] Check Pods Manifest.lock */,
				41382961228132E100793AFC /* Sources */,
				41382962228132E100793AFC /* Frameworks */,
				41382963228132E100793AFC /* Resources */,
				434A826A772710D80C227F77 /* [CP] Embed Pods Frameworks */,
			);
			buildRules = (
			);
			dependencies = (
			);
			name = ModifyMakeup;
			productName = ModifyMakeup;
			productReference = 41382965228132E100793AFC /* ModifyMakeup.app */;
			productType = "com.apple.product-type.application";
		};
		4138297C228132E300793AFC /* ModifyMakeupTests */ = {
			isa = PBXNativeTarget;
			buildConfigurationList = 41382994228132E300793AFC /* Build configuration list for PBXNativeTarget "ModifyMakeupTests" */;
			buildPhases = (
				4BAEAF36F0D79F10787BDA4A /* [CP] Check Pods Manifest.lock */,
				41382979228132E300793AFC /* Sources */,
				4138297A228132E300793AFC /* Frameworks */,
				4138297B228132E300793AFC /* Resources */,
			);
			buildRules = (
			);
			dependencies = (
				4138297F228132E300793AFC /* PBXTargetDependency */,
			);
			name = ModifyMakeupTests;
			productName = ModifyMakeupTests;
			productReference = 4138297D228132E300793AFC /* ModifyMakeupTests.xctest */;
			productType = "com.apple.product-type.bundle.unit-test";
		};
		41382987228132E300793AFC /* ModifyMakeupUITests */ = {
			isa = PBXNativeTarget;
			buildConfigurationList = 41382997228132E300793AFC /* Build configuration list for PBXNativeTarget "ModifyMakeupUITests" */;
			buildPhases = (
				360F3048CD1591D8D29DF970 /* [CP] Check Pods Manifest.lock */,
				41382984228132E300793AFC /* Sources */,
				41382985228132E300793AFC /* Frameworks */,
				41382986228132E300793AFC /* Resources */,
			);
			buildRules = (
			);
			dependencies = (
				4138298A228132E300793AFC /* PBXTargetDependency */,
			);
			name = ModifyMakeupUITests;
			productName = ModifyMakeupUITests;
			productReference = 41382988228132E300793AFC /* ModifyMakeupUITests.xctest */;
			productType = "com.apple.product-type.bundle.ui-testing";
		};
/* End PBXNativeTarget section */

/* Begin PBXProject section */
		4138295D228132E100793AFC /* Project object */ = {
			isa = PBXProject;
			attributes = {
				LastUpgradeCheck = 1020;
				ORGANIZATIONNAME = Aka;
				TargetAttributes = {
					41382964228132E100793AFC = {
						CreatedOnToolsVersion = 10.2.1;
					};
					4138297C228132E300793AFC = {
						CreatedOnToolsVersion = 10.2.1;
						TestTargetID = 41382964228132E100793AFC;
					};
					41382987228132E300793AFC = {
						CreatedOnToolsVersion = 10.2.1;
						TestTargetID = 41382964228132E100793AFC;
					};
				};
			};
			buildConfigurationList = 41382960228132E100793AFC /* Build configuration list for PBXProject "ModifyMakeup" */;
			compatibilityVersion = "Xcode 9.3";
			developmentRegion = en;
			hasScannedForEncodings = 0;
			knownRegions = (
				en,
				Base,
			);
			mainGroup = 4138295C228132E100793AFC;
			productRefGroup = 41382966228132E100793AFC /* Products */;
			projectDirPath = "";
			projectRoot = "";
			targets = (
				41382964228132E100793AFC /* ModifyMakeup */,
				4138297C228132E300793AFC /* ModifyMakeupTests */,
				41382987228132E300793AFC /* ModifyMakeupUITests */,
			);
		};
/* End PBXProject section */

/* Begin PBXResourcesBuildPhase section */
		41382963228132E100793AFC /* Resources */ = {
			isa = PBXResourcesBuildPhase;
			buildActionMask = 2147483647;
			files = (
				41382975228132E300793AFC /* LaunchScreen.storyboard in Resources */,
				41382972228132E300793AFC /* Assets.xcassets in Resources */,
				413829CA228137E200793AFC /* BeeHive-Info.plist in Resources */,
				413829B8228137E200793AFC /* BeeHive.bundle in Resources */,
			);
			runOnlyForDeploymentPostprocessing = 0;
		};
		4138297B228132E300793AFC /* Resources */ = {
			isa = PBXResourcesBuildPhase;
			buildActionMask = 2147483647;
			files = (
				413829B9228137E200793AFC /* BeeHive.bundle in Resources */,
				413829CB228137E200793AFC /* BeeHive-Info.plist in Resources */,
			);
			runOnlyForDeploymentPostprocessing = 0;
		};
		41382986228132E300793AFC /* Resources */ = {
			isa = PBXResourcesBuildPhase;
			buildActionMask = 2147483647;
			files = (
				413829BA228137E200793AFC /* BeeHive.bundle in Resources */,
				413829CC228137E200793AFC /* BeeHive-Info.plist in Resources */,
			);
			runOnlyForDeploymentPostprocessing = 0;
		};
/* End PBXResourcesBuildPhase section */

/* Begin PBXShellScriptBuildPhase section */
		360F3048CD1591D8D29DF970 /* [CP] Check Pods Manifest.lock */ = {
			isa = PBXShellScriptBuildPhase;
			buildActionMask = 2147483647;
			files = (
			);
			inputFileListPaths = (
			);
			inputPaths = (
				"${PODS_PODFILE_DIR_PATH}/Podfile.lock",
				"${PODS_ROOT}/Manifest.lock",
			);
			name = "[CP] Check Pods Manifest.lock";
			outputFileListPaths = (
			);
			outputPaths = (
				"$(DERIVED_FILE_DIR)/Pods-ModifyMakeupUITests-checkManifestLockResult.txt",
			);
			runOnlyForDeploymentPostprocessing = 0;
			shellPath = /bin/sh;
			shellScript = "diff \"${PODS_PODFILE_DIR_PATH}/Podfile.lock\" \"${PODS_ROOT}/Manifest.lock\" > /dev/null\nif [ $? != 0 ] ; then\n    # print error to STDERR\n    echo \"error: The sandbox is not in sync with the Podfile.lock. Run 'pod install' or update your CocoaPods installation.\" >&2\n    exit 1\nfi\n# This output is used by Xcode 'outputs' to avoid re-running this script phase.\necho \"SUCCESS\" > \"${SCRIPT_OUTPUT_FILE_0}\"\n";
			showEnvVarsInLog = 0;
		};
		434A826A772710D80C227F77 /* [CP] Embed Pods Frameworks */ = {
			isa = PBXShellScriptBuildPhase;
			buildActionMask = 2147483647;
			files = (
			);
			inputFileListPaths = (
			);
			inputPaths = (
				"${PODS_ROOT}/Target Support Files/Pods-ModifyMakeup/Pods-ModifyMakeup-frameworks.sh",
				"${BUILT_PRODUCTS_DIR}/AFNetworking/AFNetworking.framework",
				"${BUILT_PRODUCTS_DIR}/Masonry/Masonry.framework",
				"${BUILT_PRODUCTS_DIR}/TZImagePickerController/TZImagePickerController.framework",
				"${BUILT_PRODUCTS_DIR}/YYKit/YYKit.framework",
				"${BUILT_PRODUCTS_DIR}/cocore/cocore.framework",
				"${BUILT_PRODUCTS_DIR}/coobjc/coobjc.framework",
			);
			name = "[CP] Embed Pods Frameworks";
			outputFileListPaths = (
			);
			outputPaths = (
				"${TARGET_BUILD_DIR}/${FRAMEWORKS_FOLDER_PATH}/AFNetworking.framework",
				"${TARGET_BUILD_DIR}/${FRAMEWORKS_FOLDER_PATH}/Masonry.framework",
				"${TARGET_BUILD_DIR}/${FRAMEWORKS_FOLDER_PATH}/TZImagePickerController.framework",
				"${TARGET_BUILD_DIR}/${FRAMEWORKS_FOLDER_PATH}/YYKit.framework",
				"${TARGET_BUILD_DIR}/${FRAMEWORKS_FOLDER_PATH}/cocore.framework",
				"${TARGET_BUILD_DIR}/${FRAMEWORKS_FOLDER_PATH}/coobjc.framework",
			);
			runOnlyForDeploymentPostprocessing = 0;
			shellPath = /bin/sh;
			shellScript = "\"${PODS_ROOT}/Target Support Files/Pods-ModifyMakeup/Pods-ModifyMakeup-frameworks.sh\"\n";
			showEnvVarsInLog = 0;
		};
		4BAEAF36F0D79F10787BDA4A /* [CP] Check Pods Manifest.lock */ = {
			isa = PBXShellScriptBuildPhase;
			buildActionMask = 2147483647;
			files = (
			);
			inputFileListPaths = (
			);
			inputPaths = (
				"${PODS_PODFILE_DIR_PATH}/Podfile.lock",
				"${PODS_ROOT}/Manifest.lock",
			);
			name = "[CP] Check Pods Manifest.lock";
			outputFileListPaths = (
			);
			outputPaths = (
				"$(DERIVED_FILE_DIR)/Pods-ModifyMakeupTests-checkManifestLockResult.txt",
			);
			runOnlyForDeploymentPostprocessing = 0;
			shellPath = /bin/sh;
			shellScript = "diff \"${PODS_PODFILE_DIR_PATH}/Podfile.lock\" \"${PODS_ROOT}/Manifest.lock\" > /dev/null\nif [ $? != 0 ] ; then\n    # print error to STDERR\n    echo \"error: The sandbox is not in sync with the Podfile.lock. Run 'pod install' or update your CocoaPods installation.\" >&2\n    exit 1\nfi\n# This output is used by Xcode 'outputs' to avoid re-running this script phase.\necho \"SUCCESS\" > \"${SCRIPT_OUTPUT_FILE_0}\"\n";
			showEnvVarsInLog = 0;
		};
		E38954CA1F8A911A5898F4D8 /* [CP] Check Pods Manifest.lock */ = {
			isa = PBXShellScriptBuildPhase;
			buildActionMask = 2147483647;
			files = (
			);
			inputFileListPaths = (
			);
			inputPaths = (
				"${PODS_PODFILE_DIR_PATH}/Podfile.lock",
				"${PODS_ROOT}/Manifest.lock",
			);
			name = "[CP] Check Pods Manifest.lock";
			outputFileListPaths = (
			);
			outputPaths = (
				"$(DERIVED_FILE_DIR)/Pods-ModifyMakeup-checkManifestLockResult.txt",
			);
			runOnlyForDeploymentPostprocessing = 0;
			shellPath = /bin/sh;
			shellScript = "diff \"${PODS_PODFILE_DIR_PATH}/Podfile.lock\" \"${PODS_ROOT}/Manifest.lock\" > /dev/null\nif [ $? != 0 ] ; then\n    # print error to STDERR\n    echo \"error: The sandbox is not in sync with the Podfile.lock. Run 'pod install' or update your CocoaPods installation.\" >&2\n    exit 1\nfi\n# This output is used by Xcode 'outputs' to avoid re-running this script phase.\necho \"SUCCESS\" > \"${SCRIPT_OUTPUT_FILE_0}\"\n";
			showEnvVarsInLog = 0;
		};
/* End PBXShellScriptBuildPhase section */

/* Begin PBXSourcesBuildPhase section */
		41382961228132E100793AFC /* Sources */ = {
			isa = PBXSourcesBuildPhase;
			buildActionMask = 2147483647;
			files = (
				413829CD228137E200793AFC /* BHAppDelegate.m in Sources */,
				41382A0C22817C9400793AFC /* MMModifyView.m in Sources */,
				413829DB2281389E00793AFC /* MMBaseViewController.m in Sources */,
				41382A0922817C7E00793AFC /* MMModifyViewController.m in Sources */,
				413829D3228137E200793AFC /* BHContext.m in Sources */,
				413829F22281534F00793AFC /* MMMainToolView.m in Sources */,
				413829BB228137E200793AFC /* BHAnnotation.m in Sources */,
				41382A05228171DA00793AFC /* UIColor+MMAdd.m in Sources */,
				413829FD2281563300793AFC /* UIView+MMAdd.m in Sources */,
				413829BE228137E200793AFC /* BHWatchDog.m in Sources */,
				413829EC2281391F00793AFC /* MMMainView.m in Sources */,
				41382978228132E300793AFC /* main.m in Sources */,
				41382A0F2281881100793AFC /* MMModifyCateogryView.m in Sources */,
				4138296A228132E100793AFC /* AppDelegate.m in Sources */,
				413829C7228137E200793AFC /* BHConfig.m in Sources */,
				413829E2228138D000793AFC /* MMMainViewController.m in Sources */,
				413829F82281557700793AFC /* MMPhotoLayerView.m in Sources */,
				41382A0022815FF800793AFC /* CommonDefine.m in Sources */,
				413829B5228137E200793AFC /* BHServiceManager.m in Sources */,
				413829C1228137E200793AFC /* BeeHive.m in Sources */,
				413829E72281391100793AFC /* MMBaseView.m in Sources */,
				413829F5228153DD00793AFC /* MMainTakeView.m in Sources */,
				413829C4228137E200793AFC /* BHModuleManager.m in Sources */,
				413829D0228137E200793AFC /* BHTimeProfiler.m in Sources */,
			);
			runOnlyForDeploymentPostprocessing = 0;
		};
		41382979228132E300793AFC /* Sources */ = {
			isa = PBXSourcesBuildPhase;
			buildActionMask = 2147483647;
			files = (
				413829CE228137E200793AFC /* BHAppDelegate.m in Sources */,
				41382982228132E300793AFC /* ModifyMakeupTests.m in Sources */,
				413829C5228137E200793AFC /* BHModuleManager.m in Sources */,
				413829E3228138D000793AFC /* MMMainViewController.m in Sources */,
				413829C2228137E200793AFC /* BeeHive.m in Sources */,
				413829B6228137E200793AFC /* BHServiceManager.m in Sources */,
				413829E82281391100793AFC /* MMBaseView.m in Sources */,
				413829D4228137E200793AFC /* BHContext.m in Sources */,
				413829DC2281389E00793AFC /* MMBaseViewController.m in Sources */,
				413829ED2281391F00793AFC /* MMMainView.m in Sources */,
				413829C8228137E200793AFC /* BHConfig.m in Sources */,
				413829D1228137E200793AFC /* BHTimeProfiler.m in Sources */,
				413829BF228137E200793AFC /* BHWatchDog.m in Sources */,
				413829BC228137E200793AFC /* BHAnnotation.m in Sources */,
			);
			runOnlyForDeploymentPostprocessing = 0;
		};
		41382984228132E300793AFC /* Sources */ = {
			isa = PBXSourcesBuildPhase;
			buildActionMask = 2147483647;
			files = (
				413829CF228137E200793AFC /* BHAppDelegate.m in Sources */,
				4138298D228132E300793AFC /* ModifyMakeupUITests.m in Sources */,
				413829C6228137E200793AFC /* BHModuleManager.m in Sources */,
				413829E4228138D000793AFC /* MMMainViewController.m in Sources */,
				413829C3228137E200793AFC /* BeeHive.m in Sources */,
				413829B7228137E200793AFC /* BHServiceManager.m in Sources */,
				413829E92281391100793AFC /* MMBaseView.m in Sources */,
				413829D5228137E200793AFC /* BHContext.m in Sources */,
				413829DD2281389E00793AFC /* MMBaseViewController.m in Sources */,
				413829EE2281391F00793AFC /* MMMainView.m in Sources */,
				413829C9228137E200793AFC /* BHConfig.m in Sources */,
				413829D2228137E200793AFC /* BHTimeProfiler.m in Sources */,
				413829C0228137E200793AFC /* BHWatchDog.m in Sources */,
				413829BD228137E200793AFC /* BHAnnotation.m in Sources */,
			);
			runOnlyForDeploymentPostprocessing = 0;
		};
/* End PBXSourcesBuildPhase section */

/* Begin PBXTargetDependency section */
		4138297F228132E300793AFC /* PBXTargetDependency */ = {
			isa = PBXTargetDependency;
			target = 41382964228132E100793AFC /* ModifyMakeup */;
			targetProxy = 4138297E228132E300793AFC /* PBXContainerItemProxy */;
		};
		4138298A228132E300793AFC /* PBXTargetDependency */ = {
			isa = PBXTargetDependency;
			target = 41382964228132E100793AFC /* ModifyMakeup */;
			targetProxy = 41382989228132E300793AFC /* PBXContainerItemProxy */;
		};
/* End PBXTargetDependency section */

/* Begin PBXVariantGroup section */
		41382973228132E300793AFC /* LaunchScreen.storyboard */ = {
			isa = PBXVariantGroup;
			children = (
				41382974228132E300793AFC /* Base */,
			);
			name = LaunchScreen.storyboard;
			sourceTree = "<group>";
		};
/* End PBXVariantGroup section */

/* Begin XCBuildConfiguration section */
		4138298F228132E300793AFC /* Debug */ = {
			isa = XCBuildConfiguration;
			buildSettings = {
				ALWAYS_SEARCH_USER_PATHS = NO;
				CLANG_ANALYZER_NONNULL = YES;
				CLANG_ANALYZER_NUMBER_OBJECT_CONVERSION = YES_AGGRESSIVE;
				CLANG_CXX_LANGUAGE_STANDARD = "gnu++14";
				CLANG_CXX_LIBRARY = "libc++";
				CLANG_ENABLE_MODULES = YES;
				CLANG_ENABLE_OBJC_ARC = YES;
				CLANG_ENABLE_OBJC_WEAK = YES;
				CLANG_WARN_BLOCK_CAPTURE_AUTORELEASING = YES;
				CLANG_WARN_BOOL_CONVERSION = YES;
				CLANG_WARN_COMMA = YES;
				CLANG_WARN_CONSTANT_CONVERSION = YES;
				CLANG_WARN_DEPRECATED_OBJC_IMPLEMENTATIONS = YES;
				CLANG_WARN_DIRECT_OBJC_ISA_USAGE = YES_ERROR;
				CLANG_WARN_DOCUMENTATION_COMMENTS = YES;
				CLANG_WARN_EMPTY_BODY = YES;
				CLANG_WARN_ENUM_CONVERSION = YES;
				CLANG_WARN_INFINITE_RECURSION = YES;
				CLANG_WARN_INT_CONVERSION = YES;
				CLANG_WARN_NON_LITERAL_NULL_CONVERSION = YES;
				CLANG_WARN_OBJC_IMPLICIT_RETAIN_SELF = YES;
				CLANG_WARN_OBJC_LITERAL_CONVERSION = YES;
				CLANG_WARN_OBJC_ROOT_CLASS = YES_ERROR;
				CLANG_WARN_RANGE_LOOP_ANALYSIS = YES;
				CLANG_WARN_STRICT_PROTOTYPES = YES;
				CLANG_WARN_SUSPICIOUS_MOVE = YES;
				CLANG_WARN_UNGUARDED_AVAILABILITY = YES_AGGRESSIVE;
				CLANG_WARN_UNREACHABLE_CODE = YES;
				CLANG_WARN__DUPLICATE_METHOD_MATCH = YES;
				CODE_SIGN_IDENTITY = "iPhone Developer";
				COPY_PHASE_STRIP = NO;
				DEBUG_INFORMATION_FORMAT = dwarf;
				ENABLE_STRICT_OBJC_MSGSEND = YES;
				ENABLE_TESTABILITY = YES;
				GCC_C_LANGUAGE_STANDARD = gnu11;
				GCC_DYNAMIC_NO_PIC = NO;
				GCC_NO_COMMON_BLOCKS = YES;
				GCC_OPTIMIZATION_LEVEL = 0;
				GCC_PREPROCESSOR_DEFINITIONS = (
					"DEBUG=1",
					"$(inherited)",
				);
				GCC_WARN_64_TO_32_BIT_CONVERSION = YES;
				GCC_WARN_ABOUT_RETURN_TYPE = YES_ERROR;
				GCC_WARN_UNDECLARED_SELECTOR = YES;
				GCC_WARN_UNINITIALIZED_AUTOS = YES_AGGRESSIVE;
				GCC_WARN_UNUSED_FUNCTION = YES;
				GCC_WARN_UNUSED_VARIABLE = YES;
				IPHONEOS_DEPLOYMENT_TARGET = 8.0;
				MTL_ENABLE_DEBUG_INFO = INCLUDE_SOURCE;
				MTL_FAST_MATH = YES;
				ONLY_ACTIVE_ARCH = YES;
				SDKROOT = iphoneos;
			};
			name = Debug;
		};
		41382990228132E300793AFC /* Release */ = {
			isa = XCBuildConfiguration;
			buildSettings = {
				ALWAYS_SEARCH_USER_PATHS = NO;
				CLANG_ANALYZER_NONNULL = YES;
				CLANG_ANALYZER_NUMBER_OBJECT_CONVERSION = YES_AGGRESSIVE;
				CLANG_CXX_LANGUAGE_STANDARD = "gnu++14";
				CLANG_CXX_LIBRARY = "libc++";
				CLANG_ENABLE_MODULES = YES;
				CLANG_ENABLE_OBJC_ARC = YES;
				CLANG_ENABLE_OBJC_WEAK = YES;
				CLANG_WARN_BLOCK_CAPTURE_AUTORELEASING = YES;
				CLANG_WARN_BOOL_CONVERSION = YES;
				CLANG_WARN_COMMA = YES;
				CLANG_WARN_CONSTANT_CONVERSION = YES;
				CLANG_WARN_DEPRECATED_OBJC_IMPLEMENTATIONS = YES;
				CLANG_WARN_DIRECT_OBJC_ISA_USAGE = YES_ERROR;
				CLANG_WARN_DOCUMENTATION_COMMENTS = YES;
				CLANG_WARN_EMPTY_BODY = YES;
				CLANG_WARN_ENUM_CONVERSION = YES;
				CLANG_WARN_INFINITE_RECURSION = YES;
				CLANG_WARN_INT_CONVERSION = YES;
				CLANG_WARN_NON_LITERAL_NULL_CONVERSION = YES;
				CLANG_WARN_OBJC_IMPLICIT_RETAIN_SELF = YES;
				CLANG_WARN_OBJC_LITERAL_CONVERSION = YES;
				CLANG_WARN_OBJC_ROOT_CLASS = YES_ERROR;
				CLANG_WARN_RANGE_LOOP_ANALYSIS = YES;
				CLANG_WARN_STRICT_PROTOTYPES = YES;
				CLANG_WARN_SUSPICIOUS_MOVE = YES;
				CLANG_WARN_UNGUARDED_AVAILABILITY = YES_AGGRESSIVE;
				CLANG_WARN_UNREACHABLE_CODE = YES;
				CLANG_WARN__DUPLICATE_METHOD_MATCH = YES;
				CODE_SIGN_IDENTITY = "iPhone Developer";
				COPY_PHASE_STRIP = NO;
				DEBUG_INFORMATION_FORMAT = "dwarf-with-dsym";
				ENABLE_NS_ASSERTIONS = NO;
				ENABLE_STRICT_OBJC_MSGSEND = YES;
				GCC_C_LANGUAGE_STANDARD = gnu11;
				GCC_NO_COMMON_BLOCKS = YES;
				GCC_WARN_64_TO_32_BIT_CONVERSION = YES;
				GCC_WARN_ABOUT_RETURN_TYPE = YES_ERROR;
				GCC_WARN_UNDECLARED_SELECTOR = YES;
				GCC_WARN_UNINITIALIZED_AUTOS = YES_AGGRESSIVE;
				GCC_WARN_UNUSED_FUNCTION = YES;
				GCC_WARN_UNUSED_VARIABLE = YES;
				IPHONEOS_DEPLOYMENT_TARGET = 8.0;
				MTL_ENABLE_DEBUG_INFO = NO;
				MTL_FAST_MATH = YES;
				SDKROOT = iphoneos;
				VALIDATE_PRODUCT = YES;
			};
			name = Release;
		};
		41382992228132E300793AFC /* Debug */ = {
			isa = XCBuildConfiguration;
			baseConfigurationReference = F956AD2D3599F952A76DD872 /* Pods-ModifyMakeup.debug.xcconfig */;
			buildSettings = {
				ASSETCATALOG_COMPILER_APPICON_NAME = AppIcon;
				CODE_SIGN_STYLE = Automatic;
				DEVELOPMENT_TEAM = D2XBEJ6876;
				GCC_PRECOMPILE_PREFIX_HEADER = YES;
				GCC_PREFIX_HEADER = "$(SRCROOT)/$(PROJECT_NAME)/Configure/MainDefine.pch";
				INFOPLIST_FILE = ModifyMakeup/Info.plist;
				LD_RUNPATH_SEARCH_PATHS = (
					"$(inherited)",
					"@executable_path/Frameworks",
				);
				PRODUCT_BUNDLE_IDENTIFIER = com.helinyu.music.ModifyMakeup;
				PRODUCT_NAME = "$(TARGET_NAME)";
				TARGETED_DEVICE_FAMILY = "1,2";
			};
			name = Debug;
		};
		41382993228132E300793AFC /* Release */ = {
			isa = XCBuildConfiguration;
			baseConfigurationReference = 3127593032A0E31CF29382A3 /* Pods-ModifyMakeup.release.xcconfig */;
			buildSettings = {
				ASSETCATALOG_COMPILER_APPICON_NAME = AppIcon;
				CODE_SIGN_STYLE = Automatic;
				DEVELOPMENT_TEAM = D2XBEJ6876;
				GCC_PRECOMPILE_PREFIX_HEADER = YES;
				GCC_PREFIX_HEADER = "$(SRCROOT)/$(PROJECT_NAME)/Configure/MainDefine.pch";
				INFOPLIST_FILE = ModifyMakeup/Info.plist;
				LD_RUNPATH_SEARCH_PATHS = (
					"$(inherited)",
					"@executable_path/Frameworks",
				);
				PRODUCT_BUNDLE_IDENTIFIER = com.helinyu.music.ModifyMakeup;
				PRODUCT_NAME = "$(TARGET_NAME)";
				TARGETED_DEVICE_FAMILY = "1,2";
			};
			name = Release;
		};
		41382995228132E300793AFC /* Debug */ = {
			isa = XCBuildConfiguration;
			baseConfigurationReference = F3E50139925FC1649E0DD000 /* Pods-ModifyMakeupTests.debug.xcconfig */;
			buildSettings = {
				BUNDLE_LOADER = "$(TEST_HOST)";
				CODE_SIGN_STYLE = Automatic;
				DEVELOPMENT_TEAM = D2XBEJ6876;
				INFOPLIST_FILE = ModifyMakeupTests/Info.plist;
				LD_RUNPATH_SEARCH_PATHS = (
					"$(inherited)",
					"@executable_path/Frameworks",
					"@loader_path/Frameworks",
				);
				PRODUCT_BUNDLE_IDENTIFIER = com.helinyu.music.ModifyMakeupTests;
				PRODUCT_NAME = "$(TARGET_NAME)";
				TARGETED_DEVICE_FAMILY = "1,2";
				TEST_HOST = "$(BUILT_PRODUCTS_DIR)/ModifyMakeup.app/ModifyMakeup";
			};
			name = Debug;
		};
		41382996228132E300793AFC /* Release */ = {
			isa = XCBuildConfiguration;
			baseConfigurationReference = 756B21D1D62002CD5ADBC6D0 /* Pods-ModifyMakeupTests.release.xcconfig */;
			buildSettings = {
				BUNDLE_LOADER = "$(TEST_HOST)";
				CODE_SIGN_STYLE = Automatic;
				DEVELOPMENT_TEAM = D2XBEJ6876;
				INFOPLIST_FILE = ModifyMakeupTests/Info.plist;
				LD_RUNPATH_SEARCH_PATHS = (
					"$(inherited)",
					"@executable_path/Frameworks",
					"@loader_path/Frameworks",
				);
				PRODUCT_BUNDLE_IDENTIFIER = com.helinyu.music.ModifyMakeupTests;
				PRODUCT_NAME = "$(TARGET_NAME)";
				TARGETED_DEVICE_FAMILY = "1,2";
				TEST_HOST = "$(BUILT_PRODUCTS_DIR)/ModifyMakeup.app/ModifyMakeup";
			};
			name = Release;
		};
		41382998228132E300793AFC /* Debug */ = {
			isa = XCBuildConfiguration;
			baseConfigurationReference = A13E8A131FC6F5E8D9388F11 /* Pods-ModifyMakeupUITests.debug.xcconfig */;
			buildSettings = {
				CODE_SIGN_STYLE = Automatic;
				DEVELOPMENT_TEAM = D2XBEJ6876;
				INFOPLIST_FILE = ModifyMakeupUITests/Info.plist;
				LD_RUNPATH_SEARCH_PATHS = (
					"$(inherited)",
					"@executable_path/Frameworks",
					"@loader_path/Frameworks",
				);
				PRODUCT_BUNDLE_IDENTIFIER = com.helinyu.music.ModifyMakeupUITests;
				PRODUCT_NAME = "$(TARGET_NAME)";
				TARGETED_DEVICE_FAMILY = "1,2";
				TEST_TARGET_NAME = ModifyMakeup;
			};
			name = Debug;
		};
		41382999228132E300793AFC /* Release */ = {
			isa = XCBuildConfiguration;
			baseConfigurationReference = 68346A255764474CF4260544 /* Pods-ModifyMakeupUITests.release.xcconfig */;
			buildSettings = {
				CODE_SIGN_STYLE = Automatic;
				DEVELOPMENT_TEAM = D2XBEJ6876;
				INFOPLIST_FILE = ModifyMakeupUITests/Info.plist;
				LD_RUNPATH_SEARCH_PATHS = (
					"$(inherited)",
					"@executable_path/Frameworks",
					"@loader_path/Frameworks",
				);
				PRODUCT_BUNDLE_IDENTIFIER = com.helinyu.music.ModifyMakeupUITests;
				PRODUCT_NAME = "$(TARGET_NAME)";
				TARGETED_DEVICE_FAMILY = "1,2";
				TEST_TARGET_NAME = ModifyMakeup;
			};
			name = Release;
		};
/* End XCBuildConfiguration section */

/* Begin XCConfigurationList section */
		41382960228132E100793AFC /* Build configuration list for PBXProject "ModifyMakeup" */ = {
			isa = XCConfigurationList;
			buildConfigurations = (
				4138298F228132E300793AFC /* Debug */,
				41382990228132E300793AFC /* Release */,
			);
			defaultConfigurationIsVisible = 0;
			defaultConfigurationName = Release;
		};
		41382991228132E300793AFC /* Build configuration list for PBXNativeTarget "ModifyMakeup" */ = {
			isa = XCConfigurationList;
			buildConfigurations = (
				41382992228132E300793AFC /* Debug */,
				41382993228132E300793AFC /* Release */,
			);
			defaultConfigurationIsVisible = 0;
			defaultConfigurationName = Release;
		};
		41382994228132E300793AFC /* Build configuration list for PBXNativeTarget "ModifyMakeupTests" */ = {
			isa = XCConfigurationList;
			buildConfigurations = (
				41382995228132E300793AFC /* Debug */,
				41382996228132E300793AFC /* Release */,
			);
			defaultConfigurationIsVisible = 0;
			defaultConfigurationName = Release;
		};
		41382997228132E300793AFC /* Build configuration list for PBXNativeTarget "ModifyMakeupUITests" */ = {
			isa = XCConfigurationList;
			buildConfigurations = (
				41382998228132E300793AFC /* Debug */,
				41382999228132E300793AFC /* Release */,
			);
			defaultConfigurationIsVisible = 0;
			defaultConfigurationName = Release;
		};
/* End XCConfigurationList section */
	};
	rootObject = 4138295D228132E100793AFC /* Project object */;
}
