// !$*UTF8*$!
{
	archiveVersion = 1;
	classes = {
	};
	objectVersion = 50;
	objects = {

/* Begin PBXBuildFile section */
		4138296A228132E100793AFC /* AppDelegate.m in Sources */ = {isa = PBXBuildFile; fileRef = 41382969228132E100793AFC /* AppDelegate.m */; };
		4138296D228132E100793AFC /* ViewController.m in Sources */ = {isa = PBXBuildFile; fileRef = 4138296C228132E100793AFC /* ViewController.m */; };
		41382970228132E100793AFC /* Main.storyboard in Resources */ = {isa = PBXBuildFile; fileRef = 4138296E228132E100793AFC /* Main.storyboard */; };
		41382972228132E300793AFC /* Assets.xcassets in Resources */ = {isa = PBXBuildFile; fileRef = 41382971228132E300793AFC /* Assets.xcassets */; };
		41382975228132E300793AFC /* LaunchScreen.storyboard in Resources */ = {isa = PBXBuildFile; fileRef = 41382973228132E300793AFC /* LaunchScreen.storyboard */; };
		41382978228132E300793AFC /* main.m in Sources */ = {isa = PBXBuildFile; fileRef = 41382977228132E300793AFC /* main.m */; };
		41382982228132E300793AFC /* ModifyMakeupTests.m in Sources */ = {isa = PBXBuildFile; fileRef = 41382981228132E300793AFC /* ModifyMakeupTests.m */; };
		4138298D228132E300793AFC /* ModifyMakeupUITests.m in Sources */ = {isa = PBXBuildFile; fileRef = 4138298C228132E300793AFC /* ModifyMakeupUITests.m */; };
		413829B5228137E200793AFC /* BHServiceManager.m in Sources */ = {isa = PBXBuildFile; fileRef = 4138299C228137E200793AFC /* BHServiceManager.m */; };
		413829B6228137E200793AFC /* BHServiceManager.m in Sources */ = {isa = PBXBuildFile; fileRef = 4138299C228137E200793AFC /* BHServiceManager.m */; };
		413829B7228137E200793AFC /* BHServiceManager.m in Sources */ = {isa = PBXBuildFile; fileRef = 4138299C228137E200793AFC /* BHServiceManager.m */; };
		413829B8228137E200793AFC /* BeeHive.bundle in Resources */ = {isa = PBXBuildFile; fileRef = 4138299D228137E200793AFC /* BeeHive.bundle */; };
		413829B9228137E200793AFC /* BeeHive.bundle in Resources */ = {isa = PBXBuildFile; fileRef = 4138299D228137E200793AFC /* BeeHive.bundle */; };
		413829BA228137E200793AFC /* BeeHive.bundle in Resources */ = {isa = PBXBuildFile; fileRef = 4138299D228137E200793AFC /* BeeHive.bundle */; };
		413829BB228137E200793AFC /* BHAnnotation.m in Sources */ = {isa = PBXBuildFile; fileRef = 4138299F228137E200793AFC /* BHAnnotation.m */; };
		413829BC228137E200793AFC /* BHAnnotation.m in Sources */ = {isa = PBXBuildFile; fileRef = 4138299F228137E200793AFC /* BHAnnotation.m */; };
		413829BD228137E200793AFC /* BHAnnotation.m in Sources */ = {isa = PBXBuildFile; fileRef = 4138299F228137E200793AFC /* BHAnnotation.m */; };
		413829BE228137E200793AFC /* BHWatchDog.m in Sources */ = {isa = PBXBuildFile; fileRef = 413829A2228137E200793AFC /* BHWatchDog.m */; };
		413829BF228137E200793AFC /* BHWatchDog.m in Sources */ = {isa = PBXBuildFile; fileRef = 413829A2228137E200793AFC /* BHWatchDog.m */; };
		413829C0228137E200793AFC /* BHWatchDog.m in Sources */ = {isa = PBXBuildFile; fileRef = 413829A2228137E200793AFC /* BHWatchDog.m */; };
		413829C1228137E200793AFC /* BeeHive.m in Sources */ = {isa = PBXBuildFile; fileRef = 413829A3228137E200793AFC /* BeeHive.m */; };
		413829C2228137E200793AFC /* BeeHive.m in Sources */ = {isa = PBXBuildFile; fileRef = 413829A3228137E200793AFC /* BeeHive.m */; };
		413829C3228137E200793AFC /* BeeHive.m in Sources */ = {isa = PBXBuildFile; fileRef = 413829A3228137E200793AFC /* BeeHive.m */; };
		413829C4228137E200793AFC /* BHModuleManager.m in Sources */ = {isa = PBXBuildFile; fileRef = 413829A5228137E200793AFC /* BHModuleManager.m */; };
		413829C5228137E200793AFC /* BHModuleManager.m in Sources */ = {isa = PBXBuildFile; fileRef = 413829A5228137E200793AFC /* BHModuleManager.m */; };
		413829C6228137E200793AFC /* BHModuleManager.m in Sources */ = {isa = PBXBuildFile; fileRef = 413829A5228137E200793AFC /* BHModuleManager.m */; };
		413829C7228137E200793AFC /* BHConfig.m in Sources */ = {isa = PBXBuildFile; fileRef = 413829A6228137E200793AFC /* BHConfig.m */; };
		413829C8228137E200793AFC /* BHConfig.m in Sources */ = {isa = PBXBuildFile; fileRef = 413829A6228137E200793AFC /* BHConfig.m */; };
		413829C9228137E200793AFC /* BHConfig.m in Sources */ = {isa = PBXBuildFile; fileRef = 413829A6228137E200793AFC /* BHConfig.m */; };
		413829CA228137E200793AFC /* BeeHive-Info.plist in Resources */ = {isa = PBXBuildFile; fileRef = 413829A8228137E200793AFC /* BeeHive-Info.plist */; };
		413829CB228137E200793AFC /* BeeHive-Info.plist in Resources */ = {isa = PBXBuildFile; fileRef = 413829A8228137E200793AFC /* BeeHive-Info.plist */; };
		413829CC228137E200793AFC /* BeeHive-Info.plist in Resources */ = {isa = PBXBuildFile; fileRef = 413829A8228137E200793AFC /* BeeHive-Info.plist */; };
		413829CD228137E200793AFC /* BHAppDelegate.m in Sources */ = {isa = PBXBuildFile; fileRef = 413829AA228137E200793AFC /* BHAppDelegate.m */; };
		413829CE228137E200793AFC /* BHAppDelegate.m in Sources */ = {isa = PBXBuildFile; fileRef = 413829AA228137E200793AFC /* BHAppDelegate.m */; };
		413829CF228137E200793AFC /* BHAppDelegate.m in Sources */ = {isa = PBXBuildFile; fileRef = 413829AA228137E200793AFC /* BHAppDelegate.m */; };
		413829D0228137E200793AFC /* BHTimeProfiler.m in Sources */ = {isa = PBXBuildFile; fileRef = 413829AD228137E200793AFC /* BHTimeProfiler.m */; };
		413829D1228137E200793AFC /* BHTimeProfiler.m in Sources */ = {isa = PBXBuildFile; fileRef = 413829AD228137E200793AFC /* BHTimeProfiler.m */; };
		413829D2228137E200793AFC /* BHTimeProfiler.m in Sources */ = {isa = PBXBuildFile; fileRef = 413829AD228137E200793AFC /* BHTimeProfiler.m */; };
		413829D3228137E200793AFC /* BHContext.m in Sources */ = {isa = PBXBuildFile; fileRef = 413829B0228137E200793AFC /* BHContext.m */; };
		413829D4228137E200793AFC /* BHContext.m in Sources */ = {isa = PBXBuildFile; fileRef = 413829B0228137E200793AFC /* BHContext.m */; };
		413829D5228137E200793AFC /* BHContext.m in Sources */ = {isa = PBXBuildFile; fileRef = 413829B0228137E200793AFC /* BHContext.m */; };
		49A7DA4F62CA3C51FD1FB92E /* libPods-ModifyMakeupTests.a in Frameworks */ = {isa = PBXBuildFile; fileRef = 105D366C071E003401822B6F /* libPods-ModifyMakeupTests.a */; };
		591F1662DB65B2F80DBB1C77 /* libPods-ModifyMakeup.a in Frameworks */ = {isa = PBXBuildFile; fileRef = 6127C25E4E2E27DAA63C4344 /* libPods-ModifyMakeup.a */; };
		6BD8FF5924D7A2B58F785F2F /* libPods-ModifyMakeupUITests.a in Frameworks */ = {isa = PBXBuildFile; fileRef = 9FF91C4A1F63C4CEFDAAFCB9 /* libPods-ModifyMakeupUITests.a */; };
/* End PBXBuildFile section */

/* Begin PBXContainerItemProxy section */
		4138297E228132E300793AFC /* PBXContainerItemProxy */ = {
			isa = PBXContainerItemProxy;
			containerPortal = 4138295D228132E100793AFC /* Project object */;
			proxyType = 1;
			remoteGlobalIDString = 41382964228132E100793AFC;
			remoteInfo = ModifyMakeup;
		};
		41382989228132E300793AFC /* PBXContainerItemProxy */ = {
			isa = PBXContainerItemProxy;
			containerPortal = 4138295D228132E100793AFC /* Project object */;
			proxyType = 1;
			remoteGlobalIDString = 41382964228132E100793AFC;
			remoteInfo = ModifyMakeup;
		};
/* End PBXContainerItemProxy section */

/* Begin PBXFileReference section */
		105D366C071E003401822B6F /* libPods-ModifyMakeupTests.a */ = {isa = PBXFileReference; explicitFileType = archive.ar; includeInIndex = 0; path = "libPods-ModifyMakeupTests.a"; sourceTree = BUILT_PRODUCTS_DIR; };
		3127593032A0E31CF29382A3 /* Pods-ModifyMakeup.release.xcconfig */ = {isa = PBXFileReference; includeInIndex = 1; lastKnownFileType = text.xcconfig; name = "Pods-ModifyMakeup.release.xcconfig"; path = "Target Support Files/Pods-ModifyMakeup/Pods-ModifyMakeup.release.xcconfig"; sourceTree = "<group>"; };
		41382965228132E100793AFC /* ModifyMakeup.app */ = {isa = PBXFileReference; explicitFileType = wrapper.application; includeInIndex = 0; path = ModifyMakeup.app; sourceTree = BUILT_PRODUCTS_DIR; };
		41382968228132E100793AFC /* AppDelegate.h */ = {isa = PBXFileReference; lastKnownFileType = sourcecode.c.h; path = AppDelegate.h; sourceTree = "<group>"; };
		41382969228132E100793AFC /* AppDelegate.m */ = {isa = PBXFileReference; lastKnownFileType = sourcecode.c.objc; path = AppDelegate.m; sourceTree = "<group>"; };
		4138296B228132E100793AFC /* ViewController.h */ = {isa = PBXFileReference; lastKnownFileType = sourcecode.c.h; path = ViewController.h; sourceTree = "<group>"; };
		4138296C228132E100793AFC /* ViewController.m */ = {isa = PBXFileReference; lastKnownFileType = sourcecode.c.objc; path = ViewController.m; sourceTree = "<group>"; };
		4138296F228132E100793AFC /* Base */ = {isa = PBXFileReference; lastKnownFileType = file.storyboard; name = Base; path = Base.lproj/Main.storyboard; sourceTree = "<group>"; };
		41382971228132E300793AFC /* Assets.xcassets */ = {isa = PBXFileReference; lastKnownFileType = folder.assetcatalog; path = Assets.xcassets; sourceTree = "<group>"; };
		41382974228132E300793AFC /* Base */ = {isa = PBXFileReference; lastKnownFileType = file.storyboard; name = Base; path = Base.lproj/LaunchScreen.storyboard; sourceTree = "<group>"; };
		41382976228132E300793AFC /* Info.plist */ = {isa = PBXFileReference; lastKnownFileType = text.plist.xml; path = Info.plist; sourceTree = "<group>"; };
		41382977228132E300793AFC /* main.m */ = {isa = PBXFileReference; lastKnownFileType = sourcecode.c.objc; path = main.m; sourceTree = "<group>"; };
		4138297D228132E300793AFC /* ModifyMakeupTests.xctest */ = {isa = PBXFileReference; explicitFileType = wrapper.cfbundle; includeInIndex = 0; path = ModifyMakeupTests.xctest; sourceTree = BUILT_PRODUCTS_DIR; };
		41382981228132E300793AFC /* ModifyMakeupTests.m */ = {isa = PBXFileReference; lastKnownFileType = sourcecode.c.objc; path = ModifyMakeupTests.m; sourceTree = "<group>"; };
		41382983228132E300793AFC /* Info.plist */ = {isa = PBXFileReference; lastKnownFileType = text.plist.xml; path = Info.plist; sourceTree = "<group>"; };
		41382988228132E300793AFC /* ModifyMakeupUITests.xctest */ = {isa = PBXFileReference; explicitFileType = wrapper.cfbundle; includeInIndex = 0; path = ModifyMakeupUITests.xctest; sourceTree = BUILT_PRODUCTS_DIR; };
		4138298C228132E300793AFC /* ModifyMakeupUITests.m */ = {isa = PBXFileReference; lastKnownFileType = sourcecode.c.objc; path = ModifyMakeupUITests.m; sourceTree = "<group>"; };
		4138298E228132E300793AFC /* Info.plist */ = {isa = PBXFileReference; lastKnownFileType = text.plist.xml; path = Info.plist; sourceTree = "<group>"; };
		4138299C228137E200793AFC /* BHServiceManager.m */ = {isa = PBXFileReference; fileEncoding = 4; lastKnownFileType = sourcecode.c.objc; path = BHServiceManager.m; sourceTree = "<group>"; };
		4138299D228137E200793AFC /* BeeHive.bundle */ = {isa = PBXFileReference; lastKnownFileType = "wrapper.plug-in"; path = BeeHive.bundle; sourceTree = "<group>"; };
		4138299E228137E200793AFC /* BHTimeProfiler.h */ = {isa = PBXFileReference; fileEncoding = 4; lastKnownFileType = sourcecode.c.h; path = BHTimeProfiler.h; sourceTree = "<group>"; };
		4138299F228137E200793AFC /* BHAnnotation.m */ = {isa = PBXFileReference; fileEncoding = 4; lastKnownFileType = sourcecode.c.objc; path = BHAnnotation.m; sourceTree = "<group>"; };
		413829A0228137E200793AFC /* BHAppDelegate.h */ = {isa = PBXFileReference; fileEncoding = 4; lastKnownFileType = sourcecode.c.h; path = BHAppDelegate.h; sourceTree = "<group>"; };
		413829A1228137E200793AFC /* BHContext.h */ = {isa = PBXFileReference; fileEncoding = 4; lastKnownFileType = sourcecode.c.h; path = BHContext.h; sourceTree = "<group>"; };
		413829A2228137E200793AFC /* BHWatchDog.m */ = {isa = PBXFileReference; fileEncoding = 4; lastKnownFileType = sourcecode.c.objc; path = BHWatchDog.m; sourceTree = "<group>"; };
		413829A3228137E200793AFC /* BeeHive.m */ = {isa = PBXFileReference; fileEncoding = 4; lastKnownFileType = sourcecode.c.objc; path = BeeHive.m; sourceTree = "<group>"; };
		413829A4228137E200793AFC /* BHCommon.h */ = {isa = PBXFileReference; fileEncoding = 4; lastKnownFileType = sourcecode.c.h; path = BHCommon.h; sourceTree = "<group>"; };
		413829A5228137E200793AFC /* BHModuleManager.m */ = {isa = PBXFileReference; fileEncoding = 4; lastKnownFileType = sourcecode.c.objc; path = BHModuleManager.m; sourceTree = "<group>"; };
		413829A6228137E200793AFC /* BHConfig.m */ = {isa = PBXFileReference; fileEncoding = 4; lastKnownFileType = sourcecode.c.objc; path = BHConfig.m; sourceTree = "<group>"; };
		413829A7228137E200793AFC /* BHDefines.h */ = {isa = PBXFileReference; fileEncoding = 4; lastKnownFileType = sourcecode.c.h; path = BHDefines.h; sourceTree = "<group>"; };
		413829A8228137E200793AFC /* BeeHive-Info.plist */ = {isa = PBXFileReference; fileEncoding = 4; lastKnownFileType = text.plist.xml; path = "BeeHive-Info.plist"; sourceTree = "<group>"; };
		413829A9228137E200793AFC /* BHServiceManager.h */ = {isa = PBXFileReference; fileEncoding = 4; lastKnownFileType = sourcecode.c.h; path = BHServiceManager.h; sourceTree = "<group>"; };
		413829AA228137E200793AFC /* BHAppDelegate.m */ = {isa = PBXFileReference; fileEncoding = 4; lastKnownFileType = sourcecode.c.objc; path = BHAppDelegate.m; sourceTree = "<group>"; };
		413829AB228137E200793AFC /* BHModuleProtocol.h */ = {isa = PBXFileReference; fileEncoding = 4; lastKnownFileType = sourcecode.c.h; path = BHModuleProtocol.h; sourceTree = "<group>"; };
		413829AC228137E200793AFC /* BHAnnotation.h */ = {isa = PBXFileReference; fileEncoding = 4; lastKnownFileType = sourcecode.c.h; path = BHAnnotation.h; sourceTree = "<group>"; };
		413829AD228137E200793AFC /* BHTimeProfiler.m */ = {isa = PBXFileReference; fileEncoding = 4; lastKnownFileType = sourcecode.c.objc; path = BHTimeProfiler.m; sourceTree = "<group>"; };
		413829AE228137E200793AFC /* BeeHive.h */ = {isa = PBXFileReference; fileEncoding = 4; lastKnownFileType = sourcecode.c.h; path = BeeHive.h; sourceTree = "<group>"; };
		413829AF228137E200793AFC /* BHWatchDog.h */ = {isa = PBXFileReference; fileEncoding = 4; lastKnownFileType = sourcecode.c.h; path = BHWatchDog.h; sourceTree = "<group>"; };
		413829B0228137E200793AFC /* BHContext.m */ = {isa = PBXFileReference; fileEncoding = 4; lastKnownFileType = sourcecode.c.objc; path = BHContext.m; sourceTree = "<group>"; };
		413829B1228137E200793AFC /* BHServiceProtocol.h */ = {isa = PBXFileReference; fileEncoding = 4; lastKnownFileType = sourcecode.c.h; path = BHServiceProtocol.h; sourceTree = "<group>"; };
		413829B2228137E200793AFC /* BeeHive-Prefix.pch */ = {isa = PBXFileReference; fileEncoding = 4; lastKnownFileType = sourcecode.c.h; path = "BeeHive-Prefix.pch"; sourceTree = "<group>"; };
		413829B3228137E200793AFC /* BHModuleManager.h */ = {isa = PBXFileReference; fileEncoding = 4; lastKnownFileType = sourcecode.c.h; path = BHModuleManager.h; sourceTree = "<group>"; };
		413829B4228137E200793AFC /* BHConfig.h */ = {isa = PBXFileReference; fileEncoding = 4; lastKnownFileType = sourcecode.c.h; path = BHConfig.h; sourceTree = "<group>"; };
		6127C25E4E2E27DAA63C4344 /* libPods-ModifyMakeup.a */ = {isa = PBXFileReference; explicitFileType = archive.ar; includeInIndex = 0; path = "libPods-ModifyMakeup.a"; sourceTree = BUILT_PRODUCTS_DIR; };
		68346A255764474CF4260544 /* Pods-ModifyMakeupUITests.release.xcconfig */ = {isa = PBXFileReference; includeInIndex = 1; lastKnownFileType = text.xcconfig; name = "Pods-ModifyMakeupUITests.release.xcconfig"; path = "Target Support Files/Pods-ModifyMakeupUITests/Pods-ModifyMakeupUITests.release.xcconfig"; sourceTree = "<group>"; };
		756B21D1D62002CD5ADBC6D0 /* Pods-ModifyMakeupTests.release.xcconfig */ = {isa = PBXFileReference; includeInIndex = 1; lastKnownFileType = text.xcconfig; name = "Pods-ModifyMakeupTests.release.xcconfig"; path = "Target Support Files/Pods-ModifyMakeupTests/Pods-ModifyMakeupTests.release.xcconfig"; sourceTree = "<group>"; };
		9FF91C4A1F63C4CEFDAAFCB9 /* libPods-ModifyMakeupUITests.a */ = {isa = PBXFileReference; explicitFileType = archive.ar; includeInIndex = 0; path = "libPods-ModifyMakeupUITests.a"; sourceTree = BUILT_PRODUCTS_DIR; };
		A13E8A131FC6F5E8D9388F11 /* Pods-ModifyMakeupUITests.debug.xcconfig */ = {isa = PBXFileReference; includeInIndex = 1; lastKnownFileType = text.xcconfig; name = "Pods-ModifyMakeupUITests.debug.xcconfig"; path = "Target Support Files/Pods-ModifyMakeupUITests/Pods-ModifyMakeupUITests.debug.xcconfig"; sourceTree = "<group>"; };
		F3E50139925FC1649E0DD000 /* Pods-ModifyMakeupTests.debug.xcconfig */ = {isa = PBXFileReference; includeInIndex = 1; lastKnownFileType = text.xcconfig; name = "Pods-ModifyMakeupTests.debug.xcconfig"; path = "Target Support Files/Pods-ModifyMakeupTests/Pods-ModifyMakeupTests.debug.xcconfig"; sourceTree = "<group>"; };
		F956AD2D3599F952A76DD872 /* Pods-ModifyMakeup.debug.xcconfig */ = {isa = PBXFileReference; includeInIndex = 1; lastKnownFileType = text.xcconfig; name = "Pods-ModifyMakeup.debug.xcconfig"; path = "Target Support Files/Pods-ModifyMakeup/Pods-ModifyMakeup.debug.xcconfig"; sourceTree = "<group>"; };
/* End PBXFileReference section */

/* Begin PBXFrameworksBuildPhase section */
		41382962228132E100793AFC /* Frameworks */ = {
			isa = PBXFrameworksBuildPhase;
			buildActionMask = 2147483647;
			files = (
				591F1662DB65B2F80DBB1C77 /* libPods-ModifyMakeup.a in Frameworks */,
			);
			runOnlyForDeploymentPostprocessing = 0;
		};
		4138297A228132E300793AFC /* Frameworks */ = {
			isa = PBXFrameworksBuildPhase;
			buildActionMask = 2147483647;
			files = (
				49A7DA4F62CA3C51FD1FB92E /* libPods-ModifyMakeupTests.a in Frameworks */,
			);
			runOnlyForDeploymentPostprocessing = 0;
		};
		41382985228132E300793AFC /* Frameworks */ = {
			isa = PBXFrameworksBuildPhase;
			buildActionMask = 2147483647;
			files = (
				6BD8FF5924D7A2B58F785F2F /* libPods-ModifyMakeupUITests.a in Frameworks */,
			);
			runOnlyForDeploymentPostprocessing = 0;
		};
/* End PBXFrameworksBuildPhase section */

/* Begin PBXGroup section */
		1103DA60566148ACC55E8BEA /* Frameworks */ = {
			isa = PBXGroup;
			children = (
				6127C25E4E2E27DAA63C4344 /* libPods-ModifyMakeup.a */,
				105D366C071E003401822B6F /* libPods-ModifyMakeupTests.a */,
				9FF91C4A1F63C4CEFDAAFCB9 /* libPods-ModifyMakeupUITests.a */,
			);
			name = Frameworks;
			sourceTree = "<group>";
		};
		27526E27405319C79CC2172F /* Pods */ = {
			isa = PBXGroup;
			children = (
				F956AD2D3599F952A76DD872 /* Pods-ModifyMakeup.debug.xcconfig */,
				3127593032A0E31CF29382A3 /* Pods-ModifyMakeup.release.xcconfig */,
				F3E50139925FC1649E0DD000 /* Pods-ModifyMakeupTests.debug.xcconfig */,
				756B21D1D62002CD5ADBC6D0 /* Pods-ModifyMakeupTests.release.xcconfig */,
				A13E8A131FC6F5E8D9388F11 /* Pods-ModifyMakeupUITests.debug.xcconfig */,
				68346A255764474CF4260544 /* Pods-ModifyMakeupUITests.release.xcconfig */,
			);
			path = Pods;
			sourceTree = "<group>";
		};
		4138295C228132E100793AFC = {
			isa = PBXGroup;
			children = (
				41382967228132E100793AFC /* ModifyMakeup */,
				41382980228132E300793AFC /* ModifyMakeupTests */,
				4138298B228132E300793AFC /* ModifyMakeupUITests */,
				41382966228132E100793AFC /* Products */,
				27526E27405319C79CC2172F /* Pods */,
				1103DA60566148ACC55E8BEA /* Frameworks */,
			);
			sourceTree = "<group>";
		};
		41382966228132E100793AFC /* Products */ = {
			isa = PBXGroup;
			children = (
				41382965228132E100793AFC /* ModifyMakeup.app */,
				4138297D228132E300793AFC /* ModifyMakeupTests.xctest */,
				41382988228132E300793AFC /* ModifyMakeupUITests.xctest */,
			);
			name = Products;
			sourceTree = "<group>";
		};
		41382967228132E100793AFC /* ModifyMakeup */ = {
			isa = PBXGroup;
			children = (
				4138299A228137CA00793AFC /* ThirdParts */,
				41382968228132E100793AFC /* AppDelegate.h */,
				41382969228132E100793AFC /* AppDelegate.m */,
				4138296B228132E100793AFC /* ViewController.h */,
				4138296C228132E100793AFC /* ViewController.m */,
				4138296E228132E100793AFC /* Main.storyboard */,
				41382971228132E300793AFC /* Assets.xcassets */,
				41382973228132E300793AFC /* LaunchScreen.storyboard */,
				41382976228132E300793AFC /* Info.plist */,
				41382977228132E300793AFC /* main.m */,
			);
			path = ModifyMakeup;
			sourceTree = "<group>";
		};
		41382980228132E300793AFC /* ModifyMakeupTests */ = {
			isa = PBXGroup;
			children = (
				41382981228132E300793AFC /* ModifyMakeupTests.m */,
				41382983228132E300793AFC /* Info.plist */,
			);
			path = ModifyMakeupTests;
			sourceTree = "<group>";
		};
		4138298B228132E300793AFC /* ModifyMakeupUITests */ = {
			isa = PBXGroup;
			children = (
				4138298C228132E300793AFC /* ModifyMakeupUITests.m */,
				4138298E228132E300793AFC /* Info.plist */,
			);
			path = ModifyMakeupUITests;
			sourceTree = "<group>";
		};
		4138299A228137CA00793AFC /* ThirdParts */ = {
			isa = PBXGroup;
			children = (
				4138299B228137E200793AFC /* BeeHive */,
			);
			path = ThirdParts;
			sourceTree = "<group>";
		};
		4138299B228137E200793AFC /* BeeHive */ = {
			isa = PBXGroup;
			children = (
				4138299C228137E200793AFC /* BHServiceManager.m */,
				4138299D228137E200793AFC /* BeeHive.bundle */,
				4138299E228137E200793AFC /* BHTimeProfiler.h */,
				4138299F228137E200793AFC /* BHAnnotation.m */,
				413829A0228137E200793AFC /* BHAppDelegate.h */,
				413829A1228137E200793AFC /* BHContext.h */,
				413829A2228137E200793AFC /* BHWatchDog.m */,
				413829A3228137E200793AFC /* BeeHive.m */,
				413829A4228137E200793AFC /* BHCommon.h */,
				413829A5228137E200793AFC /* BHModuleManager.m */,
				413829A6228137E200793AFC /* BHConfig.m */,
				413829A7228137E200793AFC /* BHDefines.h */,
				413829A8228137E200793AFC /* BeeHive-Info.plist */,
				413829A9228137E200793AFC /* BHServiceManager.h */,
				413829AA228137E200793AFC /* BHAppDelegate.m */,
				413829AB228137E200793AFC /* BHModuleProtocol.h */,
				413829AC228137E200793AFC /* BHAnnotation.h */,
				413829AD228137E200793AFC /* BHTimeProfiler.m */,
				413829AE228137E200793AFC /* BeeHive.h */,
				413829AF228137E200793AFC /* BHWatchDog.h */,
				413829B0228137E200793AFC /* BHContext.m */,
				413829B1228137E200793AFC /* BHServiceProtocol.h */,
				413829B2228137E200793AFC /* BeeHive-Prefix.pch */,
				413829B3228137E200793AFC /* BHModuleManager.h */,
				413829B4228137E200793AFC /* BHConfig.h */,
			);
			path = BeeHive;
			sourceTree = "<group>";
		};
/* End PBXGroup section */

/* Begin PBXNativeTarget section */
		41382964228132E100793AFC /* ModifyMakeup */ = {
			isa = PBXNativeTarget;
			buildConfigurationList = 41382991228132E300793AFC /* Build configuration list for PBXNativeTarget "ModifyMakeup" */;
			buildPhases = (
				E38954CA1F8A911A5898F4D8 /* [CP] Check Pods Manifest.lock */,
				41382961228132E100793AFC /* Sources */,
				41382962228132E100793AFC /* Frameworks */,
				41382963228132E100793AFC /* Resources */,
			);
			buildRules = (
			);
			dependencies = (
			);
			name = ModifyMakeup;
			productName = ModifyMakeup;
			productReference = 41382965228132E100793AFC /* ModifyMakeup.app */;
			productType = "com.apple.product-type.application";
		};
		4138297C228132E300793AFC /* ModifyMakeupTests */ = {
			isa = PBXNativeTarget;
			buildConfigurationList = 41382994228132E300793AFC /* Build configuration list for PBXNativeTarget "ModifyMakeupTests" */;
			buildPhases = (
				4BAEAF36F0D79F10787BDA4A /* [CP] Check Pods Manifest.lock */,
				41382979228132E300793AFC /* Sources */,
				4138297A228132E300793AFC /* Frameworks */,
				4138297B228132E300793AFC /* Resources */,
			);
			buildRules = (
			);
			dependencies = (
				4138297F228132E300793AFC /* PBXTargetDependency */,
			);
			name = ModifyMakeupTests;
			productName = ModifyMakeupTests;
			productReference = 4138297D228132E300793AFC /* ModifyMakeupTests.xctest */;
			productType = "com.apple.product-type.bundle.unit-test";
		};
		41382987228132E300793AFC /* ModifyMakeupUITests */ = {
			isa = PBXNativeTarget;
			buildConfigurationList = 41382997228132E300793AFC /* Build configuration list for PBXNativeTarget "ModifyMakeupUITests" */;
			buildPhases = (
				360F3048CD1591D8D29DF970 /* [CP] Check Pods Manifest.lock */,
				41382984228132E300793AFC /* Sources */,
				41382985228132E300793AFC /* Frameworks */,
				41382986228132E300793AFC /* Resources */,
			);
			buildRules = (
			);
			dependencies = (
				4138298A228132E300793AFC /* PBXTargetDependency */,
			);
			name = ModifyMakeupUITests;
			productName = ModifyMakeupUITests;
			productReference = 41382988228132E300793AFC /* ModifyMakeupUITests.xctest */;
			productType = "com.apple.product-type.bundle.ui-testing";
		};
/* End PBXNativeTarget section */

/* Begin PBXProject section */
		4138295D228132E100793AFC /* Project object */ = {
			isa = PBXProject;
			attributes = {
				LastUpgradeCheck = 1020;
				ORGANIZATIONNAME = Aka;
				TargetAttributes = {
					41382964228132E100793AFC = {
						CreatedOnToolsVersion = 10.2.1;
					};
					4138297C228132E300793AFC = {
						CreatedOnToolsVersion = 10.2.1;
						TestTargetID = 41382964228132E100793AFC;
					};
					41382987228132E300793AFC = {
						CreatedOnToolsVersion = 10.2.1;
						TestTargetID = 41382964228132E100793AFC;
					};
				};
			};
			buildConfigurationList = 41382960228132E100793AFC /* Build configuration list for PBXProject "ModifyMakeup" */;
			compatibilityVersion = "Xcode 9.3";
			developmentRegion = en;
			hasScannedForEncodings = 0;
			knownRegions = (
				en,
				Base,
			);
			mainGroup = 4138295C228132E100793AFC;
			productRefGroup = 41382966228132E100793AFC /* Products */;
			projectDirPath = "";
			projectRoot = "";
			targets = (
				41382964228132E100793AFC /* ModifyMakeup */,
				4138297C228132E300793AFC /* ModifyMakeupTests */,
				41382987228132E300793AFC /* ModifyMakeupUITests */,
			);
		};
/* End PBXProject section */

/* Begin PBXResourcesBuildPhase section */
		41382963228132E100793AFC /* Resources */ = {
			isa = PBXResourcesBuildPhase;
			buildActionMask = 2147483647;
			files = (
				41382975228132E300793AFC /* LaunchScreen.storyboard in Resources */,
				41382972228132E300793AFC /* Assets.xcassets in Resources */,
				413829CA228137E200793AFC /* BeeHive-Info.plist in Resources */,
				413829B8228137E200793AFC /* BeeHive.bundle in Resources */,
				41382970228132E100793AFC /* Main.storyboard in Resources */,
			);
			runOnlyForDeploymentPostprocessing = 0;
		};
		4138297B228132E300793AFC /* Resources */ = {
			isa = PBXResourcesBuildPhase;
			buildActionMask = 2147483647;
			files = (
				413829B9228137E200793AFC /* BeeHive.bundle in Resources */,
				413829CB228137E200793AFC /* BeeHive-Info.plist in Resources */,
			);
			runOnlyForDeploymentPostprocessing = 0;
		};
		41382986228132E300793AFC /* Resources */ = {
			isa = PBXResourcesBuildPhase;
			buildActionMask = 2147483647;
			files = (
				413829BA228137E200793AFC /* BeeHive.bundle in Resources */,
				413829CC228137E200793AFC /* BeeHive-Info.plist in Resources */,
			);
			runOnlyForDeploymentPostprocessing = 0;
		};
/* End PBXResourcesBuildPhase section */

/* Begin PBXShellScriptBuildPhase section */
		360F3048CD1591D8D29DF970 /* [CP] Check Pods Manifest.lock */ = {
			isa = PBXShellScriptBuildPhase;
			buildActionMask = 2147483647;
			files = (
			);
			inputFileListPaths = (
			);
			inputPaths = (
				"${PODS_PODFILE_DIR_PATH}/Podfile.lock",
				"${PODS_ROOT}/Manifest.lock",
			);
			name = "[CP] Check Pods Manifest.lock";
			outputFileListPaths = (
			);
			outputPaths = (
				"$(DERIVED_FILE_DIR)/Pods-ModifyMakeupUITests-checkManifestLockResult.txt",
			);
			runOnlyForDeploymentPostprocessing = 0;
			shellPath = /bin/sh;
			shellScript = "diff \"${PODS_PODFILE_DIR_PATH}/Podfile.lock\" \"${PODS_ROOT}/Manifest.lock\" > /dev/null\nif [ $? != 0 ] ; then\n    # print error to STDERR\n    echo \"error: The sandbox is not in sync with the Podfile.lock. Run 'pod install' or update your CocoaPods installation.\" >&2\n    exit 1\nfi\n# This output is used by Xcode 'outputs' to avoid re-running this script phase.\necho \"SUCCESS\" > \"${SCRIPT_OUTPUT_FILE_0}\"\n";
			showEnvVarsInLog = 0;
		};
		4BAEAF36F0D79F10787BDA4A /* [CP] Check Pods Manifest.lock */ = {
			isa = PBXShellScriptBuildPhase;
			buildActionMask = 2147483647;
			files = (
			);
			inputFileListPaths = (
			);
			inputPaths = (
				"${PODS_PODFILE_DIR_PATH}/Podfile.lock",
				"${PODS_ROOT}/Manifest.lock",
			);
			name = "[CP] Check Pods Manifest.lock";
			outputFileListPaths = (
			);
			outputPaths = (
				"$(DERIVED_FILE_DIR)/Pods-ModifyMakeupTests-checkManifestLockResult.txt",
			);
			runOnlyForDeploymentPostprocessing = 0;
			shellPath = /bin/sh;
			shellScript = "diff \"${PODS_PODFILE_DIR_PATH}/Podfile.lock\" \"${PODS_ROOT}/Manifest.lock\" > /dev/null\nif [ $? != 0 ] ; then\n    # print error to STDERR\n    echo \"error: The sandbox is not in sync with the Podfile.lock. Run 'pod install' or update your CocoaPods installation.\" >&2\n    exit 1\nfi\n# This output is used by Xcode 'outputs' to avoid re-running this script phase.\necho \"SUCCESS\" > \"${SCRIPT_OUTPUT_FILE_0}\"\n";
			showEnvVarsInLog = 0;
		};
		E38954CA1F8A911A5898F4D8 /* [CP] Check Pods Manifest.lock */ = {
			isa = PBXShellScriptBuildPhase;
			buildActionMask = 2147483647;
			files = (
			);
			inputFileListPaths = (
			);
			inputPaths = (
				"${PODS_PODFILE_DIR_PATH}/Podfile.lock",
				"${PODS_ROOT}/Manifest.lock",
			);
			name = "[CP] Check Pods Manifest.lock";
			outputFileListPaths = (
			);
			outputPaths = (
				"$(DERIVED_FILE_DIR)/Pods-ModifyMakeup-checkManifestLockResult.txt",
			);
			runOnlyForDeploymentPostprocessing = 0;
			shellPath = /bin/sh;
			shellScript = "diff \"${PODS_PODFILE_DIR_PATH}/Podfile.lock\" \"${PODS_ROOT}/Manifest.lock\" > /dev/null\nif [ $? != 0 ] ; then\n    # print error to STDERR\n    echo \"error: The sandbox is not in sync with the Podfile.lock. Run 'pod install' or update your CocoaPods installation.\" >&2\n    exit 1\nfi\n# This output is used by Xcode 'outputs' to avoid re-running this script phase.\necho \"SUCCESS\" > \"${SCRIPT_OUTPUT_FILE_0}\"\n";
			showEnvVarsInLog = 0;
		};
/* End PBXShellScriptBuildPhase section */

/* Begin PBXSourcesBuildPhase section */
		41382961228132E100793AFC /* Sources */ = {
			isa = PBXSourcesBuildPhase;
			buildActionMask = 2147483647;
			files = (
				413829CD228137E200793AFC /* BHAppDelegate.m in Sources */,
				413829D3228137E200793AFC /* BHContext.m in Sources */,
				4138296D228132E100793AFC /* ViewController.m in Sources */,
				413829BB228137E200793AFC /* BHAnnotation.m in Sources */,
				413829BE228137E200793AFC /* BHWatchDog.m in Sources */,
				41382978228132E300793AFC /* main.m in Sources */,
				4138296A228132E100793AFC /* AppDelegate.m in Sources */,
				413829C7228137E200793AFC /* BHConfig.m in Sources */,
				413829B5228137E200793AFC /* BHServiceManager.m in Sources */,
				413829C1228137E200793AFC /* BeeHive.m in Sources */,
				413829C4228137E200793AFC /* BHModuleManager.m in Sources */,
				413829D0228137E200793AFC /* BHTimeProfiler.m in Sources */,
			);
			runOnlyForDeploymentPostprocessing = 0;
		};
		41382979228132E300793AFC /* Sources */ = {
			isa = PBXSourcesBuildPhase;
			buildActionMask = 2147483647;
			files = (
				413829CE228137E200793AFC /* BHAppDelegate.m in Sources */,
				41382982228132E300793AFC /* ModifyMakeupTests.m in Sources */,
				413829C5228137E200793AFC /* BHModuleManager.m in Sources */,
				413829C2228137E200793AFC /* BeeHive.m in Sources */,
				413829B6228137E200793AFC /* BHServiceManager.m in Sources */,
				413829D4228137E200793AFC /* BHContext.m in Sources */,
				413829C8228137E200793AFC /* BHConfig.m in Sources */,
				413829D1228137E200793AFC /* BHTimeProfiler.m in Sources */,
				413829BF228137E200793AFC /* BHWatchDog.m in Sources */,
				413829BC228137E200793AFC /* BHAnnotation.m in Sources */,
			);
			runOnlyForDeploymentPostprocessing = 0;
		};
		41382984228132E300793AFC /* Sources */ = {
			isa = PBXSourcesBuildPhase;
			buildActionMask = 2147483647;
			files = (
				413829CF228137E200793AFC /* BHAppDelegate.m in Sources */,
				4138298D228132E300793AFC /* ModifyMakeupUITests.m in Sources */,
				413829C6228137E200793AFC /* BHModuleManager.m in Sources */,
				413829C3228137E200793AFC /* BeeHive.m in Sources */,
				413829B7228137E200793AFC /* BHServiceManager.m in Sources */,
				413829D5228137E200793AFC /* BHContext.m in Sources */,
				413829C9228137E200793AFC /* BHConfig.m in Sources */,
				413829D2228137E200793AFC /* BHTimeProfiler.m in Sources */,
				413829C0228137E200793AFC /* BHWatchDog.m in Sources */,
				413829BD228137E200793AFC /* BHAnnotation.m in Sources */,
			);
			runOnlyForDeploymentPostprocessing = 0;
		};
/* End PBXSourcesBuildPhase section */

/* Begin PBXTargetDependency section */
		4138297F228132E300793AFC /* PBXTargetDependency */ = {
			isa = PBXTargetDependency;
			target = 41382964228132E100793AFC /* ModifyMakeup */;
			targetProxy = 4138297E228132E300793AFC /* PBXContainerItemProxy */;
		};
		4138298A228132E300793AFC /* PBXTargetDependency */ = {
			isa = PBXTargetDependency;
			target = 41382964228132E100793AFC /* ModifyMakeup */;
			targetProxy = 41382989228132E300793AFC /* PBXContainerItemProxy */;
		};
/* End PBXTargetDependency section */

/* Begin PBXVariantGroup section */
		4138296E228132E100793AFC /* Main.storyboard */ = {
			isa = PBXVariantGroup;
			children = (
				4138296F228132E100793AFC /* Base */,
			);
			name = Main.storyboard;
			sourceTree = "<group>";
		};
		41382973228132E300793AFC /* LaunchScreen.storyboard */ = {
			isa = PBXVariantGroup;
			children = (
				41382974228132E300793AFC /* Base */,
			);
			name = LaunchScreen.storyboard;
			sourceTree = "<group>";
		};
/* End PBXVariantGroup section */

/* Begin XCBuildConfiguration section */
		4138298F228132E300793AFC /* Debug */ = {
			isa = XCBuildConfiguration;
			buildSettings = {
				ALWAYS_SEARCH_USER_PATHS = NO;
				CLANG_ANALYZER_NONNULL = YES;
				CLANG_ANALYZER_NUMBER_OBJECT_CONVERSION = YES_AGGRESSIVE;
				CLANG_CXX_LANGUAGE_STANDARD = "gnu++14";
				CLANG_CXX_LIBRARY = "libc++";
				CLANG_ENABLE_MODULES = YES;
				CLANG_ENABLE_OBJC_ARC = YES;
				CLANG_ENABLE_OBJC_WEAK = YES;
				CLANG_WARN_BLOCK_CAPTURE_AUTORELEASING = YES;
				CLANG_WARN_BOOL_CONVERSION = YES;
				CLANG_WARN_COMMA = YES;
				CLANG_WARN_CONSTANT_CONVERSION = YES;
				CLANG_WARN_DEPRECATED_OBJC_IMPLEMENTATIONS = YES;
				CLANG_WARN_DIRECT_OBJC_ISA_USAGE = YES_ERROR;
				CLANG_WARN_DOCUMENTATION_COMMENTS = YES;
				CLANG_WARN_EMPTY_BODY = YES;
				CLANG_WARN_ENUM_CONVERSION = YES;
				CLANG_WARN_INFINITE_RECURSION = YES;
				CLANG_WARN_INT_CONVERSION = YES;
				CLANG_WARN_NON_LITERAL_NULL_CONVERSION = YES;
				CLANG_WARN_OBJC_IMPLICIT_RETAIN_SELF = YES;
				CLANG_WARN_OBJC_LITERAL_CONVERSION = YES;
				CLANG_WARN_OBJC_ROOT_CLASS = YES_ERROR;
				CLANG_WARN_RANGE_LOOP_ANALYSIS = YES;
				CLANG_WARN_STRICT_PROTOTYPES = YES;
				CLANG_WARN_SUSPICIOUS_MOVE = YES;
				CLANG_WARN_UNGUARDED_AVAILABILITY = YES_AGGRESSIVE;
				CLANG_WARN_UNREACHABLE_CODE = YES;
				CLANG_WARN__DUPLICATE_METHOD_MATCH = YES;
				CODE_SIGN_IDENTITY = "iPhone Developer";
				COPY_PHASE_STRIP = NO;
				DEBUG_INFORMATION_FORMAT = dwarf;
				ENABLE_STRICT_OBJC_MSGSEND = YES;
				ENABLE_TESTABILITY = YES;
				GCC_C_LANGUAGE_STANDARD = gnu11;
				GCC_DYNAMIC_NO_PIC = NO;
				GCC_NO_COMMON_BLOCKS = YES;
				GCC_OPTIMIZATION_LEVEL = 0;
				GCC_PREPROCESSOR_DEFINITIONS = (
					"DEBUG=1",
					"$(inherited)",
				);
				GCC_WARN_64_TO_32_BIT_CONVERSION = YES;
				GCC_WARN_ABOUT_RETURN_TYPE = YES_ERROR;
				GCC_WARN_UNDECLARED_SELECTOR = YES;
				GCC_WARN_UNINITIALIZED_AUTOS = YES_AGGRESSIVE;
				GCC_WARN_UNUSED_FUNCTION = YES;
				GCC_WARN_UNUSED_VARIABLE = YES;
				IPHONEOS_DEPLOYMENT_TARGET = 12.2;
				MTL_ENABLE_DEBUG_INFO = INCLUDE_SOURCE;
				MTL_FAST_MATH = YES;
				ONLY_ACTIVE_ARCH = YES;
				SDKROOT = iphoneos;
			};
			name = Debug;
		};
		41382990228132E300793AFC /* Release */ = {
			isa = XCBuildConfiguration;
			buildSettings = {
				ALWAYS_SEARCH_USER_PATHS = NO;
				CLANG_ANALYZER_NONNULL = YES;
				CLANG_ANALYZER_NUMBER_OBJECT_CONVERSION = YES_AGGRESSIVE;
				CLANG_CXX_LANGUAGE_STANDARD = "gnu++14";
				CLANG_CXX_LIBRARY = "libc++";
				CLANG_ENABLE_MODULES = YES;
				CLANG_ENABLE_OBJC_ARC = YES;
				CLANG_ENABLE_OBJC_WEAK = YES;
				CLANG_WARN_BLOCK_CAPTURE_AUTORELEASING = YES;
				CLANG_WARN_BOOL_CONVERSION = YES;
				CLANG_WARN_COMMA = YES;
				CLANG_WARN_CONSTANT_CONVERSION = YES;
				CLANG_WARN_DEPRECATED_OBJC_IMPLEMENTATIONS = YES;
				CLANG_WARN_DIRECT_OBJC_ISA_USAGE = YES_ERROR;
				CLANG_WARN_DOCUMENTATION_COMMENTS = YES;
				CLANG_WARN_EMPTY_BODY = YES;
				CLANG_WARN_ENUM_CONVERSION = YES;
				CLANG_WARN_INFINITE_RECURSION = YES;
				CLANG_WARN_INT_CONVERSION = YES;
				CLANG_WARN_NON_LITERAL_NULL_CONVERSION = YES;
				CLANG_WARN_OBJC_IMPLICIT_RETAIN_SELF = YES;
				CLANG_WARN_OBJC_LITERAL_CONVERSION = YES;
				CLANG_WARN_OBJC_ROOT_CLASS = YES_ERROR;
				CLANG_WARN_RANGE_LOOP_ANALYSIS = YES;
				CLANG_WARN_STRICT_PROTOTYPES = YES;
				CLANG_WARN_SUSPICIOUS_MOVE = YES;
				CLANG_WARN_UNGUARDED_AVAILABILITY = YES_AGGRESSIVE;
				CLANG_WARN_UNREACHABLE_CODE = YES;
				CLANG_WARN__DUPLICATE_METHOD_MATCH = YES;
				CODE_SIGN_IDENTITY = "iPhone Developer";
				COPY_PHASE_STRIP = NO;
				DEBUG_INFORMATION_FORMAT = "dwarf-with-dsym";
				ENABLE_NS_ASSERTIONS = NO;
				ENABLE_STRICT_OBJC_MSGSEND = YES;
				GCC_C_LANGUAGE_STANDARD = gnu11;
				GCC_NO_COMMON_BLOCKS = YES;
				GCC_WARN_64_TO_32_BIT_CONVERSION = YES;
				GCC_WARN_ABOUT_RETURN_TYPE = YES_ERROR;
				GCC_WARN_UNDECLARED_SELECTOR = YES;
				GCC_WARN_UNINITIALIZED_AUTOS = YES_AGGRESSIVE;
				GCC_WARN_UNUSED_FUNCTION = YES;
				GCC_WARN_UNUSED_VARIABLE = YES;
				IPHONEOS_DEPLOYMENT_TARGET = 12.2;
				MTL_ENABLE_DEBUG_INFO = NO;
				MTL_FAST_MATH = YES;
				SDKROOT = iphoneos;
				VALIDATE_PRODUCT = YES;
			};
			name = Release;
		};
		41382992228132E300793AFC /* Debug */ = {
			isa = XCBuildConfiguration;
			baseConfigurationReference = F956AD2D3599F952A76DD872 /* Pods-ModifyMakeup.debug.xcconfig */;
			buildSettings = {
				ASSETCATALOG_COMPILER_APPICON_NAME = AppIcon;
				CODE_SIGN_STYLE = Automatic;
				DEVELOPMENT_TEAM = D2XBEJ6876;
				INFOPLIST_FILE = ModifyMakeup/Info.plist;
				LD_RUNPATH_SEARCH_PATHS = (
					"$(inherited)",
					"@executable_path/Frameworks",
				);
				PRODUCT_BUNDLE_IDENTIFIER = com.helinyu.music.ModifyMakeup;
				PRODUCT_NAME = "$(TARGET_NAME)";
				TARGETED_DEVICE_FAMILY = "1,2";
			};
			name = Debug;
		};
		41382993228132E300793AFC /* Release */ = {
			isa = XCBuildConfiguration;
			baseConfigurationReference = 3127593032A0E31CF29382A3 /* Pods-ModifyMakeup.release.xcconfig */;
			buildSettings = {
				ASSETCATALOG_COMPILER_APPICON_NAME = AppIcon;
				CODE_SIGN_STYLE = Automatic;
				DEVELOPMENT_TEAM = D2XBEJ6876;
				INFOPLIST_FILE = ModifyMakeup/Info.plist;
				LD_RUNPATH_SEARCH_PATHS = (
					"$(inherited)",
					"@executable_path/Frameworks",
				);
				PRODUCT_BUNDLE_IDENTIFIER = com.helinyu.music.ModifyMakeup;
				PRODUCT_NAME = "$(TARGET_NAME)";
				TARGETED_DEVICE_FAMILY = "1,2";
			};
			name = Release;
		};
		41382995228132E300793AFC /* Debug */ = {
			isa = XCBuildConfiguration;
			baseConfigurationReference = F3E50139925FC1649E0DD000 /* Pods-ModifyMakeupTests.debug.xcconfig */;
			buildSettings = {
				BUNDLE_LOADER = "$(TEST_HOST)";
				CODE_SIGN_STYLE = Automatic;
				DEVELOPMENT_TEAM = D2XBEJ6876;
				INFOPLIST_FILE = ModifyMakeupTests/Info.plist;
				LD_RUNPATH_SEARCH_PATHS = (
					"$(inherited)",
					"@executable_path/Frameworks",
					"@loader_path/Frameworks",
				);
				PRODUCT_BUNDLE_IDENTIFIER = com.helinyu.music.ModifyMakeupTests;
				PRODUCT_NAME = "$(TARGET_NAME)";
				TARGETED_DEVICE_FAMILY = "1,2";
				TEST_HOST = "$(BUILT_PRODUCTS_DIR)/ModifyMakeup.app/ModifyMakeup";
			};
			name = Debug;
		};
		41382996228132E300793AFC /* Release */ = {
			isa = XCBuildConfiguration;
			baseConfigurationReference = 756B21D1D62002CD5ADBC6D0 /* Pods-ModifyMakeupTests.release.xcconfig */;
			buildSettings = {
				BUNDLE_LOADER = "$(TEST_HOST)";
				CODE_SIGN_STYLE = Automatic;
				DEVELOPMENT_TEAM = D2XBEJ6876;
				INFOPLIST_FILE = ModifyMakeupTests/Info.plist;
				LD_RUNPATH_SEARCH_PATHS = (
					"$(inherited)",
					"@executable_path/Frameworks",
					"@loader_path/Frameworks",
				);
				PRODUCT_BUNDLE_IDENTIFIER = com.helinyu.music.ModifyMakeupTests;
				PRODUCT_NAME = "$(TARGET_NAME)";
				TARGETED_DEVICE_FAMILY = "1,2";
				TEST_HOST = "$(BUILT_PRODUCTS_DIR)/ModifyMakeup.app/ModifyMakeup";
			};
			name = Release;
		};
		41382998228132E300793AFC /* Debug */ = {
			isa = XCBuildConfiguration;
			baseConfigurationReference = A13E8A131FC6F5E8D9388F11 /* Pods-ModifyMakeupUITests.debug.xcconfig */;
			buildSettings = {
				CODE_SIGN_STYLE = Automatic;
				DEVELOPMENT_TEAM = D2XBEJ6876;
				INFOPLIST_FILE = ModifyMakeupUITests/Info.plist;
				LD_RUNPATH_SEARCH_PATHS = (
					"$(inherited)",
					"@executable_path/Frameworks",
					"@loader_path/Frameworks",
				);
				PRODUCT_BUNDLE_IDENTIFIER = com.helinyu.music.ModifyMakeupUITests;
				PRODUCT_NAME = "$(TARGET_NAME)";
				TARGETED_DEVICE_FAMILY = "1,2";
				TEST_TARGET_NAME = ModifyMakeup;
			};
			name = Debug;
		};
		41382999228132E300793AFC /* Release */ = {
			isa = XCBuildConfiguration;
			baseConfigurationReference = 68346A255764474CF4260544 /* Pods-ModifyMakeupUITests.release.xcconfig */;
			buildSettings = {
				CODE_SIGN_STYLE = Automatic;
				DEVELOPMENT_TEAM = D2XBEJ6876;
				INFOPLIST_FILE = ModifyMakeupUITests/Info.plist;
				LD_RUNPATH_SEARCH_PATHS = (
					"$(inherited)",
					"@executable_path/Frameworks",
					"@loader_path/Frameworks",
				);
				PRODUCT_BUNDLE_IDENTIFIER = com.helinyu.music.ModifyMakeupUITests;
				PRODUCT_NAME = "$(TARGET_NAME)";
				TARGETED_DEVICE_FAMILY = "1,2";
				TEST_TARGET_NAME = ModifyMakeup;
			};
			name = Release;
		};
/* End XCBuildConfiguration section */

/* Begin XCConfigurationList section */
		41382960228132E100793AFC /* Build configuration list for PBXProject "ModifyMakeup" */ = {
			isa = XCConfigurationList;
			buildConfigurations = (
				4138298F228132E300793AFC /* Debug */,
				41382990228132E300793AFC /* Release */,
			);
			defaultConfigurationIsVisible = 0;
			defaultConfigurationName = Release;
		};
		41382991228132E300793AFC /* Build configuration list for PBXNativeTarget "ModifyMakeup" */ = {
			isa = XCConfigurationList;
			buildConfigurations = (
				41382992228132E300793AFC /* Debug */,
				41382993228132E300793AFC /* Release */,
			);
			defaultConfigurationIsVisible = 0;
			defaultConfigurationName = Release;
		};
		41382994228132E300793AFC /* Build configuration list for PBXNativeTarget "ModifyMakeupTests" */ = {
			isa = XCConfigurationList;
			buildConfigurations = (
				41382995228132E300793AFC /* Debug */,
				41382996228132E300793AFC /* Release */,
			);
			defaultConfigurationIsVisible = 0;
			defaultConfigurationName = Release;
		};
		41382997228132E300793AFC /* Build configuration list for PBXNativeTarget "ModifyMakeupUITests" */ = {
			isa = XCConfigurationList;
			buildConfigurations = (
				41382998228132E300793AFC /* Debug */,
				41382999228132E300793AFC /* Release */,
			);
			defaultConfigurationIsVisible = 0;
			defaultConfigurationName = Release;
		};
/* End XCConfigurationList section */
	};
	rootObject = 4138295D228132E100793AFC /* Project object */;
}
