// !$*UTF8*$!
{
	archiveVersion = 1;
	classes = {
	};
	objectVersion = 50;
	objects = {

/* Begin PBXBuildFile section */
		41154A0A2247C56100EBA899 /* AppDelegate.m in Sources */ = {isa = PBXBuildFile; fileRef = 41154A092247C56100EBA899 /* AppDelegate.m */; };
		41154A122247C56400EBA899 /* Assets.xcassets in Resources */ = {isa = PBXBuildFile; fileRef = 41154A112247C56400EBA899 /* Assets.xcassets */; };
		41154A152247C56400EBA899 /* LaunchScreen.storyboard in Resources */ = {isa = PBXBuildFile; fileRef = 41154A132247C56400EBA899 /* LaunchScreen.storyboard */; };
		41154A182247C56400EBA899 /* main.m in Sources */ = {isa = PBXBuildFile; fileRef = 41154A172247C56400EBA899 /* main.m */; };
		41154A222247C56500EBA899 /* StrangeAcquaintancesTests.m in Sources */ = {isa = PBXBuildFile; fileRef = 41154A212247C56500EBA899 /* StrangeAcquaintancesTests.m */; };
		41154A2D2247C56500EBA899 /* StrangeAcquaintancesUITests.m in Sources */ = {isa = PBXBuildFile; fileRef = 41154A2C2247C56500EBA899 /* StrangeAcquaintancesUITests.m */; };
		41154A3C2247CA0E00EBA899 /* SAMainWrapperViewController.m in Sources */ = {isa = PBXBuildFile; fileRef = 41154A3B2247CA0E00EBA899 /* SAMainWrapperViewController.m */; };
		41154A442247CB4500EBA899 /* SABaseViewController.m in Sources */ = {isa = PBXBuildFile; fileRef = 41154A432247CB4500EBA899 /* SABaseViewController.m */; };
		41154A472247CC7C00EBA899 /* SABaseTabBarViewController.m in Sources */ = {isa = PBXBuildFile; fileRef = 41154A462247CC7C00EBA899 /* SABaseTabBarViewController.m */; };
		41154A4A2247CE6800EBA899 /* SAMainTabBarViewController.m in Sources */ = {isa = PBXBuildFile; fileRef = 41154A492247CE6800EBA899 /* SAMainTabBarViewController.m */; };
		41154A4D2247CF0B00EBA899 /* SAMainPageViewController.m in Sources */ = {isa = PBXBuildFile; fileRef = 41154A4C2247CF0B00EBA899 /* SAMainPageViewController.m */; };
		41154A522247CF3B00EBA899 /* SAMineViewController.m in Sources */ = {isa = PBXBuildFile; fileRef = 41154A512247CF3B00EBA899 /* SAMineViewController.m */; };
		41154A5E2247D0A700EBA899 /* Default-568h@2x.png in Resources */ = {isa = PBXBuildFile; fileRef = 41154A5D2247D0A700EBA899 /* Default-568h@2x.png */; };
		41154A642247DD6D00EBA899 /* SABaseView.m in Sources */ = {isa = PBXBuildFile; fileRef = 41154A632247DD6D00EBA899 /* SABaseView.m */; };
		41154A692247DDDC00EBA899 /* SAMainPageView.m in Sources */ = {isa = PBXBuildFile; fileRef = 41154A682247DDDC00EBA899 /* SAMainPageView.m */; };
		41154A6C2247DEC200EBA899 /* SAMineView.m in Sources */ = {isa = PBXBuildFile; fileRef = 41154A6B2247DEC200EBA899 /* SAMineView.m */; };
		41154A6F2247DF1A00EBA899 /* SABaseTView.m in Sources */ = {isa = PBXBuildFile; fileRef = 41154A6E2247DF1A00EBA899 /* SABaseTView.m */; };
		41154A722247DF4100EBA899 /* SABaseCView.m in Sources */ = {isa = PBXBuildFile; fileRef = 41154A712247DF4100EBA899 /* SABaseCView.m */; };
		41154A752247E0EC00EBA899 /* SABaseNavViewController.m in Sources */ = {isa = PBXBuildFile; fileRef = 41154A742247E0EC00EBA899 /* SABaseNavViewController.m */; };
		41D5FB5922520BCD00C0BB1F /* SARankViewController.m in Sources */ = {isa = PBXBuildFile; fileRef = 41D5FB5722520BCD00C0BB1F /* SARankViewController.m */; };
		41D5FB5A22520BCD00C0BB1F /* SARankViewController.m in Sources */ = {isa = PBXBuildFile; fileRef = 41D5FB5722520BCD00C0BB1F /* SARankViewController.m */; };
		41D5FB5B22520BCD00C0BB1F /* SARankViewController.m in Sources */ = {isa = PBXBuildFile; fileRef = 41D5FB5722520BCD00C0BB1F /* SARankViewController.m */; };
		41D5FB5F22520BD500C0BB1F /* SABookshelfViewController.m in Sources */ = {isa = PBXBuildFile; fileRef = 41D5FB5E22520BD400C0BB1F /* SABookshelfViewController.m */; };
		41D5FB6022520BD500C0BB1F /* SABookshelfViewController.m in Sources */ = {isa = PBXBuildFile; fileRef = 41D5FB5E22520BD400C0BB1F /* SABookshelfViewController.m */; };
		41D5FB6122520BD500C0BB1F /* SABookshelfViewController.m in Sources */ = {isa = PBXBuildFile; fileRef = 41D5FB5E22520BD400C0BB1F /* SABookshelfViewController.m */; };
		41D5FB83225215A200C0BB1F /* BHServiceManager.m in Sources */ = {isa = PBXBuildFile; fileRef = 41D5FB69225215A200C0BB1F /* BHServiceManager.m */; };
		41D5FB84225215A200C0BB1F /* BHServiceManager.m in Sources */ = {isa = PBXBuildFile; fileRef = 41D5FB69225215A200C0BB1F /* BHServiceManager.m */; };
		41D5FB85225215A200C0BB1F /* BHServiceManager.m in Sources */ = {isa = PBXBuildFile; fileRef = 41D5FB69225215A200C0BB1F /* BHServiceManager.m */; };
		41D5FB86225215A200C0BB1F /* BeeHive.bundle in Resources */ = {isa = PBXBuildFile; fileRef = 41D5FB6A225215A200C0BB1F /* BeeHive.bundle */; };
		41D5FB87225215A200C0BB1F /* BeeHive.bundle in Resources */ = {isa = PBXBuildFile; fileRef = 41D5FB6A225215A200C0BB1F /* BeeHive.bundle */; };
		41D5FB88225215A200C0BB1F /* BeeHive.bundle in Resources */ = {isa = PBXBuildFile; fileRef = 41D5FB6A225215A200C0BB1F /* BeeHive.bundle */; };
		41D5FB89225215A200C0BB1F /* BHAnnotation.m in Sources */ = {isa = PBXBuildFile; fileRef = 41D5FB6C225215A200C0BB1F /* BHAnnotation.m */; };
		41D5FB8A225215A200C0BB1F /* BHAnnotation.m in Sources */ = {isa = PBXBuildFile; fileRef = 41D5FB6C225215A200C0BB1F /* BHAnnotation.m */; };
		41D5FB8B225215A200C0BB1F /* BHAnnotation.m in Sources */ = {isa = PBXBuildFile; fileRef = 41D5FB6C225215A200C0BB1F /* BHAnnotation.m */; };
		41D5FB8C225215A200C0BB1F /* BHWatchDog.m in Sources */ = {isa = PBXBuildFile; fileRef = 41D5FB6F225215A200C0BB1F /* BHWatchDog.m */; };
		41D5FB8D225215A200C0BB1F /* BHWatchDog.m in Sources */ = {isa = PBXBuildFile; fileRef = 41D5FB6F225215A200C0BB1F /* BHWatchDog.m */; };
		41D5FB8E225215A200C0BB1F /* BHWatchDog.m in Sources */ = {isa = PBXBuildFile; fileRef = 41D5FB6F225215A200C0BB1F /* BHWatchDog.m */; };
		41D5FB8F225215A200C0BB1F /* BeeHive.m in Sources */ = {isa = PBXBuildFile; fileRef = 41D5FB70225215A200C0BB1F /* BeeHive.m */; };
		41D5FB90225215A200C0BB1F /* BeeHive.m in Sources */ = {isa = PBXBuildFile; fileRef = 41D5FB70225215A200C0BB1F /* BeeHive.m */; };
		41D5FB91225215A200C0BB1F /* BeeHive.m in Sources */ = {isa = PBXBuildFile; fileRef = 41D5FB70225215A200C0BB1F /* BeeHive.m */; };
		41D5FB92225215A200C0BB1F /* BHModuleManager.m in Sources */ = {isa = PBXBuildFile; fileRef = 41D5FB72225215A200C0BB1F /* BHModuleManager.m */; };
		41D5FB93225215A200C0BB1F /* BHModuleManager.m in Sources */ = {isa = PBXBuildFile; fileRef = 41D5FB72225215A200C0BB1F /* BHModuleManager.m */; };
		41D5FB94225215A200C0BB1F /* BHModuleManager.m in Sources */ = {isa = PBXBuildFile; fileRef = 41D5FB72225215A200C0BB1F /* BHModuleManager.m */; };
		41D5FB95225215A200C0BB1F /* BHConfig.m in Sources */ = {isa = PBXBuildFile; fileRef = 41D5FB73225215A200C0BB1F /* BHConfig.m */; };
		41D5FB96225215A200C0BB1F /* BHConfig.m in Sources */ = {isa = PBXBuildFile; fileRef = 41D5FB73225215A200C0BB1F /* BHConfig.m */; };
		41D5FB97225215A200C0BB1F /* BHConfig.m in Sources */ = {isa = PBXBuildFile; fileRef = 41D5FB73225215A200C0BB1F /* BHConfig.m */; };
		41D5FB98225215A200C0BB1F /* BeeHive-Info.plist in Resources */ = {isa = PBXBuildFile; fileRef = 41D5FB75225215A200C0BB1F /* BeeHive-Info.plist */; };
		41D5FB99225215A200C0BB1F /* BeeHive-Info.plist in Resources */ = {isa = PBXBuildFile; fileRef = 41D5FB75225215A200C0BB1F /* BeeHive-Info.plist */; };
		41D5FB9A225215A200C0BB1F /* BeeHive-Info.plist in Resources */ = {isa = PBXBuildFile; fileRef = 41D5FB75225215A200C0BB1F /* BeeHive-Info.plist */; };
		41D5FB9B225215A200C0BB1F /* BHAppDelegate.m in Sources */ = {isa = PBXBuildFile; fileRef = 41D5FB77225215A200C0BB1F /* BHAppDelegate.m */; };
		41D5FB9C225215A200C0BB1F /* BHAppDelegate.m in Sources */ = {isa = PBXBuildFile; fileRef = 41D5FB77225215A200C0BB1F /* BHAppDelegate.m */; };
		41D5FB9D225215A200C0BB1F /* BHAppDelegate.m in Sources */ = {isa = PBXBuildFile; fileRef = 41D5FB77225215A200C0BB1F /* BHAppDelegate.m */; };
		41D5FB9E225215A200C0BB1F /* BHTimeProfiler.m in Sources */ = {isa = PBXBuildFile; fileRef = 41D5FB7A225215A200C0BB1F /* BHTimeProfiler.m */; };
		41D5FB9F225215A200C0BB1F /* BHTimeProfiler.m in Sources */ = {isa = PBXBuildFile; fileRef = 41D5FB7A225215A200C0BB1F /* BHTimeProfiler.m */; };
		41D5FBA0225215A200C0BB1F /* BHTimeProfiler.m in Sources */ = {isa = PBXBuildFile; fileRef = 41D5FB7A225215A200C0BB1F /* BHTimeProfiler.m */; };
		41D5FBA1225215A200C0BB1F /* BHContext.m in Sources */ = {isa = PBXBuildFile; fileRef = 41D5FB7D225215A200C0BB1F /* BHContext.m */; };
		41D5FBA2225215A200C0BB1F /* BHContext.m in Sources */ = {isa = PBXBuildFile; fileRef = 41D5FB7D225215A200C0BB1F /* BHContext.m */; };
		41D5FBA3225215A200C0BB1F /* BHContext.m in Sources */ = {isa = PBXBuildFile; fileRef = 41D5FB7D225215A200C0BB1F /* BHContext.m */; };
		6B186AFCC925B68C2B18FA9F /* libPods-StrangeAcquaintancesTests.a in Frameworks */ = {isa = PBXBuildFile; fileRef = C1BE81E8A6486B0591AD1AAA /* libPods-StrangeAcquaintancesTests.a */; };
		ACFA5B7C6C68E638C710A2BB /* Pods_StrangeAcquaintances.framework in Frameworks */ = {isa = PBXBuildFile; fileRef = 7D8CE2D8016A99C72E24FF5A /* Pods_StrangeAcquaintances.framework */; };
		B2F1093C068A0D0C86749180 /* libPods-StrangeAcquaintancesUITests.a in Frameworks */ = {isa = PBXBuildFile; fileRef = A8D384E2B0C8AA10684AB2E3 /* libPods-StrangeAcquaintancesUITests.a */; };
/* End PBXBuildFile section */

/* Begin PBXContainerItemProxy section */
		41154A1E2247C56500EBA899 /* PBXContainerItemProxy */ = {
			isa = PBXContainerItemProxy;
			containerPortal = 411549FD2247C56000EBA899 /* Project object */;
			proxyType = 1;
			remoteGlobalIDString = 41154A042247C56100EBA899;
			remoteInfo = StrangeAcquaintances;
		};
		41154A292247C56500EBA899 /* PBXContainerItemProxy */ = {
			isa = PBXContainerItemProxy;
			containerPortal = 411549FD2247C56000EBA899 /* Project object */;
			proxyType = 1;
			remoteGlobalIDString = 41154A042247C56100EBA899;
			remoteInfo = StrangeAcquaintances;
		};
/* End PBXContainerItemProxy section */

/* Begin PBXFileReference section */
		128A4CA563CC402CE5F56CB9 /* Pods-StrangeAcquaintancesTests.debug.xcconfig */ = {isa = PBXFileReference; includeInIndex = 1; lastKnownFileType = text.xcconfig; name = "Pods-StrangeAcquaintancesTests.debug.xcconfig"; path = "Target Support Files/Pods-StrangeAcquaintancesTests/Pods-StrangeAcquaintancesTests.debug.xcconfig"; sourceTree = "<group>"; };
		32BE87DC7B3B93D40749DAFD /* Pods-StrangeAcquaintancesTests.release.xcconfig */ = {isa = PBXFileReference; includeInIndex = 1; lastKnownFileType = text.xcconfig; name = "Pods-StrangeAcquaintancesTests.release.xcconfig"; path = "Target Support Files/Pods-StrangeAcquaintancesTests/Pods-StrangeAcquaintancesTests.release.xcconfig"; sourceTree = "<group>"; };
		3F9B427A7A509F8C9045F9D7 /* Pods-StrangeAcquaintancesUITests.release.xcconfig */ = {isa = PBXFileReference; includeInIndex = 1; lastKnownFileType = text.xcconfig; name = "Pods-StrangeAcquaintancesUITests.release.xcconfig"; path = "Target Support Files/Pods-StrangeAcquaintancesUITests/Pods-StrangeAcquaintancesUITests.release.xcconfig"; sourceTree = "<group>"; };
		41154A052247C56100EBA899 /* StrangeAcquaintances.app */ = {isa = PBXFileReference; explicitFileType = wrapper.application; includeInIndex = 0; path = StrangeAcquaintances.app; sourceTree = BUILT_PRODUCTS_DIR; };
		41154A082247C56100EBA899 /* AppDelegate.h */ = {isa = PBXFileReference; lastKnownFileType = sourcecode.c.h; path = AppDelegate.h; sourceTree = "<group>"; };
		41154A092247C56100EBA899 /* AppDelegate.m */ = {isa = PBXFileReference; lastKnownFileType = sourcecode.c.objc; path = AppDelegate.m; sourceTree = "<group>"; };
		41154A112247C56400EBA899 /* Assets.xcassets */ = {isa = PBXFileReference; lastKnownFileType = folder.assetcatalog; path = Assets.xcassets; sourceTree = "<group>"; };
		41154A142247C56400EBA899 /* Base */ = {isa = PBXFileReference; lastKnownFileType = file.storyboard; name = Base; path = Base.lproj/LaunchScreen.storyboard; sourceTree = "<group>"; };
		41154A162247C56400EBA899 /* Info.plist */ = {isa = PBXFileReference; lastKnownFileType = text.plist.xml; path = Info.plist; sourceTree = "<group>"; };
		41154A172247C56400EBA899 /* main.m */ = {isa = PBXFileReference; lastKnownFileType = sourcecode.c.objc; path = main.m; sourceTree = "<group>"; };
		41154A1D2247C56500EBA899 /* StrangeAcquaintancesTests.xctest */ = {isa = PBXFileReference; explicitFileType = wrapper.cfbundle; includeInIndex = 0; path = StrangeAcquaintancesTests.xctest; sourceTree = BUILT_PRODUCTS_DIR; };
		41154A212247C56500EBA899 /* StrangeAcquaintancesTests.m */ = {isa = PBXFileReference; lastKnownFileType = sourcecode.c.objc; path = StrangeAcquaintancesTests.m; sourceTree = "<group>"; };
		41154A232247C56500EBA899 /* Info.plist */ = {isa = PBXFileReference; lastKnownFileType = text.plist.xml; path = Info.plist; sourceTree = "<group>"; };
		41154A282247C56500EBA899 /* StrangeAcquaintancesUITests.xctest */ = {isa = PBXFileReference; explicitFileType = wrapper.cfbundle; includeInIndex = 0; path = StrangeAcquaintancesUITests.xctest; sourceTree = BUILT_PRODUCTS_DIR; };
		41154A2C2247C56500EBA899 /* StrangeAcquaintancesUITests.m */ = {isa = PBXFileReference; lastKnownFileType = sourcecode.c.objc; path = StrangeAcquaintancesUITests.m; sourceTree = "<group>"; };
		41154A2E2247C56500EBA899 /* Info.plist */ = {isa = PBXFileReference; lastKnownFileType = text.plist.xml; path = Info.plist; sourceTree = "<group>"; };
		41154A3A2247CA0E00EBA899 /* SAMainWrapperViewController.h */ = {isa = PBXFileReference; lastKnownFileType = sourcecode.c.h; path = SAMainWrapperViewController.h; sourceTree = "<group>"; };
		41154A3B2247CA0E00EBA899 /* SAMainWrapperViewController.m */ = {isa = PBXFileReference; lastKnownFileType = sourcecode.c.objc; path = SAMainWrapperViewController.m; sourceTree = "<group>"; };
		41154A422247CB4500EBA899 /* SABaseViewController.h */ = {isa = PBXFileReference; lastKnownFileType = sourcecode.c.h; path = SABaseViewController.h; sourceTree = "<group>"; };
		41154A432247CB4500EBA899 /* SABaseViewController.m */ = {isa = PBXFileReference; lastKnownFileType = sourcecode.c.objc; path = SABaseViewController.m; sourceTree = "<group>"; };
		41154A452247CC7C00EBA899 /* SABaseTabBarViewController.h */ = {isa = PBXFileReference; lastKnownFileType = sourcecode.c.h; path = SABaseTabBarViewController.h; sourceTree = "<group>"; };
		41154A462247CC7C00EBA899 /* SABaseTabBarViewController.m */ = {isa = PBXFileReference; lastKnownFileType = sourcecode.c.objc; path = SABaseTabBarViewController.m; sourceTree = "<group>"; };
		41154A482247CE6800EBA899 /* SAMainTabBarViewController.h */ = {isa = PBXFileReference; lastKnownFileType = sourcecode.c.h; path = SAMainTabBarViewController.h; sourceTree = "<group>"; };
		41154A492247CE6800EBA899 /* SAMainTabBarViewController.m */ = {isa = PBXFileReference; lastKnownFileType = sourcecode.c.objc; path = SAMainTabBarViewController.m; sourceTree = "<group>"; };
		41154A4B2247CF0B00EBA899 /* SAMainPageViewController.h */ = {isa = PBXFileReference; lastKnownFileType = sourcecode.c.h; path = SAMainPageViewController.h; sourceTree = "<group>"; };
		41154A4C2247CF0B00EBA899 /* SAMainPageViewController.m */ = {isa = PBXFileReference; lastKnownFileType = sourcecode.c.objc; path = SAMainPageViewController.m; sourceTree = "<group>"; };
		41154A502247CF3B00EBA899 /* SAMineViewController.h */ = {isa = PBXFileReference; lastKnownFileType = sourcecode.c.h; path = SAMineViewController.h; sourceTree = "<group>"; };
		41154A512247CF3B00EBA899 /* SAMineViewController.m */ = {isa = PBXFileReference; lastKnownFileType = sourcecode.c.objc; path = SAMineViewController.m; sourceTree = "<group>"; };
		41154A5D2247D0A700EBA899 /* Default-568h@2x.png */ = {isa = PBXFileReference; lastKnownFileType = image.png; path = "Default-568h@2x.png"; sourceTree = "<group>"; };
		41154A5F2247D79800EBA899 /* MainDefine.pch */ = {isa = PBXFileReference; lastKnownFileType = sourcecode.c.h; path = MainDefine.pch; sourceTree = "<group>"; };
		41154A622247DD6D00EBA899 /* SABaseView.h */ = {isa = PBXFileReference; lastKnownFileType = sourcecode.c.h; path = SABaseView.h; sourceTree = "<group>"; };
		41154A632247DD6D00EBA899 /* SABaseView.m */ = {isa = PBXFileReference; lastKnownFileType = sourcecode.c.objc; path = SABaseView.m; sourceTree = "<group>"; };
		41154A672247DDDC00EBA899 /* SAMainPageView.h */ = {isa = PBXFileReference; lastKnownFileType = sourcecode.c.h; path = SAMainPageView.h; sourceTree = "<group>"; };
		41154A682247DDDC00EBA899 /* SAMainPageView.m */ = {isa = PBXFileReference; lastKnownFileType = sourcecode.c.objc; path = SAMainPageView.m; sourceTree = "<group>"; };
		41154A6A2247DEC200EBA899 /* SAMineView.h */ = {isa = PBXFileReference; lastKnownFileType = sourcecode.c.h; path = SAMineView.h; sourceTree = "<group>"; };
		41154A6B2247DEC200EBA899 /* SAMineView.m */ = {isa = PBXFileReference; lastKnownFileType = sourcecode.c.objc; path = SAMineView.m; sourceTree = "<group>"; };
		41154A6D2247DF1A00EBA899 /* SABaseTView.h */ = {isa = PBXFileReference; lastKnownFileType = sourcecode.c.h; path = SABaseTView.h; sourceTree = "<group>"; };
		41154A6E2247DF1A00EBA899 /* SABaseTView.m */ = {isa = PBXFileReference; lastKnownFileType = sourcecode.c.objc; path = SABaseTView.m; sourceTree = "<group>"; };
		41154A702247DF4100EBA899 /* SABaseCView.h */ = {isa = PBXFileReference; lastKnownFileType = sourcecode.c.h; path = SABaseCView.h; sourceTree = "<group>"; };
		41154A712247DF4100EBA899 /* SABaseCView.m */ = {isa = PBXFileReference; lastKnownFileType = sourcecode.c.objc; path = SABaseCView.m; sourceTree = "<group>"; };
		41154A732247E0EC00EBA899 /* SABaseNavViewController.h */ = {isa = PBXFileReference; lastKnownFileType = sourcecode.c.h; path = SABaseNavViewController.h; sourceTree = "<group>"; };
		41154A742247E0EC00EBA899 /* SABaseNavViewController.m */ = {isa = PBXFileReference; lastKnownFileType = sourcecode.c.objc; path = SABaseNavViewController.m; sourceTree = "<group>"; };
		417D2A1A2253A3B20062C073 /* SAMainWrapperProtocol.h */ = {isa = PBXFileReference; lastKnownFileType = sourcecode.c.h; path = SAMainWrapperProtocol.h; sourceTree = "<group>"; };
		41D5FB5722520BCD00C0BB1F /* SARankViewController.m */ = {isa = PBXFileReference; fileEncoding = 4; lastKnownFileType = sourcecode.c.objc; path = SARankViewController.m; sourceTree = "<group>"; };
		41D5FB5822520BCD00C0BB1F /* SARankViewController.h */ = {isa = PBXFileReference; fileEncoding = 4; lastKnownFileType = sourcecode.c.h; path = SARankViewController.h; sourceTree = "<group>"; };
		41D5FB5D22520BD400C0BB1F /* SABookshelfViewController.h */ = {isa = PBXFileReference; fileEncoding = 4; lastKnownFileType = sourcecode.c.h; path = SABookshelfViewController.h; sourceTree = "<group>"; };
		41D5FB5E22520BD400C0BB1F /* SABookshelfViewController.m */ = {isa = PBXFileReference; fileEncoding = 4; lastKnownFileType = sourcecode.c.objc; path = SABookshelfViewController.m; sourceTree = "<group>"; };
		41D5FB69225215A200C0BB1F /* BHServiceManager.m */ = {isa = PBXFileReference; fileEncoding = 4; lastKnownFileType = sourcecode.c.objc; path = BHServiceManager.m; sourceTree = "<group>"; };
		41D5FB6A225215A200C0BB1F /* BeeHive.bundle */ = {isa = PBXFileReference; lastKnownFileType = "wrapper.plug-in"; path = BeeHive.bundle; sourceTree = "<group>"; };
		41D5FB6B225215A200C0BB1F /* BHTimeProfiler.h */ = {isa = PBXFileReference; fileEncoding = 4; lastKnownFileType = sourcecode.c.h; path = BHTimeProfiler.h; sourceTree = "<group>"; };
		41D5FB6C225215A200C0BB1F /* BHAnnotation.m */ = {isa = PBXFileReference; fileEncoding = 4; lastKnownFileType = sourcecode.c.objc; path = BHAnnotation.m; sourceTree = "<group>"; };
		41D5FB6D225215A200C0BB1F /* BHAppDelegate.h */ = {isa = PBXFileReference; fileEncoding = 4; lastKnownFileType = sourcecode.c.h; path = BHAppDelegate.h; sourceTree = "<group>"; };
		41D5FB6E225215A200C0BB1F /* BHContext.h */ = {isa = PBXFileReference; fileEncoding = 4; lastKnownFileType = sourcecode.c.h; path = BHContext.h; sourceTree = "<group>"; };
		41D5FB6F225215A200C0BB1F /* BHWatchDog.m */ = {isa = PBXFileReference; fileEncoding = 4; lastKnownFileType = sourcecode.c.objc; path = BHWatchDog.m; sourceTree = "<group>"; };
		41D5FB70225215A200C0BB1F /* BeeHive.m */ = {isa = PBXFileReference; fileEncoding = 4; lastKnownFileType = sourcecode.c.objc; path = BeeHive.m; sourceTree = "<group>"; };
		41D5FB71225215A200C0BB1F /* BHCommon.h */ = {isa = PBXFileReference; fileEncoding = 4; lastKnownFileType = sourcecode.c.h; path = BHCommon.h; sourceTree = "<group>"; };
		41D5FB72225215A200C0BB1F /* BHModuleManager.m */ = {isa = PBXFileReference; fileEncoding = 4; lastKnownFileType = sourcecode.c.objc; path = BHModuleManager.m; sourceTree = "<group>"; };
		41D5FB73225215A200C0BB1F /* BHConfig.m */ = {isa = PBXFileReference; fileEncoding = 4; lastKnownFileType = sourcecode.c.objc; path = BHConfig.m; sourceTree = "<group>"; };
		41D5FB74225215A200C0BB1F /* BHDefines.h */ = {isa = PBXFileReference; fileEncoding = 4; lastKnownFileType = sourcecode.c.h; path = BHDefines.h; sourceTree = "<group>"; };
		41D5FB75225215A200C0BB1F /* BeeHive-Info.plist */ = {isa = PBXFileReference; fileEncoding = 4; lastKnownFileType = text.plist.xml; path = "BeeHive-Info.plist"; sourceTree = "<group>"; };
		41D5FB76225215A200C0BB1F /* BHServiceManager.h */ = {isa = PBXFileReference; fileEncoding = 4; lastKnownFileType = sourcecode.c.h; path = BHServiceManager.h; sourceTree = "<group>"; };
		41D5FB77225215A200C0BB1F /* BHAppDelegate.m */ = {isa = PBXFileReference; fileEncoding = 4; lastKnownFileType = sourcecode.c.objc; path = BHAppDelegate.m; sourceTree = "<group>"; };
		41D5FB78225215A200C0BB1F /* BHModuleProtocol.h */ = {isa = PBXFileReference; fileEncoding = 4; lastKnownFileType = sourcecode.c.h; path = BHModuleProtocol.h; sourceTree = "<group>"; };
		41D5FB79225215A200C0BB1F /* BHAnnotation.h */ = {isa = PBXFileReference; fileEncoding = 4; lastKnownFileType = sourcecode.c.h; path = BHAnnotation.h; sourceTree = "<group>"; };
		41D5FB7A225215A200C0BB1F /* BHTimeProfiler.m */ = {isa = PBXFileReference; fileEncoding = 4; lastKnownFileType = sourcecode.c.objc; path = BHTimeProfiler.m; sourceTree = "<group>"; };
		41D5FB7B225215A200C0BB1F /* BeeHive.h */ = {isa = PBXFileReference; fileEncoding = 4; lastKnownFileType = sourcecode.c.h; path = BeeHive.h; sourceTree = "<group>"; };
		41D5FB7C225215A200C0BB1F /* BHWatchDog.h */ = {isa = PBXFileReference; fileEncoding = 4; lastKnownFileType = sourcecode.c.h; path = BHWatchDog.h; sourceTree = "<group>"; };
		41D5FB7D225215A200C0BB1F /* BHContext.m */ = {isa = PBXFileReference; fileEncoding = 4; lastKnownFileType = sourcecode.c.objc; path = BHContext.m; sourceTree = "<group>"; };
		41D5FB7E225215A200C0BB1F /* BHServiceProtocol.h */ = {isa = PBXFileReference; fileEncoding = 4; lastKnownFileType = sourcecode.c.h; path = BHServiceProtocol.h; sourceTree = "<group>"; };
		41D5FB80225215A200C0BB1F /* BeeHive-Prefix.pch */ = {isa = PBXFileReference; fileEncoding = 4; lastKnownFileType = sourcecode.c.h; path = "BeeHive-Prefix.pch"; sourceTree = "<group>"; };
		41D5FB81225215A200C0BB1F /* BHModuleManager.h */ = {isa = PBXFileReference; fileEncoding = 4; lastKnownFileType = sourcecode.c.h; path = BHModuleManager.h; sourceTree = "<group>"; };
		41D5FB82225215A200C0BB1F /* BHConfig.h */ = {isa = PBXFileReference; fileEncoding = 4; lastKnownFileType = sourcecode.c.h; path = BHConfig.h; sourceTree = "<group>"; };
		738AE23BF4662F32BA1B62A7 /* Pods-StrangeAcquaintances.release.xcconfig */ = {isa = PBXFileReference; includeInIndex = 1; lastKnownFileType = text.xcconfig; name = "Pods-StrangeAcquaintances.release.xcconfig"; path = "Target Support Files/Pods-StrangeAcquaintances/Pods-StrangeAcquaintances.release.xcconfig"; sourceTree = "<group>"; };
		7D8CE2D8016A99C72E24FF5A /* Pods_StrangeAcquaintances.framework */ = {isa = PBXFileReference; explicitFileType = wrapper.framework; includeInIndex = 0; path = Pods_StrangeAcquaintances.framework; sourceTree = BUILT_PRODUCTS_DIR; };
		829A2C3C92CFCBDC599838E3 /* Pods-StrangeAcquaintancesUITests.debug.xcconfig */ = {isa = PBXFileReference; includeInIndex = 1; lastKnownFileType = text.xcconfig; name = "Pods-StrangeAcquaintancesUITests.debug.xcconfig"; path = "Target Support Files/Pods-StrangeAcquaintancesUITests/Pods-StrangeAcquaintancesUITests.debug.xcconfig"; sourceTree = "<group>"; };
		A8D384E2B0C8AA10684AB2E3 /* libPods-StrangeAcquaintancesUITests.a */ = {isa = PBXFileReference; explicitFileType = archive.ar; includeInIndex = 0; path = "libPods-StrangeAcquaintancesUITests.a"; sourceTree = BUILT_PRODUCTS_DIR; };
		B07AAE47ACFE9023CA0ABDFB /* Pods-StrangeAcquaintances.debug.xcconfig */ = {isa = PBXFileReference; includeInIndex = 1; lastKnownFileType = text.xcconfig; name = "Pods-StrangeAcquaintances.debug.xcconfig"; path = "Target Support Files/Pods-StrangeAcquaintances/Pods-StrangeAcquaintances.debug.xcconfig"; sourceTree = "<group>"; };
		C1BE81E8A6486B0591AD1AAA /* libPods-StrangeAcquaintancesTests.a */ = {isa = PBXFileReference; explicitFileType = archive.ar; includeInIndex = 0; path = "libPods-StrangeAcquaintancesTests.a"; sourceTree = BUILT_PRODUCTS_DIR; };
/* End PBXFileReference section */

/* Begin PBXFrameworksBuildPhase section */
		41154A022247C56100EBA899 /* Frameworks */ = {
			isa = PBXFrameworksBuildPhase;
			buildActionMask = 2147483647;
			files = (
				ACFA5B7C6C68E638C710A2BB /* Pods_StrangeAcquaintances.framework in Frameworks */,
			);
			runOnlyForDeploymentPostprocessing = 0;
		};
		41154A1A2247C56500EBA899 /* Frameworks */ = {
			isa = PBXFrameworksBuildPhase;
			buildActionMask = 2147483647;
			files = (
				6B186AFCC925B68C2B18FA9F /* libPods-StrangeAcquaintancesTests.a in Frameworks */,
			);
			runOnlyForDeploymentPostprocessing = 0;
		};
		41154A252247C56500EBA899 /* Frameworks */ = {
			isa = PBXFrameworksBuildPhase;
			buildActionMask = 2147483647;
			files = (
				B2F1093C068A0D0C86749180 /* libPods-StrangeAcquaintancesUITests.a in Frameworks */,
			);
			runOnlyForDeploymentPostprocessing = 0;
		};
/* End PBXFrameworksBuildPhase section */

/* Begin PBXGroup section */
		3D127ED12882F4941684BD25 /* Frameworks */ = {
			isa = PBXGroup;
			children = (
				7D8CE2D8016A99C72E24FF5A /* Pods_StrangeAcquaintances.framework */,
				C1BE81E8A6486B0591AD1AAA /* libPods-StrangeAcquaintancesTests.a */,
				A8D384E2B0C8AA10684AB2E3 /* libPods-StrangeAcquaintancesUITests.a */,
			);
			name = Frameworks;
			sourceTree = "<group>";
		};
		411549FC2247C56000EBA899 = {
			isa = PBXGroup;
			children = (
				41154A072247C56100EBA899 /* StrangeAcquaintances */,
				41154A202247C56500EBA899 /* StrangeAcquaintancesTests */,
				41154A2B2247C56500EBA899 /* StrangeAcquaintancesUITests */,
				41154A062247C56100EBA899 /* Products */,
				3D127ED12882F4941684BD25 /* Frameworks */,
				798905FC859598F2FEC3EC97 /* Pods */,
			);
			sourceTree = "<group>";
		};
		41154A062247C56100EBA899 /* Products */ = {
			isa = PBXGroup;
			children = (
				41154A052247C56100EBA899 /* StrangeAcquaintances.app */,
				41154A1D2247C56500EBA899 /* StrangeAcquaintancesTests.xctest */,
				41154A282247C56500EBA899 /* StrangeAcquaintancesUITests.xctest */,
			);
			name = Products;
			sourceTree = "<group>";
		};
		41154A072247C56100EBA899 /* StrangeAcquaintances */ = {
			isa = PBXGroup;
			children = (
				41154A162247C56400EBA899 /* Info.plist */,
				41D5FB672252158200C0BB1F /* ThirdParts */,
				41154A412247CB3000EBA899 /* Base */,
				41154A3F2247CABE00EBA899 /* Business */,
				41154A3D2247CA9B00EBA899 /* APPConfigure */,
			);
			path = StrangeAcquaintances;
			sourceTree = "<group>";
		};
		41154A202247C56500EBA899 /* StrangeAcquaintancesTests */ = {
			isa = PBXGroup;
			children = (
				41154A212247C56500EBA899 /* StrangeAcquaintancesTests.m */,
				41154A232247C56500EBA899 /* Info.plist */,
			);
			path = StrangeAcquaintancesTests;
			sourceTree = "<group>";
		};
		41154A2B2247C56500EBA899 /* StrangeAcquaintancesUITests */ = {
			isa = PBXGroup;
			children = (
				41154A2C2247C56500EBA899 /* StrangeAcquaintancesUITests.m */,
				41154A2E2247C56500EBA899 /* Info.plist */,
			);
			path = StrangeAcquaintancesUITests;
			sourceTree = "<group>";
		};
		41154A3D2247CA9B00EBA899 /* APPConfigure */ = {
			isa = PBXGroup;
			children = (
				41154A5D2247D0A700EBA899 /* Default-568h@2x.png */,
				41154A082247C56100EBA899 /* AppDelegate.h */,
				41154A092247C56100EBA899 /* AppDelegate.m */,
				41154A132247C56400EBA899 /* LaunchScreen.storyboard */,
				41154A172247C56400EBA899 /* main.m */,
				41154A112247C56400EBA899 /* Assets.xcassets */,
				41154A5F2247D79800EBA899 /* MainDefine.pch */,
			);
			path = APPConfigure;
			sourceTree = "<group>";
		};
		41154A3F2247CABE00EBA899 /* Business */ = {
			isa = PBXGroup;
			children = (
				41154A402247CB0100EBA899 /* MainWrapper */,
			);
			path = Business;
			sourceTree = "<group>";
		};
		41154A402247CB0100EBA899 /* MainWrapper */ = {
			isa = PBXGroup;
			children = (
				41154A4F2247CF2300EBA899 /* Wrapper */,
				41154A4E2247CF1900EBA899 /* Main */,
			);
			path = MainWrapper;
			sourceTree = "<group>";
		};
		41154A412247CB3000EBA899 /* Base */ = {
			isa = PBXGroup;
			children = (
				41154A612247DD4C00EBA899 /* View */,
				41154A602247DD4100EBA899 /* VC */,
			);
			path = Base;
			sourceTree = "<group>";
		};
		41154A4E2247CF1900EBA899 /* Main */ = {
			isa = PBXGroup;
			children = (
				41D5FB5C22520BD400C0BB1F /* Bookshelf */,
				41D5FB5622520BCD00C0BB1F /* Rank */,
				41154A5A2247CFFC00EBA899 /* Mine */,
				41154A592247CFF400EBA899 /* MainPage */,
			);
			path = Main;
			sourceTree = "<group>";
		};
		41154A4F2247CF2300EBA899 /* Wrapper */ = {
			isa = PBXGroup;
			children = (
				417D2A1A2253A3B20062C073 /* SAMainWrapperProtocol.h */,
				41154A3A2247CA0E00EBA899 /* SAMainWrapperViewController.h */,
				41154A3B2247CA0E00EBA899 /* SAMainWrapperViewController.m */,
				41154A482247CE6800EBA899 /* SAMainTabBarViewController.h */,
				41154A492247CE6800EBA899 /* SAMainTabBarViewController.m */,
			);
			path = Wrapper;
			sourceTree = "<group>";
		};
		41154A592247CFF400EBA899 /* MainPage */ = {
			isa = PBXGroup;
			children = (
				41154A662247DDC300EBA899 /* View */,
				41154A652247DDBB00EBA899 /* VC */,
			);
			path = MainPage;
			sourceTree = "<group>";
		};
		41154A5A2247CFFC00EBA899 /* Mine */ = {
			isa = PBXGroup;
			children = (
				41154A502247CF3B00EBA899 /* SAMineViewController.h */,
				41154A512247CF3B00EBA899 /* SAMineViewController.m */,
				41154A6A2247DEC200EBA899 /* SAMineView.h */,
				41154A6B2247DEC200EBA899 /* SAMineView.m */,
			);
			path = Mine;
			sourceTree = "<group>";
		};
		41154A602247DD4100EBA899 /* VC */ = {
			isa = PBXGroup;
			children = (
				41154A422247CB4500EBA899 /* SABaseViewController.h */,
				41154A432247CB4500EBA899 /* SABaseViewController.m */,
				41154A452247CC7C00EBA899 /* SABaseTabBarViewController.h */,
				41154A462247CC7C00EBA899 /* SABaseTabBarViewController.m */,
				41154A732247E0EC00EBA899 /* SABaseNavViewController.h */,
				41154A742247E0EC00EBA899 /* SABaseNavViewController.m */,
			);
			path = VC;
			sourceTree = "<group>";
		};
		41154A612247DD4C00EBA899 /* View */ = {
			isa = PBXGroup;
			children = (
				41154A622247DD6D00EBA899 /* SABaseView.h */,
				41154A632247DD6D00EBA899 /* SABaseView.m */,
				41154A6D2247DF1A00EBA899 /* SABaseTView.h */,
				41154A6E2247DF1A00EBA899 /* SABaseTView.m */,
				41154A702247DF4100EBA899 /* SABaseCView.h */,
				41154A712247DF4100EBA899 /* SABaseCView.m */,
			);
			path = View;
			sourceTree = "<group>";
		};
		41154A652247DDBB00EBA899 /* VC */ = {
			isa = PBXGroup;
			children = (
				41154A4B2247CF0B00EBA899 /* SAMainPageViewController.h */,
				41154A4C2247CF0B00EBA899 /* SAMainPageViewController.m */,
			);
			path = VC;
			sourceTree = "<group>";
		};
		41154A662247DDC300EBA899 /* View */ = {
			isa = PBXGroup;
			children = (
				41154A672247DDDC00EBA899 /* SAMainPageView.h */,
				41154A682247DDDC00EBA899 /* SAMainPageView.m */,
			);
			path = View;
			sourceTree = "<group>";
		};
		41D5FB5622520BCD00C0BB1F /* Rank */ = {
			isa = PBXGroup;
			children = (
				41D5FB5722520BCD00C0BB1F /* SARankViewController.m */,
				41D5FB5822520BCD00C0BB1F /* SARankViewController.h */,
			);
			path = Rank;
			sourceTree = "<group>";
		};
		41D5FB5C22520BD400C0BB1F /* Bookshelf */ = {
			isa = PBXGroup;
			children = (
				41D5FB5D22520BD400C0BB1F /* SABookshelfViewController.h */,
				41D5FB5E22520BD400C0BB1F /* SABookshelfViewController.m */,
			);
			path = Bookshelf;
			sourceTree = "<group>";
		};
		41D5FB672252158200C0BB1F /* ThirdParts */ = {
			isa = PBXGroup;
			children = (
				41D5FB68225215A200C0BB1F /* BeeHive */,
			);
			path = ThirdParts;
			sourceTree = "<group>";
		};
		41D5FB68225215A200C0BB1F /* BeeHive */ = {
			isa = PBXGroup;
			children = (
				41D5FB69225215A200C0BB1F /* BHServiceManager.m */,
				41D5FB6A225215A200C0BB1F /* BeeHive.bundle */,
				41D5FB6B225215A200C0BB1F /* BHTimeProfiler.h */,
				41D5FB6C225215A200C0BB1F /* BHAnnotation.m */,
				41D5FB6D225215A200C0BB1F /* BHAppDelegate.h */,
				41D5FB77225215A200C0BB1F /* BHAppDelegate.m */,
				41D5FB6E225215A200C0BB1F /* BHContext.h */,
				41D5FB6F225215A200C0BB1F /* BHWatchDog.m */,
				41D5FB70225215A200C0BB1F /* BeeHive.m */,
				41D5FB71225215A200C0BB1F /* BHCommon.h */,
				41D5FB72225215A200C0BB1F /* BHModuleManager.m */,
				41D5FB73225215A200C0BB1F /* BHConfig.m */,
				41D5FB74225215A200C0BB1F /* BHDefines.h */,
				41D5FB75225215A200C0BB1F /* BeeHive-Info.plist */,
				41D5FB76225215A200C0BB1F /* BHServiceManager.h */,
				41D5FB78225215A200C0BB1F /* BHModuleProtocol.h */,
				41D5FB79225215A200C0BB1F /* BHAnnotation.h */,
				41D5FB7A225215A200C0BB1F /* BHTimeProfiler.m */,
				41D5FB7B225215A200C0BB1F /* BeeHive.h */,
				41D5FB7C225215A200C0BB1F /* BHWatchDog.h */,
				41D5FB7D225215A200C0BB1F /* BHContext.m */,
				41D5FB7E225215A200C0BB1F /* BHServiceProtocol.h */,
				41D5FB80225215A200C0BB1F /* BeeHive-Prefix.pch */,
				41D5FB81225215A200C0BB1F /* BHModuleManager.h */,
				41D5FB82225215A200C0BB1F /* BHConfig.h */,
			);
			path = BeeHive;
			sourceTree = "<group>";
		};
		798905FC859598F2FEC3EC97 /* Pods */ = {
			isa = PBXGroup;
			children = (
				B07AAE47ACFE9023CA0ABDFB /* Pods-StrangeAcquaintances.debug.xcconfig */,
				738AE23BF4662F32BA1B62A7 /* Pods-StrangeAcquaintances.release.xcconfig */,
				128A4CA563CC402CE5F56CB9 /* Pods-StrangeAcquaintancesTests.debug.xcconfig */,
				32BE87DC7B3B93D40749DAFD /* Pods-StrangeAcquaintancesTests.release.xcconfig */,
				829A2C3C92CFCBDC599838E3 /* Pods-StrangeAcquaintancesUITests.debug.xcconfig */,
				3F9B427A7A509F8C9045F9D7 /* Pods-StrangeAcquaintancesUITests.release.xcconfig */,
			);
			path = Pods;
			sourceTree = "<group>";
		};
/* End PBXGroup section */

/* Begin PBXNativeTarget section */
		41154A042247C56100EBA899 /* StrangeAcquaintances */ = {
			isa = PBXNativeTarget;
			buildConfigurationList = 41154A312247C56500EBA899 /* Build configuration list for PBXNativeTarget "StrangeAcquaintances" */;
			buildPhases = (
				AB3401F58D200AC9B185927D /* [CP] Check Pods Manifest.lock */,
				41154A012247C56100EBA899 /* Sources */,
				41154A022247C56100EBA899 /* Frameworks */,
				41154A032247C56100EBA899 /* Resources */,
				43CDB577CD3E3439ECE798BF /* [CP] Embed Pods Frameworks */,
			);
			buildRules = (
			);
			dependencies = (
			);
			name = StrangeAcquaintances;
			productName = StrangeAcquaintances;
			productReference = 41154A052247C56100EBA899 /* StrangeAcquaintances.app */;
			productType = "com.apple.product-type.application";
		};
		41154A1C2247C56500EBA899 /* StrangeAcquaintancesTests */ = {
			isa = PBXNativeTarget;
			buildConfigurationList = 41154A342247C56500EBA899 /* Build configuration list for PBXNativeTarget "StrangeAcquaintancesTests" */;
			buildPhases = (
				679679A7860147DE0BECFBB1 /* [CP] Check Pods Manifest.lock */,
				41154A192247C56500EBA899 /* Sources */,
				41154A1A2247C56500EBA899 /* Frameworks */,
				41154A1B2247C56500EBA899 /* Resources */,
			);
			buildRules = (
			);
			dependencies = (
				41154A1F2247C56500EBA899 /* PBXTargetDependency */,
			);
			name = StrangeAcquaintancesTests;
			productName = StrangeAcquaintancesTests;
			productReference = 41154A1D2247C56500EBA899 /* StrangeAcquaintancesTests.xctest */;
			productType = "com.apple.product-type.bundle.unit-test";
		};
		41154A272247C56500EBA899 /* StrangeAcquaintancesUITests */ = {
			isa = PBXNativeTarget;
			buildConfigurationList = 41154A372247C56500EBA899 /* Build configuration list for PBXNativeTarget "StrangeAcquaintancesUITests" */;
			buildPhases = (
				C5A02A744D8AB92E776CF9DB /* [CP] Check Pods Manifest.lock */,
				41154A242247C56500EBA899 /* Sources */,
				41154A252247C56500EBA899 /* Frameworks */,
				41154A262247C56500EBA899 /* Resources */,
			);
			buildRules = (
			);
			dependencies = (
				41154A2A2247C56500EBA899 /* PBXTargetDependency */,
			);
			name = StrangeAcquaintancesUITests;
			productName = StrangeAcquaintancesUITests;
			productReference = 41154A282247C56500EBA899 /* StrangeAcquaintancesUITests.xctest */;
			productType = "com.apple.product-type.bundle.ui-testing";
		};
/* End PBXNativeTarget section */

/* Begin PBXProject section */
		411549FD2247C56000EBA899 /* Project object */ = {
			isa = PBXProject;
			attributes = {
				LastUpgradeCheck = 1020;
				ORGANIZATIONNAME = Aka;
				TargetAttributes = {
					41154A042247C56100EBA899 = {
						CreatedOnToolsVersion = 10.1;
					};
					41154A1C2247C56500EBA899 = {
						CreatedOnToolsVersion = 10.1;
						TestTargetID = 41154A042247C56100EBA899;
					};
					41154A272247C56500EBA899 = {
						CreatedOnToolsVersion = 10.1;
						TestTargetID = 41154A042247C56100EBA899;
					};
				};
			};
			buildConfigurationList = 41154A002247C56000EBA899 /* Build configuration list for PBXProject "StrangeAcquaintances" */;
			compatibilityVersion = "Xcode 9.3";
			developmentRegion = en;
			hasScannedForEncodings = 0;
			knownRegions = (
				en,
				Base,
			);
			mainGroup = 411549FC2247C56000EBA899;
			productRefGroup = 41154A062247C56100EBA899 /* Products */;
			projectDirPath = "";
			projectRoot = "";
			targets = (
				41154A042247C56100EBA899 /* StrangeAcquaintances */,
				41154A1C2247C56500EBA899 /* StrangeAcquaintancesTests */,
				41154A272247C56500EBA899 /* StrangeAcquaintancesUITests */,
			);
		};
/* End PBXProject section */

/* Begin PBXResourcesBuildPhase section */
		41154A032247C56100EBA899 /* Resources */ = {
			isa = PBXResourcesBuildPhase;
			buildActionMask = 2147483647;
			files = (
				41D5FB86225215A200C0BB1F /* BeeHive.bundle in Resources */,
				41D5FB98225215A200C0BB1F /* BeeHive-Info.plist in Resources */,
				41154A152247C56400EBA899 /* LaunchScreen.storyboard in Resources */,
				41154A5E2247D0A700EBA899 /* Default-568h@2x.png in Resources */,
				41154A122247C56400EBA899 /* Assets.xcassets in Resources */,
			);
			runOnlyForDeploymentPostprocessing = 0;
		};
		41154A1B2247C56500EBA899 /* Resources */ = {
			isa = PBXResourcesBuildPhase;
			buildActionMask = 2147483647;
			files = (
				41D5FB87225215A200C0BB1F /* BeeHive.bundle in Resources */,
				41D5FB99225215A200C0BB1F /* BeeHive-Info.plist in Resources */,
			);
			runOnlyForDeploymentPostprocessing = 0;
		};
		41154A262247C56500EBA899 /* Resources */ = {
			isa = PBXResourcesBuildPhase;
			buildActionMask = 2147483647;
			files = (
				41D5FB88225215A200C0BB1F /* BeeHive.bundle in Resources */,
				41D5FB9A225215A200C0BB1F /* BeeHive-Info.plist in Resources */,
			);
			runOnlyForDeploymentPostprocessing = 0;
		};
/* End PBXResourcesBuildPhase section */

/* Begin PBXShellScriptBuildPhase section */
		43CDB577CD3E3439ECE798BF /* [CP] Embed Pods Frameworks */ = {
			isa = PBXShellScriptBuildPhase;
			buildActionMask = 2147483647;
			files = (
			);
			inputFileListPaths = (
			);
			inputPaths = (
				"${PODS_ROOT}/Target Support Files/Pods-StrangeAcquaintances/Pods-StrangeAcquaintances-frameworks.sh",
				"${BUILT_PRODUCTS_DIR}/IQKeyboardManager/IQKeyboardManager.framework",
				"${BUILT_PRODUCTS_DIR}/Masonry/Masonry.framework",
				"${BUILT_PRODUCTS_DIR}/MyLayout/MyLayout.framework",
				"${BUILT_PRODUCTS_DIR}/PINCache/PINCache.framework",
				"${BUILT_PRODUCTS_DIR}/PINOperation/PINOperation.framework",
				"${BUILT_PRODUCTS_DIR}/PINRemoteImage/PINRemoteImage.framework",
				"${BUILT_PRODUCTS_DIR}/ReactiveCocoa/ReactiveCocoa.framework",
				"${BUILT_PRODUCTS_DIR}/ReactiveSwift/ReactiveSwift.framework",
				"${BUILT_PRODUCTS_DIR}/Result/Result.framework",
				"${BUILT_PRODUCTS_DIR}/SDWebImage/SDWebImage.framework",
				"${BUILT_PRODUCTS_DIR}/Texture/AsyncDisplayKit.framework",
				"${BUILT_PRODUCTS_DIR}/YYAsyncLayer/YYAsyncLayer.framework",
				"${BUILT_PRODUCTS_DIR}/YYCache/YYCache.framework",
				"${BUILT_PRODUCTS_DIR}/YYCategories/YYCategories.framework",
				"${BUILT_PRODUCTS_DIR}/YYDispatchQueuePool/YYDispatchQueuePool.framework",
				"${BUILT_PRODUCTS_DIR}/YYImage/YYImage.framework",
				"${BUILT_PRODUCTS_DIR}/YYKeyboardManager/YYKeyboardManager.framework",
				"${BUILT_PRODUCTS_DIR}/YYModel/YYModel.framework",
				"${BUILT_PRODUCTS_DIR}/YYText/YYText.framework",
				"${BUILT_PRODUCTS_DIR}/YYWebImage/YYWebImage.framework",
				"${BUILT_PRODUCTS_DIR}/cocore/cocore.framework",
				"${BUILT_PRODUCTS_DIR}/coobjc/coobjc.framework",
			);
			name = "[CP] Embed Pods Frameworks";
			outputFileListPaths = (
			);
			outputPaths = (
				"${TARGET_BUILD_DIR}/${FRAMEWORKS_FOLDER_PATH}/IQKeyboardManager.framework",
				"${TARGET_BUILD_DIR}/${FRAMEWORKS_FOLDER_PATH}/Masonry.framework",
				"${TARGET_BUILD_DIR}/${FRAMEWORKS_FOLDER_PATH}/MyLayout.framework",
				"${TARGET_BUILD_DIR}/${FRAMEWORKS_FOLDER_PATH}/PINCache.framework",
				"${TARGET_BUILD_DIR}/${FRAMEWORKS_FOLDER_PATH}/PINOperation.framework",
				"${TARGET_BUILD_DIR}/${FRAMEWORKS_FOLDER_PATH}/PINRemoteImage.framework",
				"${TARGET_BUILD_DIR}/${FRAMEWORKS_FOLDER_PATH}/ReactiveCocoa.framework",
				"${TARGET_BUILD_DIR}/${FRAMEWORKS_FOLDER_PATH}/ReactiveSwift.framework",
				"${TARGET_BUILD_DIR}/${FRAMEWORKS_FOLDER_PATH}/Result.framework",
				"${TARGET_BUILD_DIR}/${FRAMEWORKS_FOLDER_PATH}/SDWebImage.framework",
				"${TARGET_BUILD_DIR}/${FRAMEWORKS_FOLDER_PATH}/AsyncDisplayKit.framework",
				"${TARGET_BUILD_DIR}/${FRAMEWORKS_FOLDER_PATH}/YYAsyncLayer.framework",
				"${TARGET_BUILD_DIR}/${FRAMEWORKS_FOLDER_PATH}/YYCache.framework",
				"${TARGET_BUILD_DIR}/${FRAMEWORKS_FOLDER_PATH}/YYCategories.framework",
				"${TARGET_BUILD_DIR}/${FRAMEWORKS_FOLDER_PATH}/YYDispatchQueuePool.framework",
				"${TARGET_BUILD_DIR}/${FRAMEWORKS_FOLDER_PATH}/YYImage.framework",
				"${TARGET_BUILD_DIR}/${FRAMEWORKS_FOLDER_PATH}/YYKeyboardManager.framework",
				"${TARGET_BUILD_DIR}/${FRAMEWORKS_FOLDER_PATH}/YYModel.framework",
				"${TARGET_BUILD_DIR}/${FRAMEWORKS_FOLDER_PATH}/YYText.framework",
				"${TARGET_BUILD_DIR}/${FRAMEWORKS_FOLDER_PATH}/YYWebImage.framework",
				"${TARGET_BUILD_DIR}/${FRAMEWORKS_FOLDER_PATH}/cocore.framework",
				"${TARGET_BUILD_DIR}/${FRAMEWORKS_FOLDER_PATH}/coobjc.framework",
			);
			runOnlyForDeploymentPostprocessing = 0;
			shellPath = /bin/sh;
			shellScript = "\"${PODS_ROOT}/Target Support Files/Pods-StrangeAcquaintances/Pods-StrangeAcquaintances-frameworks.sh\"\n";
			showEnvVarsInLog = 0;
		};
		679679A7860147DE0BECFBB1 /* [CP] Check Pods Manifest.lock */ = {
			isa = PBXShellScriptBuildPhase;
			buildActionMask = 2147483647;
			files = (
			);
			inputFileListPaths = (
			);
			inputPaths = (
				"${PODS_PODFILE_DIR_PATH}/Podfile.lock",
				"${PODS_ROOT}/Manifest.lock",
			);
			name = "[CP] Check Pods Manifest.lock";
			outputFileListPaths = (
			);
			outputPaths = (
				"$(DERIVED_FILE_DIR)/Pods-StrangeAcquaintancesTests-checkManifestLockResult.txt",
			);
			runOnlyForDeploymentPostprocessing = 0;
			shellPath = /bin/sh;
			shellScript = "diff \"${PODS_PODFILE_DIR_PATH}/Podfile.lock\" \"${PODS_ROOT}/Manifest.lock\" > /dev/null\nif [ $? != 0 ] ; then\n    # print error to STDERR\n    echo \"error: The sandbox is not in sync with the Podfile.lock. Run 'pod install' or update your CocoaPods installation.\" >&2\n    exit 1\nfi\n# This output is used by Xcode 'outputs' to avoid re-running this script phase.\necho \"SUCCESS\" > \"${SCRIPT_OUTPUT_FILE_0}\"\n";
			showEnvVarsInLog = 0;
		};
		AB3401F58D200AC9B185927D /* [CP] Check Pods Manifest.lock */ = {
			isa = PBXShellScriptBuildPhase;
			buildActionMask = 2147483647;
			files = (
			);
			inputFileListPaths = (
			);
			inputPaths = (
				"${PODS_PODFILE_DIR_PATH}/Podfile.lock",
				"${PODS_ROOT}/Manifest.lock",
			);
			name = "[CP] Check Pods Manifest.lock";
			outputFileListPaths = (
			);
			outputPaths = (
				"$(DERIVED_FILE_DIR)/Pods-StrangeAcquaintances-checkManifestLockResult.txt",
			);
			runOnlyForDeploymentPostprocessing = 0;
			shellPath = /bin/sh;
			shellScript = "diff \"${PODS_PODFILE_DIR_PATH}/Podfile.lock\" \"${PODS_ROOT}/Manifest.lock\" > /dev/null\nif [ $? != 0 ] ; then\n    # print error to STDERR\n    echo \"error: The sandbox is not in sync with the Podfile.lock. Run 'pod install' or update your CocoaPods installation.\" >&2\n    exit 1\nfi\n# This output is used by Xcode 'outputs' to avoid re-running this script phase.\necho \"SUCCESS\" > \"${SCRIPT_OUTPUT_FILE_0}\"\n";
			showEnvVarsInLog = 0;
		};
		C5A02A744D8AB92E776CF9DB /* [CP] Check Pods Manifest.lock */ = {
			isa = PBXShellScriptBuildPhase;
			buildActionMask = 2147483647;
			files = (
			);
			inputFileListPaths = (
			);
			inputPaths = (
				"${PODS_PODFILE_DIR_PATH}/Podfile.lock",
				"${PODS_ROOT}/Manifest.lock",
			);
			name = "[CP] Check Pods Manifest.lock";
			outputFileListPaths = (
			);
			outputPaths = (
				"$(DERIVED_FILE_DIR)/Pods-StrangeAcquaintancesUITests-checkManifestLockResult.txt",
			);
			runOnlyForDeploymentPostprocessing = 0;
			shellPath = /bin/sh;
			shellScript = "diff \"${PODS_PODFILE_DIR_PATH}/Podfile.lock\" \"${PODS_ROOT}/Manifest.lock\" > /dev/null\nif [ $? != 0 ] ; then\n    # print error to STDERR\n    echo \"error: The sandbox is not in sync with the Podfile.lock. Run 'pod install' or update your CocoaPods installation.\" >&2\n    exit 1\nfi\n# This output is used by Xcode 'outputs' to avoid re-running this script phase.\necho \"SUCCESS\" > \"${SCRIPT_OUTPUT_FILE_0}\"\n";
			showEnvVarsInLog = 0;
		};
/* End PBXShellScriptBuildPhase section */

/* Begin PBXSourcesBuildPhase section */
		41154A012247C56100EBA899 /* Sources */ = {
			isa = PBXSourcesBuildPhase;
			buildActionMask = 2147483647;
			files = (
				41154A722247DF4100EBA899 /* SABaseCView.m in Sources */,
				41D5FB95225215A200C0BB1F /* BHConfig.m in Sources */,
				41D5FB92225215A200C0BB1F /* BHModuleManager.m in Sources */,
				41154A6C2247DEC200EBA899 /* SAMineView.m in Sources */,
				41154A692247DDDC00EBA899 /* SAMainPageView.m in Sources */,
				41154A472247CC7C00EBA899 /* SABaseTabBarViewController.m in Sources */,
				41154A4D2247CF0B00EBA899 /* SAMainPageViewController.m in Sources */,
				41154A3C2247CA0E00EBA899 /* SAMainWrapperViewController.m in Sources */,
				41D5FB5F22520BD500C0BB1F /* SABookshelfViewController.m in Sources */,
				41D5FB5922520BCD00C0BB1F /* SARankViewController.m in Sources */,
				41D5FB83225215A200C0BB1F /* BHServiceManager.m in Sources */,
				41154A752247E0EC00EBA899 /* SABaseNavViewController.m in Sources */,
				41154A182247C56400EBA899 /* main.m in Sources */,
				41154A4A2247CE6800EBA899 /* SAMainTabBarViewController.m in Sources */,
				41D5FB8C225215A200C0BB1F /* BHWatchDog.m in Sources */,
				41D5FBA1225215A200C0BB1F /* BHContext.m in Sources */,
				41D5FB9E225215A200C0BB1F /* BHTimeProfiler.m in Sources */,
				41154A522247CF3B00EBA899 /* SAMineViewController.m in Sources */,
				41154A0A2247C56100EBA899 /* AppDelegate.m in Sources */,
				41D5FB89225215A200C0BB1F /* BHAnnotation.m in Sources */,
				41D5FB8F225215A200C0BB1F /* BeeHive.m in Sources */,
				41154A6F2247DF1A00EBA899 /* SABaseTView.m in Sources */,
				41154A442247CB4500EBA899 /* SABaseViewController.m in Sources */,
				41154A642247DD6D00EBA899 /* SABaseView.m in Sources */,
				41D5FB9B225215A200C0BB1F /* BHAppDelegate.m in Sources */,
			);
			runOnlyForDeploymentPostprocessing = 0;
		};
		41154A192247C56500EBA899 /* Sources */ = {
			isa = PBXSourcesBuildPhase;
			buildActionMask = 2147483647;
			files = (
				41D5FB9C225215A200C0BB1F /* BHAppDelegate.m in Sources */,
				41D5FBA2225215A200C0BB1F /* BHContext.m in Sources */,
				41D5FB6022520BD500C0BB1F /* SABookshelfViewController.m in Sources */,
				41D5FB8A225215A200C0BB1F /* BHAnnotation.m in Sources */,
				41D5FB8D225215A200C0BB1F /* BHWatchDog.m in Sources */,
				41D5FB5A22520BCD00C0BB1F /* SARankViewController.m in Sources */,
				41154A222247C56500EBA899 /* StrangeAcquaintancesTests.m in Sources */,
				41D5FB96225215A200C0BB1F /* BHConfig.m in Sources */,
				41D5FB84225215A200C0BB1F /* BHServiceManager.m in Sources */,
				41D5FB90225215A200C0BB1F /* BeeHive.m in Sources */,
				41D5FB93225215A200C0BB1F /* BHModuleManager.m in Sources */,
				41D5FB9F225215A200C0BB1F /* BHTimeProfiler.m in Sources */,
			);
			runOnlyForDeploymentPostprocessing = 0;
		};
		41154A242247C56500EBA899 /* Sources */ = {
			isa = PBXSourcesBuildPhase;
			buildActionMask = 2147483647;
			files = (
				41D5FB9D225215A200C0BB1F /* BHAppDelegate.m in Sources */,
				41D5FBA3225215A200C0BB1F /* BHContext.m in Sources */,
				41D5FB6122520BD500C0BB1F /* SABookshelfViewController.m in Sources */,
				41D5FB8B225215A200C0BB1F /* BHAnnotation.m in Sources */,
				41D5FB8E225215A200C0BB1F /* BHWatchDog.m in Sources */,
				41D5FB5B22520BCD00C0BB1F /* SARankViewController.m in Sources */,
				41154A2D2247C56500EBA899 /* StrangeAcquaintancesUITests.m in Sources */,
				41D5FB97225215A200C0BB1F /* BHConfig.m in Sources */,
				41D5FB85225215A200C0BB1F /* BHServiceManager.m in Sources */,
				41D5FB91225215A200C0BB1F /* BeeHive.m in Sources */,
				41D5FB94225215A200C0BB1F /* BHModuleManager.m in Sources */,
				41D5FBA0225215A200C0BB1F /* BHTimeProfiler.m in Sources */,
			);
			runOnlyForDeploymentPostprocessing = 0;
		};
/* End PBXSourcesBuildPhase section */

/* Begin PBXTargetDependency section */
		41154A1F2247C56500EBA899 /* PBXTargetDependency */ = {
			isa = PBXTargetDependency;
			target = 41154A042247C56100EBA899 /* StrangeAcquaintances */;
			targetProxy = 41154A1E2247C56500EBA899 /* PBXContainerItemProxy */;
		};
		41154A2A2247C56500EBA899 /* PBXTargetDependency */ = {
			isa = PBXTargetDependency;
			target = 41154A042247C56100EBA899 /* StrangeAcquaintances */;
			targetProxy = 41154A292247C56500EBA899 /* PBXContainerItemProxy */;
		};
/* End PBXTargetDependency section */

/* Begin PBXVariantGroup section */
		41154A132247C56400EBA899 /* LaunchScreen.storyboard */ = {
			isa = PBXVariantGroup;
			children = (
				41154A142247C56400EBA899 /* Base */,
			);
			name = LaunchScreen.storyboard;
			sourceTree = "<group>";
		};
/* End PBXVariantGroup section */

/* Begin XCBuildConfiguration section */
		41154A2F2247C56500EBA899 /* Debug */ = {
			isa = XCBuildConfiguration;
			buildSettings = {
				ALWAYS_SEARCH_USER_PATHS = NO;
				CLANG_ANALYZER_NONNULL = YES;
				CLANG_ANALYZER_NUMBER_OBJECT_CONVERSION = YES_AGGRESSIVE;
				CLANG_CXX_LANGUAGE_STANDARD = "gnu++14";
				CLANG_CXX_LIBRARY = "libc++";
				CLANG_ENABLE_MODULES = YES;
				CLANG_ENABLE_OBJC_ARC = YES;
				CLANG_ENABLE_OBJC_WEAK = YES;
				CLANG_WARN_BLOCK_CAPTURE_AUTORELEASING = YES;
				CLANG_WARN_BOOL_CONVERSION = YES;
				CLANG_WARN_COMMA = YES;
				CLANG_WARN_CONSTANT_CONVERSION = YES;
				CLANG_WARN_DEPRECATED_OBJC_IMPLEMENTATIONS = YES;
				CLANG_WARN_DIRECT_OBJC_ISA_USAGE = YES_ERROR;
				CLANG_WARN_DOCUMENTATION_COMMENTS = YES;
				CLANG_WARN_EMPTY_BODY = YES;
				CLANG_WARN_ENUM_CONVERSION = YES;
				CLANG_WARN_INFINITE_RECURSION = YES;
				CLANG_WARN_INT_CONVERSION = YES;
				CLANG_WARN_NON_LITERAL_NULL_CONVERSION = YES;
				CLANG_WARN_OBJC_IMPLICIT_RETAIN_SELF = YES;
				CLANG_WARN_OBJC_LITERAL_CONVERSION = YES;
				CLANG_WARN_OBJC_ROOT_CLASS = YES_ERROR;
				CLANG_WARN_RANGE_LOOP_ANALYSIS = YES;
				CLANG_WARN_STRICT_PROTOTYPES = YES;
				CLANG_WARN_SUSPICIOUS_MOVE = YES;
				CLANG_WARN_UNGUARDED_AVAILABILITY = YES_AGGRESSIVE;
				CLANG_WARN_UNREACHABLE_CODE = YES;
				CLANG_WARN__DUPLICATE_METHOD_MATCH = YES;
				CODE_SIGN_IDENTITY = "iPhone Developer";
				COPY_PHASE_STRIP = NO;
				DEBUG_INFORMATION_FORMAT = dwarf;
				ENABLE_STRICT_OBJC_MSGSEND = YES;
				ENABLE_TESTABILITY = YES;
				GCC_C_LANGUAGE_STANDARD = gnu11;
				GCC_DYNAMIC_NO_PIC = NO;
				GCC_NO_COMMON_BLOCKS = YES;
				GCC_OPTIMIZATION_LEVEL = 0;
				GCC_PREPROCESSOR_DEFINITIONS = (
					"DEBUG=1",
					"$(inherited)",
				);
				GCC_WARN_64_TO_32_BIT_CONVERSION = YES;
				GCC_WARN_ABOUT_RETURN_TYPE = YES_ERROR;
				GCC_WARN_UNDECLARED_SELECTOR = YES;
				GCC_WARN_UNINITIALIZED_AUTOS = YES_AGGRESSIVE;
				GCC_WARN_UNUSED_FUNCTION = YES;
				GCC_WARN_UNUSED_VARIABLE = YES;
				IPHONEOS_DEPLOYMENT_TARGET = 8.0;
				MTL_ENABLE_DEBUG_INFO = INCLUDE_SOURCE;
				MTL_FAST_MATH = YES;
				ONLY_ACTIVE_ARCH = YES;
				SDKROOT = iphoneos;
			};
			name = Debug;
		};
		41154A302247C56500EBA899 /* Release */ = {
			isa = XCBuildConfiguration;
			buildSettings = {
				ALWAYS_SEARCH_USER_PATHS = NO;
				CLANG_ANALYZER_NONNULL = YES;
				CLANG_ANALYZER_NUMBER_OBJECT_CONVERSION = YES_AGGRESSIVE;
				CLANG_CXX_LANGUAGE_STANDARD = "gnu++14";
				CLANG_CXX_LIBRARY = "libc++";
				CLANG_ENABLE_MODULES = YES;
				CLANG_ENABLE_OBJC_ARC = YES;
				CLANG_ENABLE_OBJC_WEAK = YES;
				CLANG_WARN_BLOCK_CAPTURE_AUTORELEASING = YES;
				CLANG_WARN_BOOL_CONVERSION = YES;
				CLANG_WARN_COMMA = YES;
				CLANG_WARN_CONSTANT_CONVERSION = YES;
				CLANG_WARN_DEPRECATED_OBJC_IMPLEMENTATIONS = YES;
				CLANG_WARN_DIRECT_OBJC_ISA_USAGE = YES_ERROR;
				CLANG_WARN_DOCUMENTATION_COMMENTS = YES;
				CLANG_WARN_EMPTY_BODY = YES;
				CLANG_WARN_ENUM_CONVERSION = YES;
				CLANG_WARN_INFINITE_RECURSION = YES;
				CLANG_WARN_INT_CONVERSION = YES;
				CLANG_WARN_NON_LITERAL_NULL_CONVERSION = YES;
				CLANG_WARN_OBJC_IMPLICIT_RETAIN_SELF = YES;
				CLANG_WARN_OBJC_LITERAL_CONVERSION = YES;
				CLANG_WARN_OBJC_ROOT_CLASS = YES_ERROR;
				CLANG_WARN_RANGE_LOOP_ANALYSIS = YES;
				CLANG_WARN_STRICT_PROTOTYPES = YES;
				CLANG_WARN_SUSPICIOUS_MOVE = YES;
				CLANG_WARN_UNGUARDED_AVAILABILITY = YES_AGGRESSIVE;
				CLANG_WARN_UNREACHABLE_CODE = YES;
				CLANG_WARN__DUPLICATE_METHOD_MATCH = YES;
				CODE_SIGN_IDENTITY = "iPhone Developer";
				COPY_PHASE_STRIP = NO;
				DEBUG_INFORMATION_FORMAT = "dwarf-with-dsym";
				ENABLE_NS_ASSERTIONS = NO;
				ENABLE_STRICT_OBJC_MSGSEND = YES;
				GCC_C_LANGUAGE_STANDARD = gnu11;
				GCC_NO_COMMON_BLOCKS = YES;
				GCC_WARN_64_TO_32_BIT_CONVERSION = YES;
				GCC_WARN_ABOUT_RETURN_TYPE = YES_ERROR;
				GCC_WARN_UNDECLARED_SELECTOR = YES;
				GCC_WARN_UNINITIALIZED_AUTOS = YES_AGGRESSIVE;
				GCC_WARN_UNUSED_FUNCTION = YES;
				GCC_WARN_UNUSED_VARIABLE = YES;
				IPHONEOS_DEPLOYMENT_TARGET = 8.0;
				MTL_ENABLE_DEBUG_INFO = NO;
				MTL_FAST_MATH = YES;
				SDKROOT = iphoneos;
				VALIDATE_PRODUCT = YES;
			};
			name = Release;
		};
		41154A322247C56500EBA899 /* Debug */ = {
			isa = XCBuildConfiguration;
			baseConfigurationReference = B07AAE47ACFE9023CA0ABDFB /* Pods-StrangeAcquaintances.debug.xcconfig */;
			buildSettings = {
				ALWAYS_EMBED_SWIFT_STANDARD_LIBRARIES = YES;
				ASSETCATALOG_COMPILER_APPICON_NAME = AppIcon;
				CODE_SIGN_IDENTITY = "iPhone Developer";
				CODE_SIGN_STYLE = Automatic;
				DEVELOPMENT_TEAM = "";
				GCC_PREFIX_HEADER = "$(PROJECT)$(SOURCE_PEOJECT)/APPConfigure/MainDefine.pch";
				INFOPLIST_FILE = StrangeAcquaintances/Info.plist;
				IPHONEOS_DEPLOYMENT_TARGET = 8.0;
				LD_RUNPATH_SEARCH_PATHS = (
					"$(inherited)",
					"@executable_path/Frameworks",
				);
				PRODUCT_BUNDLE_IDENTIFIER = com.helinyu.music.StrangeAcquaintances;
				PRODUCT_NAME = "$(TARGET_NAME)";
				PROVISIONING_PROFILE_SPECIFIER = "";
				TARGETED_DEVICE_FAMILY = "1,2";
			};
			name = Debug;
		};
		41154A332247C56500EBA899 /* Release */ = {
			isa = XCBuildConfiguration;
			baseConfigurationReference = 738AE23BF4662F32BA1B62A7 /* Pods-StrangeAcquaintances.release.xcconfig */;
			buildSettings = {
				ALWAYS_EMBED_SWIFT_STANDARD_LIBRARIES = YES;
				ASSETCATALOG_COMPILER_APPICON_NAME = AppIcon;
				CODE_SIGN_IDENTITY = "iPhone Developer";
				CODE_SIGN_STYLE = Automatic;
				DEVELOPMENT_TEAM = "";
				GCC_PREFIX_HEADER = "$(PROJECT)$(SOURCE_PEOJECT)/APPConfigure/MainDefine.pch";
				INFOPLIST_FILE = StrangeAcquaintances/Info.plist;
				IPHONEOS_DEPLOYMENT_TARGET = 8.0;
				LD_RUNPATH_SEARCH_PATHS = (
					"$(inherited)",
					"@executable_path/Frameworks",
				);
				PRODUCT_BUNDLE_IDENTIFIER = com.helinyu.music.StrangeAcquaintances;
				PRODUCT_NAME = "$(TARGET_NAME)";
				PROVISIONING_PROFILE_SPECIFIER = "";
				TARGETED_DEVICE_FAMILY = "1,2";
			};
			name = Release;
		};
		41154A352247C56500EBA899 /* Debug */ = {
			isa = XCBuildConfiguration;
			baseConfigurationReference = 128A4CA563CC402CE5F56CB9 /* Pods-StrangeAcquaintancesTests.debug.xcconfig */;
			buildSettings = {
				BUNDLE_LOADER = "$(TEST_HOST)";
				CODE_SIGN_STYLE = Automatic;
				DEVELOPMENT_TEAM = D2XBEJ6876;
				INFOPLIST_FILE = StrangeAcquaintancesTests/Info.plist;
				LD_RUNPATH_SEARCH_PATHS = (
					"$(inherited)",
					"@executable_path/Frameworks",
					"@loader_path/Frameworks",
				);
				PRODUCT_BUNDLE_IDENTIFIER = com.helinyu.music.StrangeAcquaintancesTests;
				PRODUCT_NAME = "$(TARGET_NAME)";
				TARGETED_DEVICE_FAMILY = "1,2";
				TEST_HOST = "$(BUILT_PRODUCTS_DIR)/StrangeAcquaintances.app/StrangeAcquaintances";
			};
			name = Debug;
		};
		41154A362247C56500EBA899 /* Release */ = {
			isa = XCBuildConfiguration;
			baseConfigurationReference = 32BE87DC7B3B93D40749DAFD /* Pods-StrangeAcquaintancesTests.release.xcconfig */;
			buildSettings = {
				BUNDLE_LOADER = "$(TEST_HOST)";
				CODE_SIGN_STYLE = Automatic;
				DEVELOPMENT_TEAM = D2XBEJ6876;
				INFOPLIST_FILE = StrangeAcquaintancesTests/Info.plist;
				LD_RUNPATH_SEARCH_PATHS = (
					"$(inherited)",
					"@executable_path/Frameworks",
					"@loader_path/Frameworks",
				);
				PRODUCT_BUNDLE_IDENTIFIER = com.helinyu.music.StrangeAcquaintancesTests;
				PRODUCT_NAME = "$(TARGET_NAME)";
				TARGETED_DEVICE_FAMILY = "1,2";
				TEST_HOST = "$(BUILT_PRODUCTS_DIR)/StrangeAcquaintances.app/StrangeAcquaintances";
			};
			name = Release;
		};
		41154A382247C56500EBA899 /* Debug */ = {
			isa = XCBuildConfiguration;
			baseConfigurationReference = 829A2C3C92CFCBDC599838E3 /* Pods-StrangeAcquaintancesUITests.debug.xcconfig */;
			buildSettings = {
				CODE_SIGN_STYLE = Automatic;
				DEVELOPMENT_TEAM = D2XBEJ6876;
				INFOPLIST_FILE = StrangeAcquaintancesUITests/Info.plist;
				LD_RUNPATH_SEARCH_PATHS = (
					"$(inherited)",
					"@executable_path/Frameworks",
					"@loader_path/Frameworks",
				);
				PRODUCT_BUNDLE_IDENTIFIER = com.helinyu.music.StrangeAcquaintancesUITests;
				PRODUCT_NAME = "$(TARGET_NAME)";
				TARGETED_DEVICE_FAMILY = "1,2";
				TEST_TARGET_NAME = StrangeAcquaintances;
			};
			name = Debug;
		};
		41154A392247C56500EBA899 /* Release */ = {
			isa = XCBuildConfiguration;
			baseConfigurationReference = 3F9B427A7A509F8C9045F9D7 /* Pods-StrangeAcquaintancesUITests.release.xcconfig */;
			buildSettings = {
				CODE_SIGN_STYLE = Automatic;
				DEVELOPMENT_TEAM = D2XBEJ6876;
				INFOPLIST_FILE = StrangeAcquaintancesUITests/Info.plist;
				LD_RUNPATH_SEARCH_PATHS = (
					"$(inherited)",
					"@executable_path/Frameworks",
					"@loader_path/Frameworks",
				);
				PRODUCT_BUNDLE_IDENTIFIER = com.helinyu.music.StrangeAcquaintancesUITests;
				PRODUCT_NAME = "$(TARGET_NAME)";
				TARGETED_DEVICE_FAMILY = "1,2";
				TEST_TARGET_NAME = StrangeAcquaintances;
			};
			name = Release;
		};
/* End XCBuildConfiguration section */

/* Begin XCConfigurationList section */
		41154A002247C56000EBA899 /* Build configuration list for PBXProject "StrangeAcquaintances" */ = {
			isa = XCConfigurationList;
			buildConfigurations = (
				41154A2F2247C56500EBA899 /* Debug */,
				41154A302247C56500EBA899 /* Release */,
			);
			defaultConfigurationIsVisible = 0;
			defaultConfigurationName = Release;
		};
		41154A312247C56500EBA899 /* Build configuration list for PBXNativeTarget "StrangeAcquaintances" */ = {
			isa = XCConfigurationList;
			buildConfigurations = (
				41154A322247C56500EBA899 /* Debug */,
				41154A332247C56500EBA899 /* Release */,
			);
			defaultConfigurationIsVisible = 0;
			defaultConfigurationName = Release;
		};
		41154A342247C56500EBA899 /* Build configuration list for PBXNativeTarget "StrangeAcquaintancesTests" */ = {
			isa = XCConfigurationList;
			buildConfigurations = (
				41154A352247C56500EBA899 /* Debug */,
				41154A362247C56500EBA899 /* Release */,
			);
			defaultConfigurationIsVisible = 0;
			defaultConfigurationName = Release;
		};
		41154A372247C56500EBA899 /* Build configuration list for PBXNativeTarget "StrangeAcquaintancesUITests" */ = {
			isa = XCConfigurationList;
			buildConfigurations = (
				41154A382247C56500EBA899 /* Debug */,
				41154A392247C56500EBA899 /* Release */,
			);
			defaultConfigurationIsVisible = 0;
			defaultConfigurationName = Release;
		};
/* End XCConfigurationList section */
	};
	rootObject = 411549FD2247C56000EBA899 /* Project object */;
}
